// !$*UTF8*$!
{
	archiveVersion = 1;
	classes = {
	};
	objectVersion = 46;
	objects = {

/* Begin PBXBuildFile section */
		0A54531713C7FCA5008809A3 /* CreateImageViewController.m in Sources */ = {isa = PBXBuildFile; fileRef = 0A54531613C7FCA5008809A3 /* CreateImageViewController.m */; };
		0A54532013C802F0008809A3 /* MessageUI.framework in Frameworks */ = {isa = PBXBuildFile; fileRef = 0A54531F13C802F0008809A3 /* MessageUI.framework */; };
		0AF88C0813C400AF00F08491 /* UIKit.framework in Frameworks */ = {isa = PBXBuildFile; fileRef = 0AF88C0713C400AF00F08491 /* UIKit.framework */; };
		0AF88C0A13C400AF00F08491 /* Foundation.framework in Frameworks */ = {isa = PBXBuildFile; fileRef = 0AF88C0913C400AF00F08491 /* Foundation.framework */; };
		0AF88C0C13C400AF00F08491 /* CoreGraphics.framework in Frameworks */ = {isa = PBXBuildFile; fileRef = 0AF88C0B13C400AF00F08491 /* CoreGraphics.framework */; };
		0AF88C1213C400AF00F08491 /* InfoPlist.strings in Resources */ = {isa = PBXBuildFile; fileRef = 0AF88C1013C400AF00F08491 /* InfoPlist.strings */; };
		0AF88C1513C400AF00F08491 /* main.m in Sources */ = {isa = PBXBuildFile; fileRef = 0AF88C1413C400AF00F08491 /* main.m */; };
		0AF88C1813C400AF00F08491 /* FontTestAppDelegate.m in Sources */ = {isa = PBXBuildFile; fileRef = 0AF88C1713C400AF00F08491 /* FontTestAppDelegate.m */; };
		0AF88C2313C400E000F08491 /* TGLight.otf in Resources */ = {isa = PBXBuildFile; fileRef = 0AF88C2113C400E000F08491 /* TGLight.otf */; };
		0AF88C2413C400E000F08491 /* TitlingGothicFBComp-Reg.otf in Resources */ = {isa = PBXBuildFile; fileRef = 0AF88C2213C400E000F08491 /* TitlingGothicFBComp-Reg.otf */; };
		0AF88C2613C4010400F08491 /* TitlingGothicFBComp-Light.otf in Resources */ = {isa = PBXBuildFile; fileRef = 0AF88C2513C4010400F08491 /* TitlingGothicFBComp-Light.otf */; };
		0AF88C3113C4019C00F08491 /* FontsViewController.m in Sources */ = {isa = PBXBuildFile; fileRef = 0AF88C3013C4019C00F08491 /* FontsViewController.m */; };
/* End PBXBuildFile section */

/* Begin PBXFileReference section */
		0A54531513C7FCA5008809A3 /* CreateImageViewController.h */ = {isa = PBXFileReference; fileEncoding = 4; lastKnownFileType = sourcecode.c.h; path = CreateImageViewController.h; sourceTree = "<group>"; };
		0A54531613C7FCA5008809A3 /* CreateImageViewController.m */ = {isa = PBXFileReference; fileEncoding = 4; lastKnownFileType = sourcecode.c.objc; path = CreateImageViewController.m; sourceTree = "<group>"; };
		0A54531F13C802F0008809A3 /* MessageUI.framework */ = {isa = PBXFileReference; lastKnownFileType = wrapper.framework; name = MessageUI.framework; path = System/Library/Frameworks/MessageUI.framework; sourceTree = SDKROOT; };
		0AF88C0313C400AF00F08491 /* FontTest.app */ = {isa = PBXFileReference; explicitFileType = wrapper.application; includeInIndex = 0; path = FontTest.app; sourceTree = BUILT_PRODUCTS_DIR; };
		0AF88C0713C400AF00F08491 /* UIKit.framework */ = {isa = PBXFileReference; lastKnownFileType = wrapper.framework; name = UIKit.framework; path = System/Library/Frameworks/UIKit.framework; sourceTree = SDKROOT; };
		0AF88C0913C400AF00F08491 /* Foundation.framework */ = {isa = PBXFileReference; lastKnownFileType = wrapper.framework; name = Foundation.framework; path = System/Library/Frameworks/Foundation.framework; sourceTree = SDKROOT; };
		0AF88C0B13C400AF00F08491 /* CoreGraphics.framework */ = {isa = PBXFileReference; lastKnownFileType = wrapper.framework; name = CoreGraphics.framework; path = System/Library/Frameworks/CoreGraphics.framework; sourceTree = SDKROOT; };
		0AF88C0F13C400AF00F08491 /* FontTest-Info.plist */ = {isa = PBXFileReference; lastKnownFileType = text.plist.xml; path = "FontTest-Info.plist"; sourceTree = "<group>"; };
		0AF88C1113C400AF00F08491 /* en */ = {isa = PBXFileReference; lastKnownFileType = text.plist.strings; name = en; path = en.lproj/InfoPlist.strings; sourceTree = "<group>"; };
		0AF88C1313C400AF00F08491 /* FontTest-Prefix.pch */ = {isa = PBXFileReference; lastKnownFileType = sourcecode.c.h; path = "FontTest-Prefix.pch"; sourceTree = "<group>"; };
		0AF88C1413C400AF00F08491 /* main.m */ = {isa = PBXFileReference; lastKnownFileType = sourcecode.c.objc; path = main.m; sourceTree = "<group>"; };
		0AF88C1613C400AF00F08491 /* FontTestAppDelegate.h */ = {isa = PBXFileReference; lastKnownFileType = sourcecode.c.h; path = FontTestAppDelegate.h; sourceTree = "<group>"; };
		0AF88C1713C400AF00F08491 /* FontTestAppDelegate.m */ = {isa = PBXFileReference; lastKnownFileType = sourcecode.c.objc; path = FontTestAppDelegate.m; sourceTree = "<group>"; };
		0AF88C2113C400E000F08491 /* TGLight.otf */ = {isa = PBXFileReference; lastKnownFileType = file; path = TGLight.otf; sourceTree = "<group>"; };
		0AF88C2213C400E000F08491 /* TitlingGothicFBComp-Reg.otf */ = {isa = PBXFileReference; lastKnownFileType = file; path = "TitlingGothicFBComp-Reg.otf"; sourceTree = "<group>"; };
		0AF88C2513C4010400F08491 /* TitlingGothicFBComp-Light.otf */ = {isa = PBXFileReference; lastKnownFileType = file; path = "TitlingGothicFBComp-Light.otf"; sourceTree = "<group>"; };
		0AF88C2F13C4019C00F08491 /* FontsViewController.h */ = {isa = PBXFileReference; fileEncoding = 4; lastKnownFileType = sourcecode.c.h; path = FontsViewController.h; sourceTree = "<group>"; };
		0AF88C3013C4019C00F08491 /* FontsViewController.m */ = {isa = PBXFileReference; fileEncoding = 4; lastKnownFileType = sourcecode.c.objc; path = FontsViewController.m; sourceTree = "<group>"; };
/* End PBXFileReference section */

/* Begin PBXFrameworksBuildPhase section */
		0AF88C0013C400AF00F08491 /* Frameworks */ = {
			isa = PBXFrameworksBuildPhase;
			buildActionMask = 2147483647;
			files = (
				0A54532013C802F0008809A3 /* MessageUI.framework in Frameworks */,
				0AF88C0813C400AF00F08491 /* UIKit.framework in Frameworks */,
				0AF88C0A13C400AF00F08491 /* Foundation.framework in Frameworks */,
				0AF88C0C13C400AF00F08491 /* CoreGraphics.framework in Frameworks */,
			);
			runOnlyForDeploymentPostprocessing = 0;
		};
/* End PBXFrameworksBuildPhase section */

/* Begin PBXGroup section */
		0AF88BF813C400AF00F08491 = {
			isa = PBXGroup;
			children = (
				0AF88C0D13C400AF00F08491 /* FontTest */,
				0AF88C0613C400AF00F08491 /* Frameworks */,
				0AF88C0413C400AF00F08491 /* Products */,
			);
			sourceTree = "<group>";
		};
		0AF88C0413C400AF00F08491 /* Products */ = {
			isa = PBXGroup;
			children = (
				0AF88C0313C400AF00F08491 /* FontTest.app */,
			);
			name = Products;
			sourceTree = "<group>";
		};
		0AF88C0613C400AF00F08491 /* Frameworks */ = {
			isa = PBXGroup;
			children = (
				0A54531F13C802F0008809A3 /* MessageUI.framework */,
				0AF88C0713C400AF00F08491 /* UIKit.framework */,
				0AF88C0913C400AF00F08491 /* Foundation.framework */,
				0AF88C0B13C400AF00F08491 /* CoreGraphics.framework */,
			);
			name = Frameworks;
			sourceTree = "<group>";
		};
		0AF88C0D13C400AF00F08491 /* FontTest */ = {
			isa = PBXGroup;
			children = (
				0AF88C1613C400AF00F08491 /* FontTestAppDelegate.h */,
				0AF88C1713C400AF00F08491 /* FontTestAppDelegate.m */,
				0AF88C2F13C4019C00F08491 /* FontsViewController.h */,
				0AF88C3013C4019C00F08491 /* FontsViewController.m */,
				0A54531513C7FCA5008809A3 /* CreateImageViewController.h */,
				0A54531613C7FCA5008809A3 /* CreateImageViewController.m */,
				0AF88C0E13C400AF00F08491 /* Supporting Files */,
			);
			path = FontTest;
			sourceTree = "<group>";
		};
		0AF88C0E13C400AF00F08491 /* Supporting Files */ = {
			isa = PBXGroup;
			children = (
				0AF88C0F13C400AF00F08491 /* FontTest-Info.plist */,
				0AF88C1013C400AF00F08491 /* InfoPlist.strings */,
				0AF88C1313C400AF00F08491 /* FontTest-Prefix.pch */,
				0AF88C1413C400AF00F08491 /* main.m */,
				0AF88C2113C400E000F08491 /* TGLight.otf */,
				0AF88C2513C4010400F08491 /* TitlingGothicFBComp-Light.otf */,
				0AF88C2213C400E000F08491 /* TitlingGothicFBComp-Reg.otf */,
			);
			name = "Supporting Files";
			sourceTree = "<group>";
		};
/* End PBXGroup section */

/* Begin PBXNativeTarget section */
		0AF88C0213C400AF00F08491 /* FontTest */ = {
			isa = PBXNativeTarget;
			buildConfigurationList = 0AF88C1E13C400AF00F08491 /* Build configuration list for PBXNativeTarget "FontTest" */;
			buildPhases = (
				0AF88BFF13C400AF00F08491 /* Sources */,
				0AF88C0013C400AF00F08491 /* Frameworks */,
				0AF88C0113C400AF00F08491 /* Resources */,
			);
			buildRules = (
			);
			dependencies = (
			);
			name = FontTest;
			productName = FontTest;
			productReference = 0AF88C0313C400AF00F08491 /* FontTest.app */;
			productType = "com.apple.product-type.application";
		};
/* End PBXNativeTarget section */

/* Begin PBXProject section */
		0AF88BFA13C400AF00F08491 /* Project object */ = {
			isa = PBXProject;
			buildConfigurationList = 0AF88BFD13C400AF00F08491 /* Build configuration list for PBXProject "FontTest" */;
			compatibilityVersion = "Xcode 3.2";
			developmentRegion = English;
			hasScannedForEncodings = 0;
			knownRegions = (
				en,
			);
			mainGroup = 0AF88BF813C400AF00F08491;
			productRefGroup = 0AF88C0413C400AF00F08491 /* Products */;
			projectDirPath = "";
			projectRoot = "";
			targets = (
				0AF88C0213C400AF00F08491 /* FontTest */,
			);
		};
/* End PBXProject section */

/* Begin PBXResourcesBuildPhase section */
		0AF88C0113C400AF00F08491 /* Resources */ = {
			isa = PBXResourcesBuildPhase;
			buildActionMask = 2147483647;
			files = (
				0AF88C1213C400AF00F08491 /* InfoPlist.strings in Resources */,
				0AF88C2313C400E000F08491 /* TGLight.otf in Resources */,
				0AF88C2413C400E000F08491 /* TitlingGothicFBComp-Reg.otf in Resources */,
				0AF88C2613C4010400F08491 /* TitlingGothicFBComp-Light.otf in Resources */,
			);
			runOnlyForDeploymentPostprocessing = 0;
		};
/* End PBXResourcesBuildPhase section */

/* Begin PBXSourcesBuildPhase section */
		0AF88BFF13C400AF00F08491 /* Sources */ = {
			isa = PBXSourcesBuildPhase;
			buildActionMask = 2147483647;
			files = (
				0AF88C1513C400AF00F08491 /* main.m in Sources */,
				0AF88C1813C400AF00F08491 /* FontTestAppDelegate.m in Sources */,
				0AF88C3113C4019C00F08491 /* FontsViewController.m in Sources */,
				0A54531713C7FCA5008809A3 /* CreateImageViewController.m in Sources */,
			);
			runOnlyForDeploymentPostprocessing = 0;
		};
/* End PBXSourcesBuildPhase section */

/* Begin PBXVariantGroup section */
		0AF88C1013C400AF00F08491 /* InfoPlist.strings */ = {
			isa = PBXVariantGroup;
			children = (
				0AF88C1113C400AF00F08491 /* en */,
			);
			name = InfoPlist.strings;
			sourceTree = "<group>";
		};
/* End PBXVariantGroup section */

/* Begin XCBuildConfiguration section */
		0AF88C1C13C400AF00F08491 /* Debug */ = {
			isa = XCBuildConfiguration;
			buildSettings = {
				ARCHS = "$(ARCHS_STANDARD_32_BIT)";
				"CODE_SIGN_IDENTITY[sdk=iphoneos*]" = "iPhone Developer";
				GCC_C_LANGUAGE_STANDARD = gnu99;
				GCC_OPTIMIZATION_LEVEL = 0;
				GCC_PREPROCESSOR_DEFINITIONS = DEBUG;
				GCC_SYMBOLS_PRIVATE_EXTERN = NO;
				GCC_VERSION = com.apple.compilers.llvmgcc42;
				GCC_WARN_ABOUT_RETURN_TYPE = YES;
				GCC_WARN_UNUSED_VARIABLE = YES;
				IPHONEOS_DEPLOYMENT_TARGET = 4.3;
				SDKROOT = iphoneos;
			};
			name = Debug;
		};
		0AF88C1D13C400AF00F08491 /* Release */ = {
			isa = XCBuildConfiguration;
			buildSettings = {
				ARCHS = "$(ARCHS_STANDARD_32_BIT)";
				"CODE_SIGN_IDENTITY[sdk=iphoneos*]" = "iPhone Developer";
				GCC_C_LANGUAGE_STANDARD = gnu99;
				GCC_VERSION = com.apple.compilers.llvmgcc42;
				GCC_WARN_ABOUT_RETURN_TYPE = YES;
				GCC_WARN_UNUSED_VARIABLE = YES;
				IPHONEOS_DEPLOYMENT_TARGET = 4.3;
				OTHER_CFLAGS = "-DNS_BLOCK_ASSERTIONS=1";
				SDKROOT = iphoneos;
			};
			name = Release;
		};
		0AF88C1F13C400AF00F08491 /* Debug */ = {
			isa = XCBuildConfiguration;
			buildSettings = {
				ALWAYS_SEARCH_USER_PATHS = NO;
				COPY_PHASE_STRIP = NO;
				GCC_DYNAMIC_NO_PIC = NO;
				GCC_PRECOMPILE_PREFIX_HEADER = YES;
				GCC_PREFIX_HEADER = "FontTest/FontTest-Prefix.pch";
				INFOPLIST_FILE = "FontTest/FontTest-Info.plist";
				PRODUCT_NAME = "$(TARGET_NAME)";
				WRAPPER_EXTENSION = app;
			};
			name = Debug;
		};
		0AF88C2013C400AF00F08491 /* Release */ = {
			isa = XCBuildConfiguration;
			buildSettings = {
				ALWAYS_SEARCH_USER_PATHS = NO;
				COPY_PHASE_STRIP = YES;
				GCC_PRECOMPILE_PREFIX_HEADER = YES;
				GCC_PREFIX_HEADER = "FontTest/FontTest-Prefix.pch";
				INFOPLIST_FILE = "FontTest/FontTest-Info.plist";
				PRODUCT_NAME = "$(TARGET_NAME)";
				VALIDATE_PRODUCT = YES;
				WRAPPER_EXTENSION = app;
			};
			name = Release;
		};
/* End XCBuildConfiguration section */

/* Begin XCConfigurationList section */
		0AF88BFD13C400AF00F08491 /* Build configuration list for PBXProject "FontTest" */ = {
			isa = XCConfigurationList;
			buildConfigurations = (
				0AF88C1C13C400AF00F08491 /* Debug */,
				0AF88C1D13C400AF00F08491 /* Release */,
			);
			defaultConfigurationIsVisible = 0;
			defaultConfigurationName = Release;
		};
		0AF88C1E13C400AF00F08491 /* Build configuration list for PBXNativeTarget "FontTest" */ = {
			isa = XCConfigurationList;
			buildConfigurations = (
				0AF88C1F13C400AF00F08491 /* Debug */,
				0AF88C2013C400AF00F08491 /* Release */,
			);
			defaultConfigurationIsVisible = 0;
			defaultConfigurationName = Release;
		};
/* End XCConfigurationList section */
	};
	rootObject = 0AF88BFA13C400AF00F08491 /* Project object */;
}
