// !$*UTF8*$!
{
	archiveVersion = 1;
	classes = {
	};
	objectVersion = 46;
	objects = {

/* Begin PBXBuildFile section */
		7E099EEB13DE23790016B9A9 /* done_button_bg@2x.png in Resources */ = {isa = PBXBuildFile; fileRef = 7E099EEA13DE23790016B9A9 /* done_button_bg@2x.png */; };
		7E1D92DC13D5F5C50022412D /* User.m in Sources */ = {isa = PBXBuildFile; fileRef = 7E1D92DB13D5F5C40022412D /* User.m */; };
		7E1D92EA13D632DE0022412D /* stamp_shape_textured@2x.png in Resources */ = {isa = PBXBuildFile; fileRef = 7E1D92E913D632DE0022412D /* stamp_shape_textured@2x.png */; };
		7E22679913D4D90F00657A66 /* AccountManager.m in Sources */ = {isa = PBXBuildFile; fileRef = 7E22679813D4D90F00657A66 /* AccountManager.m */; };
		7E22679D13D4E96A00657A66 /* stamp_detail_ripple_bottom@2x.png in Resources */ = {isa = PBXBuildFile; fileRef = 7E22679B13D4E96A00657A66 /* stamp_detail_ripple_bottom@2x.png */; };
		7E22679E13D4E96A00657A66 /* stamp_detail_ripple_top@2x.png in Resources */ = {isa = PBXBuildFile; fileRef = 7E22679C13D4E96A00657A66 /* stamp_detail_ripple_top@2x.png */; };
		7E2267D413D501CB00657A66 /* StampedModel.xcdatamodeld in Sources */ = {isa = PBXBuildFile; fileRef = 7E2267D213D501CB00657A66 /* StampedModel.xcdatamodeld */; };
		7E22D6AF13DDA34100C4005E /* CreateStampDetailViewController.m in Sources */ = {isa = PBXBuildFile; fileRef = 7E22D6AD13DDA34100C4005E /* CreateStampDetailViewController.m */; };
		7E22D6B013DDA34100C4005E /* CreateStampDetailViewController.xib in Resources */ = {isa = PBXBuildFile; fileRef = 7E22D6AE13DDA34100C4005E /* CreateStampDetailViewController.xib */; };
		7E22D6B613DDDA8500C4005E /* back_button@2x.png in Resources */ = {isa = PBXBuildFile; fileRef = 7E22D6B513DDDA8500C4005E /* back_button@2x.png */; };
		7E22D6B813DDDAA400C4005E /* new_stamp_copy@2x.png in Resources */ = {isa = PBXBuildFile; fileRef = 7E22D6B713DDDAA400C4005E /* new_stamp_copy@2x.png */; };
		7E22D6BA13DDDCE700C4005E /* back_button_pressed@2x.png in Resources */ = {isa = PBXBuildFile; fileRef = 7E22D6B913DDDCE700C4005E /* back_button_pressed@2x.png */; };
		7E2BEBEF13D7757300A116D2 /* ImageToDataTransformer.m in Sources */ = {isa = PBXBuildFile; fileRef = 7E2BEBEE13D7757300A116D2 /* ImageToDataTransformer.m */; };
		7E2CECEC13C795840068D576 /* stamp@2x.png in Resources */ = {isa = PBXBuildFile; fileRef = 7E2CECEB13C795840068D576 /* stamp@2x.png */; };
		7E2CECF113C79C530068D576 /* must_do@2x.png in Resources */ = {isa = PBXBuildFile; fileRef = 7E2CECEE13C79C530068D576 /* must_do@2x.png */; };
		7E2CECF213C79C530068D576 /* comment@2x.png in Resources */ = {isa = PBXBuildFile; fileRef = 7E2CECEF13C79C530068D576 /* comment@2x.png */; };
		7E2CECF313C79C530068D576 /* share@2x.png in Resources */ = {isa = PBXBuildFile; fileRef = 7E2CECF013C79C530068D576 /* share@2x.png */; };
		7E2CED0013C7A1250068D576 /* sort_icon_book_0@2x.png in Resources */ = {isa = PBXBuildFile; fileRef = 7E2CECF413C7A1250068D576 /* sort_icon_book_0@2x.png */; };
		7E2CED0113C7A1250068D576 /* sort_icon_book_1@2x.png in Resources */ = {isa = PBXBuildFile; fileRef = 7E2CECF513C7A1250068D576 /* sort_icon_book_1@2x.png */; };
		7E2CED0213C7A1250068D576 /* sort_icon_film_0@2x.png in Resources */ = {isa = PBXBuildFile; fileRef = 7E2CECF613C7A1250068D576 /* sort_icon_film_0@2x.png */; };
		7E2CED0313C7A1250068D576 /* sort_icon_film_1@2x.png in Resources */ = {isa = PBXBuildFile; fileRef = 7E2CECF713C7A1250068D576 /* sort_icon_film_1@2x.png */; };
		7E2CED0413C7A1250068D576 /* sort_icon_more_0@2x.png in Resources */ = {isa = PBXBuildFile; fileRef = 7E2CECF813C7A1250068D576 /* sort_icon_more_0@2x.png */; };
		7E2CED0513C7A1250068D576 /* sort_icon_more_1@2x.png in Resources */ = {isa = PBXBuildFile; fileRef = 7E2CECF913C7A1250068D576 /* sort_icon_more_1@2x.png */; };
		7E2CED0613C7A1250068D576 /* sort_icon_music_0@2x.png in Resources */ = {isa = PBXBuildFile; fileRef = 7E2CECFA13C7A1250068D576 /* sort_icon_music_0@2x.png */; };
		7E2CED0713C7A1250068D576 /* sort_icon_music_1@2x.png in Resources */ = {isa = PBXBuildFile; fileRef = 7E2CECFB13C7A1250068D576 /* sort_icon_music_1@2x.png */; };
		7E2CED0813C7A1250068D576 /* sort_icon_place_0@2x.png in Resources */ = {isa = PBXBuildFile; fileRef = 7E2CECFC13C7A1250068D576 /* sort_icon_place_0@2x.png */; };
		7E2CED0913C7A1250068D576 /* sort_icon_place_1@2x.png in Resources */ = {isa = PBXBuildFile; fileRef = 7E2CECFD13C7A1250068D576 /* sort_icon_place_1@2x.png */; };
		7E2CED0A13C7A1250068D576 /* sort_icon_search_0@2x.png in Resources */ = {isa = PBXBuildFile; fileRef = 7E2CECFE13C7A1250068D576 /* sort_icon_search_0@2x.png */; };
		7E2CED0B13C7A1250068D576 /* sort_icon_search_1@2x.png in Resources */ = {isa = PBXBuildFile; fileRef = 7E2CECFF13C7A1250068D576 /* sort_icon_search_1@2x.png */; };
		7E2CED1113C7A2F30068D576 /* cat_icon_book@2x.png in Resources */ = {isa = PBXBuildFile; fileRef = 7E2CED0D13C7A2F30068D576 /* cat_icon_book@2x.png */; };
		7E2CED1213C7A2F30068D576 /* cat_icon_film@2x.png in Resources */ = {isa = PBXBuildFile; fileRef = 7E2CED0E13C7A2F30068D576 /* cat_icon_film@2x.png */; };
		7E2CED1313C7A2F30068D576 /* cat_icon_music@2x.png in Resources */ = {isa = PBXBuildFile; fileRef = 7E2CED0F13C7A2F30068D576 /* cat_icon_music@2x.png */; };
		7E2CED1413C7A2F30068D576 /* cat_icon_place@2x.png in Resources */ = {isa = PBXBuildFile; fileRef = 7E2CED1013C7A2F30068D576 /* cat_icon_place@2x.png */; };
		7E35A72113DB847F008F856F /* cancel_pressed_background@2x.png in Resources */ = {isa = PBXBuildFile; fileRef = 7E35A72013DB847F008F856F /* cancel_pressed_background@2x.png */; };
		7E35A72513DB8647008F856F /* cancel_background@2x.png in Resources */ = {isa = PBXBuildFile; fileRef = 7E35A72413DB8647008F856F /* cancel_background@2x.png */; };
		7E35A72913DB895D008F856F /* search_field_background@2x.png in Resources */ = {isa = PBXBuildFile; fileRef = 7E35A72813DB895D008F856F /* search_field_background@2x.png */; };
		7E35A72B13DB9267008F856F /* search_icon@2x.png in Resources */ = {isa = PBXBuildFile; fileRef = 7E35A72A13DB9267008F856F /* search_icon@2x.png */; };
		7E35A72E13DB9CEA008F856F /* CreateStampTableViewCell.m in Sources */ = {isa = PBXBuildFile; fileRef = 7E35A72D13DB9CEA008F856F /* CreateStampTableViewCell.m */; };
		7E3B6D7A13D7509600FBE958 /* Util.m in Sources */ = {isa = PBXBuildFile; fileRef = 7E3B6D7913D7509600FBE958 /* Util.m */; };
		7E42DCBC13DB64CA00AF63BE /* CreateStampViewController.m in Sources */ = {isa = PBXBuildFile; fileRef = 7E42DCBA13DB64CA00AF63BE /* CreateStampViewController.m */; };
		7E42DCBD13DB64CA00AF63BE /* CreateStampViewController.xib in Resources */ = {isa = PBXBuildFile; fileRef = 7E42DCBB13DB64CA00AF63BE /* CreateStampViewController.xib */; };
		7E42DCC813DB72B300AF63BE /* shelf_background@2x.png in Resources */ = {isa = PBXBuildFile; fileRef = 7E42DCC713DB72B300AF63BE /* shelf_background@2x.png */; };
		7E512FC613D9F3B400547A20 /* STBadgeView.m in Sources */ = {isa = PBXBuildFile; fileRef = 7E512FC513D9F3B400547A20 /* STBadgeView.m */; };
		7E514A8A13C9735800EEC598 /* book_detail_fillter@2x.png in Resources */ = {isa = PBXBuildFile; fileRef = 7E514A8913C9735800EEC598 /* book_detail_fillter@2x.png */; };
		7E514A8D13C977E800EEC598 /* place_detail_filler@2x.png in Resources */ = {isa = PBXBuildFile; fileRef = 7E514A8C13C977E800EEC598 /* place_detail_filler@2x.png */; };
		7E514A9913C97A9700EEC598 /* MusicDetailViewController.m in Sources */ = {isa = PBXBuildFile; fileRef = 7E514A9713C97A9700EEC598 /* MusicDetailViewController.m */; };
		7E514A9A13C97A9700EEC598 /* MusicDetailViewController.xib in Resources */ = {isa = PBXBuildFile; fileRef = 7E514A9813C97A9700EEC598 /* MusicDetailViewController.xib */; };
		7E514A9D13C97E8000EEC598 /* music_detail_filler@2x.png in Resources */ = {isa = PBXBuildFile; fileRef = 7E514A9C13C97E8000EEC598 /* music_detail_filler@2x.png */; };
		7E514AA713C9827000EEC598 /* FilmDetailViewController.m in Sources */ = {isa = PBXBuildFile; fileRef = 7E514AA513C9827000EEC598 /* FilmDetailViewController.m */; };
		7E514AA813C9827000EEC598 /* FilmDetailViewController.xib in Resources */ = {isa = PBXBuildFile; fileRef = 7E514AA613C9827000EEC598 /* FilmDetailViewController.xib */; };
		7E514AAA13C9851800EEC598 /* film_detail_filler@2x.png in Resources */ = {isa = PBXBuildFile; fileRef = 7E514AA913C9851800EEC598 /* film_detail_filler@2x.png */; };
		7E5DF6CC13DA0D2A00B63039 /* badge_background@2x.png in Resources */ = {isa = PBXBuildFile; fileRef = 7E5DF6CB13DA0D2A00B63039 /* badge_background@2x.png */; };
		7E5FEED913D0C497008BCA48 /* nav_bar_ripple@2x.png in Resources */ = {isa = PBXBuildFile; fileRef = 7E5FEED713D0C497008BCA48 /* nav_bar_ripple@2x.png */; };
		7E668C2913D8B27C00E79E14 /* StampDetailCommentView.m in Sources */ = {isa = PBXBuildFile; fileRef = 7E668C2813D8B27C00E79E14 /* StampDetailCommentView.m */; };
		7E76129713C930F50023CCC4 /* PlaceDetailViewController.m in Sources */ = {isa = PBXBuildFile; fileRef = 7E76129513C930F50023CCC4 /* PlaceDetailViewController.m */; };
		7E76129813C930F50023CCC4 /* PlaceDetailViewController.xib in Resources */ = {isa = PBXBuildFile; fileRef = 7E76129613C930F50023CCC4 /* PlaceDetailViewController.xib */; };
		7E76129A13C9344D0023CCC4 /* cat_icon_app@2x.png in Resources */ = {isa = PBXBuildFile; fileRef = 7E76129913C9344D0023CCC4 /* cat_icon_app@2x.png */; };
		7E76129C13C938DE0023CCC4 /* main_action_button_bg@2x.png in Resources */ = {isa = PBXBuildFile; fileRef = 7E76129B13C938DE0023CCC4 /* main_action_button_bg@2x.png */; };
		7E76129E13C93F1D0023CCC4 /* call_action_button_bg@2x.png in Resources */ = {isa = PBXBuildFile; fileRef = 7E76129D13C93F1D0023CCC4 /* call_action_button_bg@2x.png */; };
		7E7612A413C940970023CCC4 /* logo_amazon@2x.png in Resources */ = {isa = PBXBuildFile; fileRef = 7E7612A013C940970023CCC4 /* logo_amazon@2x.png */; };
		7E7612A513C940970023CCC4 /* logo_fandango@2x.png in Resources */ = {isa = PBXBuildFile; fileRef = 7E7612A113C940970023CCC4 /* logo_fandango@2x.png */; };
		7E7612A613C940970023CCC4 /* logo_itunes@2x.png in Resources */ = {isa = PBXBuildFile; fileRef = 7E7612A213C940970023CCC4 /* logo_itunes@2x.png */; };
		7E7612A713C940970023CCC4 /* logo_opentable@2x.png in Resources */ = {isa = PBXBuildFile; fileRef = 7E7612A313C940970023CCC4 /* logo_opentable@2x.png */; };
		7E7612A913C943E30023CCC4 /* MapKit.framework in Frameworks */ = {isa = PBXBuildFile; fileRef = 7E7612A813C943E30023CCC4 /* MapKit.framework */; };
		7E7612AD13C94D7E0023CCC4 /* CoreLocation.framework in Frameworks */ = {isa = PBXBuildFile; fileRef = 7E7612AC13C94D7E0023CCC4 /* CoreLocation.framework */; };
		7E7612B813C95C5B0023CCC4 /* map_inner_shadow@2x.png in Resources */ = {isa = PBXBuildFile; fileRef = 7E7612B713C95C5B0023CCC4 /* map_inner_shadow@2x.png */; };
		7E7612C013C96B380023CCC4 /* BookDetailViewController.m in Sources */ = {isa = PBXBuildFile; fileRef = 7E7612BE13C96B380023CCC4 /* BookDetailViewController.m */; };
		7E7612C113C96B380023CCC4 /* BookDetailViewController.xib in Resources */ = {isa = PBXBuildFile; fileRef = 7E7612BF13C96B380023CCC4 /* BookDetailViewController.xib */; };
		7E7E109D13DF0D9100E44DE1 /* nav_bar_no_logo@2x.png in Resources */ = {isa = PBXBuildFile; fileRef = 7E7E109B13DF0D9100E44DE1 /* nav_bar_no_logo@2x.png */; };
		7E7E109E13DF0D9100E44DE1 /* nav_bar@2x.png in Resources */ = {isa = PBXBuildFile; fileRef = 7E7E109C13DF0D9100E44DE1 /* nav_bar@2x.png */; };
		7E7E10A013DF0FF300E44DE1 /* toolbar_todo@2x.png in Resources */ = {isa = PBXBuildFile; fileRef = 7E7E109F13DF0FF300E44DE1 /* toolbar_todo@2x.png */; };
		7E7E10A313DF14C900E44DE1 /* photo_icon@2x.png in Resources */ = {isa = PBXBuildFile; fileRef = 7E7E10A113DF14C900E44DE1 /* photo_icon@2x.png */; };
		7E7E10A413DF14C900E44DE1 /* credit_icon@2x.png in Resources */ = {isa = PBXBuildFile; fileRef = 7E7E10A213DF14C900E44DE1 /* credit_icon@2x.png */; };
		7E7E10A713DF14D100E44DE1 /* toolbar_checkmark@2x.png in Resources */ = {isa = PBXBuildFile; fileRef = 7E7E10A513DF14D100E44DE1 /* toolbar_checkmark@2x.png */; };
		7E7E10A813DF14D100E44DE1 /* toolbar_close@2x.png in Resources */ = {isa = PBXBuildFile; fileRef = 7E7E10A613DF14D100E44DE1 /* toolbar_close@2x.png */; };
		7E9EE35313DF683500F4736F /* Stamp.m in Sources */ = {isa = PBXBuildFile; fileRef = 7E9EE35213DF683500F4736F /* Stamp.m */; };
		7EAC166F13C547B6009A600A /* app_launcher_icon@2x.png in Resources */ = {isa = PBXBuildFile; fileRef = 7EAC166E13C547B6009A600A /* app_launcher_icon@2x.png */; };
		7EBCBE8713D78896009FCECF /* Comment.m in Sources */ = {isa = PBXBuildFile; fileRef = 7EBCBE8613D78896009FCECF /* Comment.m */; };
		7EBE8E2713DEFAD200D36E50 /* disclosure_arrow@2x.png in Resources */ = {isa = PBXBuildFile; fileRef = 7EBE8E2613DEFAD200D36E50 /* disclosure_arrow@2x.png */; };
		7EC0177613C3754300ABE6E2 /* UIKit.framework in Frameworks */ = {isa = PBXBuildFile; fileRef = 7EC0177513C3754300ABE6E2 /* UIKit.framework */; };
		7EC0177813C3754300ABE6E2 /* Foundation.framework in Frameworks */ = {isa = PBXBuildFile; fileRef = 7EC0177713C3754300ABE6E2 /* Foundation.framework */; };
		7EC0177A13C3754300ABE6E2 /* CoreGraphics.framework in Frameworks */ = {isa = PBXBuildFile; fileRef = 7EC0177913C3754300ABE6E2 /* CoreGraphics.framework */; };
		7EC0178013C3754300ABE6E2 /* InfoPlist.strings in Resources */ = {isa = PBXBuildFile; fileRef = 7EC0177E13C3754300ABE6E2 /* InfoPlist.strings */; };
		7EC0178313C3754300ABE6E2 /* main.m in Sources */ = {isa = PBXBuildFile; fileRef = 7EC0178213C3754300ABE6E2 /* main.m */; };
		7EC0178613C3754300ABE6E2 /* StampedAppDelegate.m in Sources */ = {isa = PBXBuildFile; fileRef = 7EC0178513C3754300ABE6E2 /* StampedAppDelegate.m */; };
		7EC0178913C3754300ABE6E2 /* MainWindow.xib in Resources */ = {isa = PBXBuildFile; fileRef = 7EC0178713C3754300ABE6E2 /* MainWindow.xib */; };
		7EC0178F13C3754300ABE6E2 /* ActivityViewController.m in Sources */ = {isa = PBXBuildFile; fileRef = 7EC0178E13C3754300ABE6E2 /* ActivityViewController.m */; };
		7EC0179513C3754300ABE6E2 /* ActivityViewController.xib in Resources */ = {isa = PBXBuildFile; fileRef = 7EC0179313C3754300ABE6E2 /* ActivityViewController.xib */; };
		7EC0179C13C3754300ABE6E2 /* UIKit.framework in Frameworks */ = {isa = PBXBuildFile; fileRef = 7EC0177513C3754300ABE6E2 /* UIKit.framework */; };
		7EC0179D13C3754300ABE6E2 /* Foundation.framework in Frameworks */ = {isa = PBXBuildFile; fileRef = 7EC0177713C3754300ABE6E2 /* Foundation.framework */; };
		7EC0179E13C3754300ABE6E2 /* CoreGraphics.framework in Frameworks */ = {isa = PBXBuildFile; fileRef = 7EC0177913C3754300ABE6E2 /* CoreGraphics.framework */; };
		7EC017A613C3754400ABE6E2 /* InfoPlist.strings in Resources */ = {isa = PBXBuildFile; fileRef = 7EC017A413C3754300ABE6E2 /* InfoPlist.strings */; };
		7EC017A913C3754400ABE6E2 /* StampedTests.h in Resources */ = {isa = PBXBuildFile; fileRef = 7EC017A813C3754400ABE6E2 /* StampedTests.h */; };
		7EC017AB13C3754400ABE6E2 /* StampedTests.m in Sources */ = {isa = PBXBuildFile; fileRef = 7EC017AA13C3754400ABE6E2 /* StampedTests.m */; };
		7ED2EF5E13E0DAFD007F1AFB /* activity_dummy@2x.png in Resources */ = {isa = PBXBuildFile; fileRef = 7ED2EF5D13E0DAFD007F1AFB /* activity_dummy@2x.png */; };
		7ED2EF6313E0DC2F007F1AFB /* TodoViewController.m in Sources */ = {isa = PBXBuildFile; fileRef = 7ED2EF6113E0DC2F007F1AFB /* TodoViewController.m */; };
		7ED2EF6413E0DC2F007F1AFB /* TodoViewController.xib in Resources */ = {isa = PBXBuildFile; fileRef = 7ED2EF6213E0DC2F007F1AFB /* TodoViewController.xib */; };
		7ED2EF6613E0DCC7007F1AFB /* todo_dummy@2x.png in Resources */ = {isa = PBXBuildFile; fileRef = 7ED2EF6513E0DCC7007F1AFB /* todo_dummy@2x.png */; };
		7ED2EF6B13E0DF7F007F1AFB /* PeopleViewController.m in Sources */ = {isa = PBXBuildFile; fileRef = 7ED2EF6913E0DF7F007F1AFB /* PeopleViewController.m */; };
		7ED2EF6C13E0DF7F007F1AFB /* PeopleViewController.xib in Resources */ = {isa = PBXBuildFile; fileRef = 7ED2EF6A13E0DF7F007F1AFB /* PeopleViewController.xib */; };
		7ED2EF6F13E0DFF3007F1AFB /* people_dummy@2x.png in Resources */ = {isa = PBXBuildFile; fileRef = 7ED2EF6E13E0DFF3007F1AFB /* people_dummy@2x.png */; };
		7EDBFA0013E0C57A003D73D5 /* Entity.m in Sources */ = {isa = PBXBuildFile; fileRef = 7EDBF9FF13E0C57A003D73D5 /* Entity.m */; };
		7EDE38D013C4D9A7003AEE52 /* STNavigationBar.m in Sources */ = {isa = PBXBuildFile; fileRef = 7EDE38CF13C4D9A7003AEE52 /* STNavigationBar.m */; };
		7EDE38DB13C4EB27003AEE52 /* StampDetailViewController.m in Sources */ = {isa = PBXBuildFile; fileRef = 7EDE38D913C4EB27003AEE52 /* StampDetailViewController.m */; };
		7EDE38DC13C4EB27003AEE52 /* StampDetailViewController.xib in Resources */ = {isa = PBXBuildFile; fileRef = 7EDE38DA13C4EB27003AEE52 /* StampDetailViewController.xib */; };
		7EDE38E413C5093E003AEE52 /* QuartzCore.framework in Frameworks */ = {isa = PBXBuildFile; fileRef = 7EDE38E313C5093E003AEE52 /* QuartzCore.framework */; };
		7EDE38E613C51133003AEE52 /* CoreText.framework in Frameworks */ = {isa = PBXBuildFile; fileRef = 7EDE38E513C51133003AEE52 /* CoreText.framework */; };
		7EE1193613CE0C8500378139 /* libRestKitCoreData.a in Frameworks */ = {isa = PBXBuildFile; fileRef = 7EE1192E13CE0C4100378139 /* libRestKitCoreData.a */; };
		7EE1193713CE0C8500378139 /* libRestKitJSONParserJSONKit.a in Frameworks */ = {isa = PBXBuildFile; fileRef = 7EE1192A13CE0C4100378139 /* libRestKitJSONParserJSONKit.a */; };
		7EE1193813CE0C8500378139 /* libRestKitNetwork.a in Frameworks */ = {isa = PBXBuildFile; fileRef = 7EE1192013CE0C4100378139 /* libRestKitNetwork.a */; };
		7EE1193913CE0C8500378139 /* libRestKitObjectMapping.a in Frameworks */ = {isa = PBXBuildFile; fileRef = 7EE1192213CE0C4100378139 /* libRestKitObjectMapping.a */; };
		7EE1193A13CE0C8500378139 /* libRestKitSupport.a in Frameworks */ = {isa = PBXBuildFile; fileRef = 7EE1192413CE0C4100378139 /* libRestKitSupport.a */; };
		7EE1193F13CE0C8500378139 /* CFNetwork.framework in Frameworks */ = {isa = PBXBuildFile; fileRef = 7EE1193B13CE0C8500378139 /* CFNetwork.framework */; };
		7EE1194013CE0C8500378139 /* CoreData.framework in Frameworks */ = {isa = PBXBuildFile; fileRef = 7EE1193C13CE0C8500378139 /* CoreData.framework */; };
		7EE1194113CE0C8500378139 /* MobileCoreServices.framework in Frameworks */ = {isa = PBXBuildFile; fileRef = 7EE1193D13CE0C8500378139 /* MobileCoreServices.framework */; };
		7EE1194213CE0C8500378139 /* SystemConfiguration.framework in Frameworks */ = {isa = PBXBuildFile; fileRef = 7EE1193E13CE0C8500378139 /* SystemConfiguration.framework */; };
		7EE7E35A13CCB2A800FA3B3A /* InboxTableViewCell.m in Sources */ = {isa = PBXBuildFile; fileRef = 7EE7E35913CCB2A800FA3B3A /* InboxTableViewCell.m */; };
		7EE7E35F13CCB3D100FA3B3A /* UserImageView.m in Sources */ = {isa = PBXBuildFile; fileRef = 7EE7E35E13CCB3D100FA3B3A /* UserImageView.m */; };
		7EE7E37013CD223100FA3B3A /* inbox_top_border@2x.png in Resources */ = {isa = PBXBuildFile; fileRef = 7EE7E36F13CD223100FA3B3A /* inbox_top_border@2x.png */; };
		7EF1105913C906AA0059F9BD /* EntityDetailViewController.m in Sources */ = {isa = PBXBuildFile; fileRef = 7EF1105713C906A90059F9BD /* EntityDetailViewController.m */; };
		7EF1105A13C906AA0059F9BD /* EntityDetailViewController.xib in Resources */ = {isa = PBXBuildFile; fileRef = 7EF1105813C906A90059F9BD /* EntityDetailViewController.xib */; };
		7EFE8F2813C39FA200324F34 /* InboxViewController.m in Sources */ = {isa = PBXBuildFile; fileRef = 7EFE8F2613C39FA100324F34 /* InboxViewController.m */; };
		7EFE8F2913C39FA200324F34 /* InboxViewController.xib in Resources */ = {isa = PBXBuildFile; fileRef = 7EFE8F2713C39FA100324F34 /* InboxViewController.xib */; };
		7EFE8F3413C3AFA300324F34 /* TGLight.otf in Resources */ = {isa = PBXBuildFile; fileRef = 7EFE8F3213C3AFA300324F34 /* TGLight.otf */; };
		7EFE8F3513C3AFA300324F34 /* TitlingGothicFBComp-Reg.otf in Resources */ = {isa = PBXBuildFile; fileRef = 7EFE8F3313C3AFA300324F34 /* TitlingGothicFBComp-Reg.otf */; };
		7EFE8F7E13C3C96D00324F34 /* toolbar_people@2x.png in Resources */ = {isa = PBXBuildFile; fileRef = 7EFE8F7913C3C96D00324F34 /* toolbar_people@2x.png */; };
		7EFE8F7F13C3C96D00324F34 /* toolbar_add_stamp@2x.png in Resources */ = {isa = PBXBuildFile; fileRef = 7EFE8F7A13C3C96D00324F34 /* toolbar_add_stamp@2x.png */; };
		7EFE8F8013C3C96D00324F34 /* toolbar_activity@2x.png in Resources */ = {isa = PBXBuildFile; fileRef = 7EFE8F7B13C3C96D00324F34 /* toolbar_activity@2x.png */; };
		7EFE8F8113C3C96D00324F34 /* toolbar_stamps@2x.png in Resources */ = {isa = PBXBuildFile; fileRef = 7EFE8F7C13C3C96D00324F34 /* toolbar_stamps@2x.png */; };
		7EFE8FBE13C4B58500324F34 /* RootTabBarViewController.m in Sources */ = {isa = PBXBuildFile; fileRef = 7EFE8FBC13C4B58500324F34 /* RootTabBarViewController.m */; };
		7EFE8FBF13C4B58500324F34 /* RootTabBarViewController.xib in Resources */ = {isa = PBXBuildFile; fileRef = 7EFE8FBD13C4B58500324F34 /* RootTabBarViewController.xib */; };
/* End PBXBuildFile section */

/* Begin PBXContainerItemProxy section */
		7EC0179F13C3754300ABE6E2 /* PBXContainerItemProxy */ = {
			isa = PBXContainerItemProxy;
			containerPortal = 7EC0176813C3754300ABE6E2 /* Project object */;
			proxyType = 1;
			remoteGlobalIDString = 7EC0177013C3754300ABE6E2;
			remoteInfo = Stamped;
		};
		7EE1191F13CE0C4100378139 /* PBXContainerItemProxy */ = {
			isa = PBXContainerItemProxy;
			containerPortal = 7EE1190B13CE0C4100378139 /* RestKit.xcodeproj */;
			proxyType = 2;
			remoteGlobalIDString = 253A07FC1255161B00976E89;
			remoteInfo = RestKitNetwork;
		};
		7EE1192113CE0C4100378139 /* PBXContainerItemProxy */ = {
			isa = PBXContainerItemProxy;
			containerPortal = 7EE1190B13CE0C4100378139 /* RestKit.xcodeproj */;
			proxyType = 2;
			remoteGlobalIDString = 253A08031255162C00976E89;
			remoteInfo = RestKitObjectMapping;
		};
		7EE1192313CE0C4100378139 /* PBXContainerItemProxy */ = {
			isa = PBXContainerItemProxy;
			containerPortal = 7EE1190B13CE0C4100378139 /* RestKit.xcodeproj */;
			proxyType = 2;
			remoteGlobalIDString = 253A080C12551D3000976E89;
			remoteInfo = RestKitSupport;
		};
		7EE1192513CE0C4100378139 /* PBXContainerItemProxy */ = {
			isa = PBXContainerItemProxy;
			containerPortal = 7EE1190B13CE0C4100378139 /* RestKit.xcodeproj */;
			proxyType = 2;
			remoteGlobalIDString = 2590E64F125231F600531FA8;
			remoteInfo = "RestKitJSONParser+YAJL";
		};
		7EE1192713CE0C4100378139 /* PBXContainerItemProxy */ = {
			isa = PBXContainerItemProxy;
			containerPortal = 7EE1190B13CE0C4100378139 /* RestKit.xcodeproj */;
			proxyType = 2;
			remoteGlobalIDString = 2590E66B1252353700531FA8;
			remoteInfo = "RestKitJSONParser+SBJSON";
		};
		7EE1192913CE0C4100378139 /* PBXContainerItemProxy */ = {
			isa = PBXContainerItemProxy;
			containerPortal = 7EE1190B13CE0C4100378139 /* RestKit.xcodeproj */;
			proxyType = 2;
			remoteGlobalIDString = 73057FD11331AD2E001908EE;
			remoteInfo = "RestKitJSONParser+JSONKit";
		};
		7EE1192B13CE0C4100378139 /* PBXContainerItemProxy */ = {
			isa = PBXContainerItemProxy;
			containerPortal = 7EE1190B13CE0C4100378139 /* RestKit.xcodeproj */;
			proxyType = 2;
			remoteGlobalIDString = 25BD43BD1340315800DBACDD;
			remoteInfo = "RestKitXMLParser+Libxml";
		};
		7EE1192D13CE0C4100378139 /* PBXContainerItemProxy */ = {
			isa = PBXContainerItemProxy;
			containerPortal = 7EE1190B13CE0C4100378139 /* RestKit.xcodeproj */;
			proxyType = 2;
			remoteGlobalIDString = 253A081412551D5300976E89;
			remoteInfo = RestKitCoreData;
		};
		7EE1192F13CE0C4100378139 /* PBXContainerItemProxy */ = {
			isa = PBXContainerItemProxy;
			containerPortal = 7EE1190B13CE0C4100378139 /* RestKit.xcodeproj */;
			proxyType = 2;
			remoteGlobalIDString = 2523360511E79F090048F9B4;
			remoteInfo = RestKitThree20;
		};
		7EE1193113CE0C4100378139 /* PBXContainerItemProxy */ = {
			isa = PBXContainerItemProxy;
			containerPortal = 7EE1190B13CE0C4100378139 /* RestKit.xcodeproj */;
			proxyType = 2;
			remoteGlobalIDString = 3F6C39A510FE5C95008F47C5;
			remoteInfo = UISpec;
		};
		7EE1193413CE0C4B00378139 /* PBXContainerItemProxy */ = {
			isa = PBXContainerItemProxy;
			containerPortal = 7EE1190B13CE0C4100378139 /* RestKit.xcodeproj */;
			proxyType = 1;
			remoteGlobalIDString = 255B7588133BABBF00ED76AD;
			remoteInfo = RestKit;
		};
/* End PBXContainerItemProxy section */

/* Begin PBXFileReference section */
		7E099EEA13DE23790016B9A9 /* done_button_bg@2x.png */ = {isa = PBXFileReference; lastKnownFileType = image.png; path = "done_button_bg@2x.png"; sourceTree = "<group>"; };
		7E1D92DA13D5F5C40022412D /* User.h */ = {isa = PBXFileReference; fileEncoding = 4; lastKnownFileType = sourcecode.c.h; path = User.h; sourceTree = "<group>"; };
		7E1D92DB13D5F5C40022412D /* User.m */ = {isa = PBXFileReference; fileEncoding = 4; lastKnownFileType = sourcecode.c.objc; path = User.m; sourceTree = "<group>"; };
		7E1D92E913D632DE0022412D /* stamp_shape_textured@2x.png */ = {isa = PBXFileReference; lastKnownFileType = image.png; path = "stamp_shape_textured@2x.png"; sourceTree = "<group>"; };
		7E22679713D4D90F00657A66 /* AccountManager.h */ = {isa = PBXFileReference; fileEncoding = 4; lastKnownFileType = sourcecode.c.h; path = AccountManager.h; sourceTree = "<group>"; };
		7E22679813D4D90F00657A66 /* AccountManager.m */ = {isa = PBXFileReference; fileEncoding = 4; lastKnownFileType = sourcecode.c.objc; path = AccountManager.m; sourceTree = "<group>"; };
		7E22679B13D4E96A00657A66 /* stamp_detail_ripple_bottom@2x.png */ = {isa = PBXFileReference; lastKnownFileType = image.png; path = "stamp_detail_ripple_bottom@2x.png"; sourceTree = "<group>"; };
		7E22679C13D4E96A00657A66 /* stamp_detail_ripple_top@2x.png */ = {isa = PBXFileReference; lastKnownFileType = image.png; path = "stamp_detail_ripple_top@2x.png"; sourceTree = "<group>"; };
		7E2267D313D501CB00657A66 /* StampedModel.xcdatamodel */ = {isa = PBXFileReference; lastKnownFileType = wrapper.xcdatamodel; path = StampedModel.xcdatamodel; sourceTree = "<group>"; };
		7E22D6AC13DDA34100C4005E /* CreateStampDetailViewController.h */ = {isa = PBXFileReference; fileEncoding = 4; lastKnownFileType = sourcecode.c.h; path = CreateStampDetailViewController.h; sourceTree = "<group>"; };
		7E22D6AD13DDA34100C4005E /* CreateStampDetailViewController.m */ = {isa = PBXFileReference; fileEncoding = 4; lastKnownFileType = sourcecode.c.objc; path = CreateStampDetailViewController.m; sourceTree = "<group>"; };
		7E22D6AE13DDA34100C4005E /* CreateStampDetailViewController.xib */ = {isa = PBXFileReference; fileEncoding = 4; lastKnownFileType = file.xib; path = CreateStampDetailViewController.xib; sourceTree = "<group>"; };
		7E22D6B513DDDA8500C4005E /* back_button@2x.png */ = {isa = PBXFileReference; lastKnownFileType = image.png; path = "back_button@2x.png"; sourceTree = "<group>"; };
		7E22D6B713DDDAA400C4005E /* new_stamp_copy@2x.png */ = {isa = PBXFileReference; lastKnownFileType = image.png; path = "new_stamp_copy@2x.png"; sourceTree = "<group>"; };
		7E22D6B913DDDCE700C4005E /* back_button_pressed@2x.png */ = {isa = PBXFileReference; lastKnownFileType = image.png; path = "back_button_pressed@2x.png"; sourceTree = "<group>"; };
		7E2BEBED13D7757200A116D2 /* ImageToDataTransformer.h */ = {isa = PBXFileReference; fileEncoding = 4; lastKnownFileType = sourcecode.c.h; path = ImageToDataTransformer.h; sourceTree = "<group>"; };
		7E2BEBEE13D7757300A116D2 /* ImageToDataTransformer.m */ = {isa = PBXFileReference; fileEncoding = 4; lastKnownFileType = sourcecode.c.objc; path = ImageToDataTransformer.m; sourceTree = "<group>"; };
		7E2CECEB13C795840068D576 /* stamp@2x.png */ = {isa = PBXFileReference; lastKnownFileType = image.png; path = "stamp@2x.png"; sourceTree = "<group>"; };
		7E2CECEE13C79C530068D576 /* must_do@2x.png */ = {isa = PBXFileReference; lastKnownFileType = image.png; path = "must_do@2x.png"; sourceTree = "<group>"; };
		7E2CECEF13C79C530068D576 /* comment@2x.png */ = {isa = PBXFileReference; lastKnownFileType = image.png; path = "comment@2x.png"; sourceTree = "<group>"; };
		7E2CECF013C79C530068D576 /* share@2x.png */ = {isa = PBXFileReference; lastKnownFileType = image.png; path = "share@2x.png"; sourceTree = "<group>"; };
		7E2CECF413C7A1250068D576 /* sort_icon_book_0@2x.png */ = {isa = PBXFileReference; lastKnownFileType = image.png; path = "sort_icon_book_0@2x.png"; sourceTree = "<group>"; };
		7E2CECF513C7A1250068D576 /* sort_icon_book_1@2x.png */ = {isa = PBXFileReference; lastKnownFileType = image.png; path = "sort_icon_book_1@2x.png"; sourceTree = "<group>"; };
		7E2CECF613C7A1250068D576 /* sort_icon_film_0@2x.png */ = {isa = PBXFileReference; lastKnownFileType = image.png; path = "sort_icon_film_0@2x.png"; sourceTree = "<group>"; };
		7E2CECF713C7A1250068D576 /* sort_icon_film_1@2x.png */ = {isa = PBXFileReference; lastKnownFileType = image.png; path = "sort_icon_film_1@2x.png"; sourceTree = "<group>"; };
		7E2CECF813C7A1250068D576 /* sort_icon_more_0@2x.png */ = {isa = PBXFileReference; lastKnownFileType = image.png; path = "sort_icon_more_0@2x.png"; sourceTree = "<group>"; };
		7E2CECF913C7A1250068D576 /* sort_icon_more_1@2x.png */ = {isa = PBXFileReference; lastKnownFileType = image.png; path = "sort_icon_more_1@2x.png"; sourceTree = "<group>"; };
		7E2CECFA13C7A1250068D576 /* sort_icon_music_0@2x.png */ = {isa = PBXFileReference; lastKnownFileType = image.png; path = "sort_icon_music_0@2x.png"; sourceTree = "<group>"; };
		7E2CECFB13C7A1250068D576 /* sort_icon_music_1@2x.png */ = {isa = PBXFileReference; lastKnownFileType = image.png; path = "sort_icon_music_1@2x.png"; sourceTree = "<group>"; };
		7E2CECFC13C7A1250068D576 /* sort_icon_place_0@2x.png */ = {isa = PBXFileReference; lastKnownFileType = image.png; path = "sort_icon_place_0@2x.png"; sourceTree = "<group>"; };
		7E2CECFD13C7A1250068D576 /* sort_icon_place_1@2x.png */ = {isa = PBXFileReference; lastKnownFileType = image.png; path = "sort_icon_place_1@2x.png"; sourceTree = "<group>"; };
		7E2CECFE13C7A1250068D576 /* sort_icon_search_0@2x.png */ = {isa = PBXFileReference; lastKnownFileType = image.png; path = "sort_icon_search_0@2x.png"; sourceTree = "<group>"; };
		7E2CECFF13C7A1250068D576 /* sort_icon_search_1@2x.png */ = {isa = PBXFileReference; lastKnownFileType = image.png; path = "sort_icon_search_1@2x.png"; sourceTree = "<group>"; };
		7E2CED0D13C7A2F30068D576 /* cat_icon_book@2x.png */ = {isa = PBXFileReference; lastKnownFileType = image.png; path = "cat_icon_book@2x.png"; sourceTree = "<group>"; };
		7E2CED0E13C7A2F30068D576 /* cat_icon_film@2x.png */ = {isa = PBXFileReference; lastKnownFileType = image.png; path = "cat_icon_film@2x.png"; sourceTree = "<group>"; };
		7E2CED0F13C7A2F30068D576 /* cat_icon_music@2x.png */ = {isa = PBXFileReference; lastKnownFileType = image.png; path = "cat_icon_music@2x.png"; sourceTree = "<group>"; };
		7E2CED1013C7A2F30068D576 /* cat_icon_place@2x.png */ = {isa = PBXFileReference; lastKnownFileType = image.png; path = "cat_icon_place@2x.png"; sourceTree = "<group>"; };
		7E35A72013DB847F008F856F /* cancel_pressed_background@2x.png */ = {isa = PBXFileReference; lastKnownFileType = image.png; path = "cancel_pressed_background@2x.png"; sourceTree = "<group>"; };
		7E35A72413DB8647008F856F /* cancel_background@2x.png */ = {isa = PBXFileReference; lastKnownFileType = image.png; path = "cancel_background@2x.png"; sourceTree = "<group>"; };
		7E35A72813DB895D008F856F /* search_field_background@2x.png */ = {isa = PBXFileReference; lastKnownFileType = image.png; path = "search_field_background@2x.png"; sourceTree = "<group>"; };
		7E35A72A13DB9267008F856F /* search_icon@2x.png */ = {isa = PBXFileReference; lastKnownFileType = image.png; path = "search_icon@2x.png"; sourceTree = "<group>"; };
		7E35A72C13DB9CEA008F856F /* CreateStampTableViewCell.h */ = {isa = PBXFileReference; fileEncoding = 4; lastKnownFileType = sourcecode.c.h; path = CreateStampTableViewCell.h; sourceTree = "<group>"; };
		7E35A72D13DB9CEA008F856F /* CreateStampTableViewCell.m */ = {isa = PBXFileReference; fileEncoding = 4; lastKnownFileType = sourcecode.c.objc; path = CreateStampTableViewCell.m; sourceTree = "<group>"; };
		7E3B6D7813D7509600FBE958 /* Util.h */ = {isa = PBXFileReference; fileEncoding = 4; lastKnownFileType = sourcecode.c.h; path = Util.h; sourceTree = "<group>"; };
		7E3B6D7913D7509600FBE958 /* Util.m */ = {isa = PBXFileReference; fileEncoding = 4; lastKnownFileType = sourcecode.c.objc; path = Util.m; sourceTree = "<group>"; };
		7E42DCB913DB64CA00AF63BE /* CreateStampViewController.h */ = {isa = PBXFileReference; fileEncoding = 4; lastKnownFileType = sourcecode.c.h; path = CreateStampViewController.h; sourceTree = "<group>"; };
		7E42DCBA13DB64CA00AF63BE /* CreateStampViewController.m */ = {isa = PBXFileReference; fileEncoding = 4; lastKnownFileType = sourcecode.c.objc; path = CreateStampViewController.m; sourceTree = "<group>"; };
		7E42DCBB13DB64CA00AF63BE /* CreateStampViewController.xib */ = {isa = PBXFileReference; fileEncoding = 4; lastKnownFileType = file.xib; path = CreateStampViewController.xib; sourceTree = "<group>"; };
		7E42DCC713DB72B300AF63BE /* shelf_background@2x.png */ = {isa = PBXFileReference; lastKnownFileType = image.png; path = "shelf_background@2x.png"; sourceTree = "<group>"; };
		7E512FC413D9F3B400547A20 /* STBadgeView.h */ = {isa = PBXFileReference; fileEncoding = 4; lastKnownFileType = sourcecode.c.h; path = STBadgeView.h; sourceTree = "<group>"; };
		7E512FC513D9F3B400547A20 /* STBadgeView.m */ = {isa = PBXFileReference; fileEncoding = 4; lastKnownFileType = sourcecode.c.objc; path = STBadgeView.m; sourceTree = "<group>"; };
		7E514A8913C9735800EEC598 /* book_detail_fillter@2x.png */ = {isa = PBXFileReference; lastKnownFileType = image.png; path = "book_detail_fillter@2x.png"; sourceTree = "<group>"; };
		7E514A8C13C977E800EEC598 /* place_detail_filler@2x.png */ = {isa = PBXFileReference; lastKnownFileType = image.png; path = "place_detail_filler@2x.png"; sourceTree = "<group>"; };
		7E514A9613C97A9700EEC598 /* MusicDetailViewController.h */ = {isa = PBXFileReference; fileEncoding = 4; lastKnownFileType = sourcecode.c.h; path = MusicDetailViewController.h; sourceTree = "<group>"; };
		7E514A9713C97A9700EEC598 /* MusicDetailViewController.m */ = {isa = PBXFileReference; fileEncoding = 4; lastKnownFileType = sourcecode.c.objc; path = MusicDetailViewController.m; sourceTree = "<group>"; };
		7E514A9813C97A9700EEC598 /* MusicDetailViewController.xib */ = {isa = PBXFileReference; fileEncoding = 4; lastKnownFileType = file.xib; path = MusicDetailViewController.xib; sourceTree = "<group>"; };
		7E514A9C13C97E8000EEC598 /* music_detail_filler@2x.png */ = {isa = PBXFileReference; lastKnownFileType = image.png; path = "music_detail_filler@2x.png"; sourceTree = "<group>"; };
		7E514AA413C9827000EEC598 /* FilmDetailViewController.h */ = {isa = PBXFileReference; fileEncoding = 4; lastKnownFileType = sourcecode.c.h; path = FilmDetailViewController.h; sourceTree = "<group>"; };
		7E514AA513C9827000EEC598 /* FilmDetailViewController.m */ = {isa = PBXFileReference; fileEncoding = 4; lastKnownFileType = sourcecode.c.objc; path = FilmDetailViewController.m; sourceTree = "<group>"; };
		7E514AA613C9827000EEC598 /* FilmDetailViewController.xib */ = {isa = PBXFileReference; fileEncoding = 4; lastKnownFileType = file.xib; path = FilmDetailViewController.xib; sourceTree = "<group>"; };
		7E514AA913C9851800EEC598 /* film_detail_filler@2x.png */ = {isa = PBXFileReference; lastKnownFileType = image.png; path = "film_detail_filler@2x.png"; sourceTree = "<group>"; };
		7E5DF6CB13DA0D2A00B63039 /* badge_background@2x.png */ = {isa = PBXFileReference; lastKnownFileType = image.png; path = "badge_background@2x.png"; sourceTree = "<group>"; };
		7E5FEED713D0C497008BCA48 /* nav_bar_ripple@2x.png */ = {isa = PBXFileReference; lastKnownFileType = image.png; path = "nav_bar_ripple@2x.png"; sourceTree = "<group>"; };
		7E668C2713D8B27C00E79E14 /* StampDetailCommentView.h */ = {isa = PBXFileReference; fileEncoding = 4; lastKnownFileType = sourcecode.c.h; path = StampDetailCommentView.h; sourceTree = "<group>"; };
		7E668C2813D8B27C00E79E14 /* StampDetailCommentView.m */ = {isa = PBXFileReference; fileEncoding = 4; lastKnownFileType = sourcecode.c.objc; path = StampDetailCommentView.m; sourceTree = "<group>"; };
		7E76129413C930F40023CCC4 /* PlaceDetailViewController.h */ = {isa = PBXFileReference; fileEncoding = 4; lastKnownFileType = sourcecode.c.h; path = PlaceDetailViewController.h; sourceTree = "<group>"; };
		7E76129513C930F50023CCC4 /* PlaceDetailViewController.m */ = {isa = PBXFileReference; fileEncoding = 4; lastKnownFileType = sourcecode.c.objc; path = PlaceDetailViewController.m; sourceTree = "<group>"; };
		7E76129613C930F50023CCC4 /* PlaceDetailViewController.xib */ = {isa = PBXFileReference; fileEncoding = 4; lastKnownFileType = file.xib; path = PlaceDetailViewController.xib; sourceTree = "<group>"; };
		7E76129913C9344D0023CCC4 /* cat_icon_app@2x.png */ = {isa = PBXFileReference; lastKnownFileType = image.png; path = "cat_icon_app@2x.png"; sourceTree = "<group>"; };
		7E76129B13C938DE0023CCC4 /* main_action_button_bg@2x.png */ = {isa = PBXFileReference; lastKnownFileType = image.png; path = "main_action_button_bg@2x.png"; sourceTree = "<group>"; };
		7E76129D13C93F1D0023CCC4 /* call_action_button_bg@2x.png */ = {isa = PBXFileReference; lastKnownFileType = image.png; path = "call_action_button_bg@2x.png"; sourceTree = "<group>"; };
		7E7612A013C940970023CCC4 /* logo_amazon@2x.png */ = {isa = PBXFileReference; lastKnownFileType = image.png; path = "logo_amazon@2x.png"; sourceTree = "<group>"; };
		7E7612A113C940970023CCC4 /* logo_fandango@2x.png */ = {isa = PBXFileReference; lastKnownFileType = image.png; path = "logo_fandango@2x.png"; sourceTree = "<group>"; };
		7E7612A213C940970023CCC4 /* logo_itunes@2x.png */ = {isa = PBXFileReference; lastKnownFileType = image.png; path = "logo_itunes@2x.png"; sourceTree = "<group>"; };
		7E7612A313C940970023CCC4 /* logo_opentable@2x.png */ = {isa = PBXFileReference; lastKnownFileType = image.png; path = "logo_opentable@2x.png"; sourceTree = "<group>"; };
		7E7612A813C943E30023CCC4 /* MapKit.framework */ = {isa = PBXFileReference; lastKnownFileType = wrapper.framework; name = MapKit.framework; path = System/Library/Frameworks/MapKit.framework; sourceTree = SDKROOT; };
		7E7612AC13C94D7E0023CCC4 /* CoreLocation.framework */ = {isa = PBXFileReference; lastKnownFileType = wrapper.framework; name = CoreLocation.framework; path = System/Library/Frameworks/CoreLocation.framework; sourceTree = SDKROOT; };
		7E7612B713C95C5B0023CCC4 /* map_inner_shadow@2x.png */ = {isa = PBXFileReference; lastKnownFileType = image.png; path = "map_inner_shadow@2x.png"; sourceTree = "<group>"; };
		7E7612BD13C96B380023CCC4 /* BookDetailViewController.h */ = {isa = PBXFileReference; fileEncoding = 4; lastKnownFileType = sourcecode.c.h; path = BookDetailViewController.h; sourceTree = "<group>"; };
		7E7612BE13C96B380023CCC4 /* BookDetailViewController.m */ = {isa = PBXFileReference; fileEncoding = 4; lastKnownFileType = sourcecode.c.objc; path = BookDetailViewController.m; sourceTree = "<group>"; };
		7E7612BF13C96B380023CCC4 /* BookDetailViewController.xib */ = {isa = PBXFileReference; fileEncoding = 4; lastKnownFileType = file.xib; path = BookDetailViewController.xib; sourceTree = "<group>"; };
		7E7E109B13DF0D9100E44DE1 /* nav_bar_no_logo@2x.png */ = {isa = PBXFileReference; lastKnownFileType = image.png; path = "nav_bar_no_logo@2x.png"; sourceTree = "<group>"; };
		7E7E109C13DF0D9100E44DE1 /* nav_bar@2x.png */ = {isa = PBXFileReference; lastKnownFileType = image.png; path = "nav_bar@2x.png"; sourceTree = "<group>"; };
		7E7E109F13DF0FF300E44DE1 /* toolbar_todo@2x.png */ = {isa = PBXFileReference; lastKnownFileType = image.png; path = "toolbar_todo@2x.png"; sourceTree = "<group>"; };
		7E7E10A113DF14C900E44DE1 /* photo_icon@2x.png */ = {isa = PBXFileReference; lastKnownFileType = image.png; path = "photo_icon@2x.png"; sourceTree = "<group>"; };
		7E7E10A213DF14C900E44DE1 /* credit_icon@2x.png */ = {isa = PBXFileReference; lastKnownFileType = image.png; path = "credit_icon@2x.png"; sourceTree = "<group>"; };
		7E7E10A513DF14D100E44DE1 /* toolbar_checkmark@2x.png */ = {isa = PBXFileReference; lastKnownFileType = image.png; path = "toolbar_checkmark@2x.png"; sourceTree = "<group>"; };
		7E7E10A613DF14D100E44DE1 /* toolbar_close@2x.png */ = {isa = PBXFileReference; lastKnownFileType = image.png; path = "toolbar_close@2x.png"; sourceTree = "<group>"; };
		7E9EE35113DF683500F4736F /* Stamp.h */ = {isa = PBXFileReference; fileEncoding = 4; lastKnownFileType = sourcecode.c.h; path = Stamp.h; sourceTree = "<group>"; };
		7E9EE35213DF683500F4736F /* Stamp.m */ = {isa = PBXFileReference; fileEncoding = 4; lastKnownFileType = sourcecode.c.objc; path = Stamp.m; sourceTree = "<group>"; };
		7EAC166E13C547B6009A600A /* app_launcher_icon@2x.png */ = {isa = PBXFileReference; lastKnownFileType = image.png; path = "app_launcher_icon@2x.png"; sourceTree = "<group>"; };
		7EBCBE8513D78896009FCECF /* Comment.h */ = {isa = PBXFileReference; fileEncoding = 4; lastKnownFileType = sourcecode.c.h; lineEnding = 0; path = Comment.h; sourceTree = "<group>"; xcLanguageSpecificationIdentifier = xcode.lang.objcpp; };
		7EBCBE8613D78896009FCECF /* Comment.m */ = {isa = PBXFileReference; fileEncoding = 4; lastKnownFileType = sourcecode.c.objc; lineEnding = 0; path = Comment.m; sourceTree = "<group>"; xcLanguageSpecificationIdentifier = xcode.lang.objc; };
		7EBE8E2613DEFAD200D36E50 /* disclosure_arrow@2x.png */ = {isa = PBXFileReference; lastKnownFileType = image.png; path = "disclosure_arrow@2x.png"; sourceTree = "<group>"; };
		7EC0177113C3754300ABE6E2 /* Stamped.app */ = {isa = PBXFileReference; explicitFileType = wrapper.application; includeInIndex = 0; path = Stamped.app; sourceTree = BUILT_PRODUCTS_DIR; };
		7EC0177513C3754300ABE6E2 /* UIKit.framework */ = {isa = PBXFileReference; lastKnownFileType = wrapper.framework; name = UIKit.framework; path = System/Library/Frameworks/UIKit.framework; sourceTree = SDKROOT; };
		7EC0177713C3754300ABE6E2 /* Foundation.framework */ = {isa = PBXFileReference; lastKnownFileType = wrapper.framework; name = Foundation.framework; path = System/Library/Frameworks/Foundation.framework; sourceTree = SDKROOT; };
		7EC0177913C3754300ABE6E2 /* CoreGraphics.framework */ = {isa = PBXFileReference; lastKnownFileType = wrapper.framework; name = CoreGraphics.framework; path = System/Library/Frameworks/CoreGraphics.framework; sourceTree = SDKROOT; };
		7EC0177D13C3754300ABE6E2 /* Stamped-Info.plist */ = {isa = PBXFileReference; lastKnownFileType = text.plist.xml; path = "Stamped-Info.plist"; sourceTree = "<group>"; };
		7EC0177F13C3754300ABE6E2 /* en */ = {isa = PBXFileReference; lastKnownFileType = text.plist.strings; name = en; path = en.lproj/InfoPlist.strings; sourceTree = "<group>"; };
		7EC0178113C3754300ABE6E2 /* Stamped-Prefix.pch */ = {isa = PBXFileReference; lastKnownFileType = sourcecode.c.h; path = "Stamped-Prefix.pch"; sourceTree = "<group>"; };
		7EC0178213C3754300ABE6E2 /* main.m */ = {isa = PBXFileReference; lastKnownFileType = sourcecode.c.objc; path = main.m; sourceTree = "<group>"; };
		7EC0178413C3754300ABE6E2 /* StampedAppDelegate.h */ = {isa = PBXFileReference; lastKnownFileType = sourcecode.c.h; path = StampedAppDelegate.h; sourceTree = "<group>"; };
		7EC0178513C3754300ABE6E2 /* StampedAppDelegate.m */ = {isa = PBXFileReference; lastKnownFileType = sourcecode.c.objc; lineEnding = 0; path = StampedAppDelegate.m; sourceTree = "<group>"; xcLanguageSpecificationIdentifier = xcode.lang.objc; };
		7EC0178813C3754300ABE6E2 /* en */ = {isa = PBXFileReference; lastKnownFileType = file.xib; name = en; path = en.lproj/MainWindow.xib; sourceTree = "<group>"; };
		7EC0178D13C3754300ABE6E2 /* ActivityViewController.h */ = {isa = PBXFileReference; lastKnownFileType = sourcecode.c.h; path = ActivityViewController.h; sourceTree = "<group>"; };
		7EC0178E13C3754300ABE6E2 /* ActivityViewController.m */ = {isa = PBXFileReference; lastKnownFileType = sourcecode.c.objc; path = ActivityViewController.m; sourceTree = "<group>"; };
		7EC0179413C3754300ABE6E2 /* en */ = {isa = PBXFileReference; lastKnownFileType = file.xib; name = en; path = en.lproj/ActivityViewController.xib; sourceTree = "<group>"; };
		7EC0179B13C3754300ABE6E2 /* StampedTests.octest */ = {isa = PBXFileReference; explicitFileType = wrapper.cfbundle; includeInIndex = 0; path = StampedTests.octest; sourceTree = BUILT_PRODUCTS_DIR; };
		7EC017A313C3754300ABE6E2 /* StampedTests-Info.plist */ = {isa = PBXFileReference; lastKnownFileType = text.plist.xml; path = "StampedTests-Info.plist"; sourceTree = "<group>"; };
		7EC017A513C3754300ABE6E2 /* en */ = {isa = PBXFileReference; lastKnownFileType = text.plist.strings; name = en; path = en.lproj/InfoPlist.strings; sourceTree = "<group>"; };
		7EC017A713C3754400ABE6E2 /* StampedTests-Prefix.pch */ = {isa = PBXFileReference; lastKnownFileType = sourcecode.c.h; path = "StampedTests-Prefix.pch"; sourceTree = "<group>"; };
		7EC017A813C3754400ABE6E2 /* StampedTests.h */ = {isa = PBXFileReference; lastKnownFileType = sourcecode.c.h; path = StampedTests.h; sourceTree = "<group>"; };
		7EC017AA13C3754400ABE6E2 /* StampedTests.m */ = {isa = PBXFileReference; lastKnownFileType = sourcecode.c.objc; path = StampedTests.m; sourceTree = "<group>"; };
		7ED2EF5D13E0DAFD007F1AFB /* activity_dummy@2x.png */ = {isa = PBXFileReference; lastKnownFileType = image.png; path = "activity_dummy@2x.png"; sourceTree = "<group>"; };
		7ED2EF6013E0DC2F007F1AFB /* TodoViewController.h */ = {isa = PBXFileReference; fileEncoding = 4; lastKnownFileType = sourcecode.c.h; path = TodoViewController.h; sourceTree = "<group>"; };
		7ED2EF6113E0DC2F007F1AFB /* TodoViewController.m */ = {isa = PBXFileReference; fileEncoding = 4; lastKnownFileType = sourcecode.c.objc; path = TodoViewController.m; sourceTree = "<group>"; };
		7ED2EF6213E0DC2F007F1AFB /* TodoViewController.xib */ = {isa = PBXFileReference; fileEncoding = 4; lastKnownFileType = file.xib; path = TodoViewController.xib; sourceTree = "<group>"; };
		7ED2EF6513E0DCC7007F1AFB /* todo_dummy@2x.png */ = {isa = PBXFileReference; lastKnownFileType = image.png; path = "todo_dummy@2x.png"; sourceTree = "<group>"; };
		7ED2EF6813E0DF7F007F1AFB /* PeopleViewController.h */ = {isa = PBXFileReference; fileEncoding = 4; lastKnownFileType = sourcecode.c.h; path = PeopleViewController.h; sourceTree = "<group>"; };
		7ED2EF6913E0DF7F007F1AFB /* PeopleViewController.m */ = {isa = PBXFileReference; fileEncoding = 4; lastKnownFileType = sourcecode.c.objc; path = PeopleViewController.m; sourceTree = "<group>"; };
		7ED2EF6A13E0DF7F007F1AFB /* PeopleViewController.xib */ = {isa = PBXFileReference; fileEncoding = 4; lastKnownFileType = file.xib; path = PeopleViewController.xib; sourceTree = "<group>"; };
		7ED2EF6E13E0DFF3007F1AFB /* people_dummy@2x.png */ = {isa = PBXFileReference; lastKnownFileType = image.png; path = "people_dummy@2x.png"; sourceTree = "<group>"; };
		7EDBF9FE13E0C57A003D73D5 /* Entity.h */ = {isa = PBXFileReference; fileEncoding = 4; lastKnownFileType = sourcecode.c.h; path = Entity.h; sourceTree = "<group>"; };
		7EDBF9FF13E0C57A003D73D5 /* Entity.m */ = {isa = PBXFileReference; fileEncoding = 4; lastKnownFileType = sourcecode.c.objc; path = Entity.m; sourceTree = "<group>"; };
		7EDE38CE13C4D9A7003AEE52 /* STNavigationBar.h */ = {isa = PBXFileReference; fileEncoding = 4; lastKnownFileType = sourcecode.c.h; path = STNavigationBar.h; sourceTree = "<group>"; };
		7EDE38CF13C4D9A7003AEE52 /* STNavigationBar.m */ = {isa = PBXFileReference; fileEncoding = 4; lastKnownFileType = sourcecode.c.objc; path = STNavigationBar.m; sourceTree = "<group>"; };
		7EDE38D813C4EB27003AEE52 /* StampDetailViewController.h */ = {isa = PBXFileReference; fileEncoding = 4; lastKnownFileType = sourcecode.c.h; path = StampDetailViewController.h; sourceTree = "<group>"; };
		7EDE38D913C4EB27003AEE52 /* StampDetailViewController.m */ = {isa = PBXFileReference; fileEncoding = 4; lastKnownFileType = sourcecode.c.objc; lineEnding = 0; path = StampDetailViewController.m; sourceTree = "<group>"; xcLanguageSpecificationIdentifier = xcode.lang.objc; };
		7EDE38DA13C4EB27003AEE52 /* StampDetailViewController.xib */ = {isa = PBXFileReference; fileEncoding = 4; lastKnownFileType = file.xib; path = StampDetailViewController.xib; sourceTree = "<group>"; };
		7EDE38E313C5093E003AEE52 /* QuartzCore.framework */ = {isa = PBXFileReference; lastKnownFileType = wrapper.framework; name = QuartzCore.framework; path = System/Library/Frameworks/QuartzCore.framework; sourceTree = SDKROOT; };
		7EDE38E513C51133003AEE52 /* CoreText.framework */ = {isa = PBXFileReference; lastKnownFileType = wrapper.framework; name = CoreText.framework; path = System/Library/Frameworks/CoreText.framework; sourceTree = SDKROOT; };
		7EE1190B13CE0C4100378139 /* RestKit.xcodeproj */ = {isa = PBXFileReference; lastKnownFileType = "wrapper.pb-project"; name = RestKit.xcodeproj; path = RestKit/RestKit.xcodeproj; sourceTree = "<group>"; };
		7EE1193B13CE0C8500378139 /* CFNetwork.framework */ = {isa = PBXFileReference; lastKnownFileType = wrapper.framework; name = CFNetwork.framework; path = System/Library/Frameworks/CFNetwork.framework; sourceTree = SDKROOT; };
		7EE1193C13CE0C8500378139 /* CoreData.framework */ = {isa = PBXFileReference; lastKnownFileType = wrapper.framework; name = CoreData.framework; path = System/Library/Frameworks/CoreData.framework; sourceTree = SDKROOT; };
		7EE1193D13CE0C8500378139 /* MobileCoreServices.framework */ = {isa = PBXFileReference; lastKnownFileType = wrapper.framework; name = MobileCoreServices.framework; path = System/Library/Frameworks/MobileCoreServices.framework; sourceTree = SDKROOT; };
		7EE1193E13CE0C8500378139 /* SystemConfiguration.framework */ = {isa = PBXFileReference; lastKnownFileType = wrapper.framework; name = SystemConfiguration.framework; path = System/Library/Frameworks/SystemConfiguration.framework; sourceTree = SDKROOT; };
		7EE7E35813CCB2A800FA3B3A /* InboxTableViewCell.h */ = {isa = PBXFileReference; fileEncoding = 4; lastKnownFileType = sourcecode.c.h; path = InboxTableViewCell.h; sourceTree = "<group>"; };
		7EE7E35913CCB2A800FA3B3A /* InboxTableViewCell.m */ = {isa = PBXFileReference; fileEncoding = 4; lastKnownFileType = sourcecode.c.objc; path = InboxTableViewCell.m; sourceTree = "<group>"; };
		7EE7E35D13CCB3D100FA3B3A /* UserImageView.h */ = {isa = PBXFileReference; fileEncoding = 4; lastKnownFileType = sourcecode.c.h; path = UserImageView.h; sourceTree = "<group>"; };
		7EE7E35E13CCB3D100FA3B3A /* UserImageView.m */ = {isa = PBXFileReference; fileEncoding = 4; lastKnownFileType = sourcecode.c.objc; path = UserImageView.m; sourceTree = "<group>"; };
		7EE7E36F13CD223100FA3B3A /* inbox_top_border@2x.png */ = {isa = PBXFileReference; lastKnownFileType = image.png; path = "inbox_top_border@2x.png"; sourceTree = "<group>"; };
		7EF1105613C906A90059F9BD /* EntityDetailViewController.h */ = {isa = PBXFileReference; fileEncoding = 4; lastKnownFileType = sourcecode.c.h; path = EntityDetailViewController.h; sourceTree = "<group>"; };
		7EF1105713C906A90059F9BD /* EntityDetailViewController.m */ = {isa = PBXFileReference; fileEncoding = 4; lastKnownFileType = sourcecode.c.objc; path = EntityDetailViewController.m; sourceTree = "<group>"; };
		7EF1105813C906A90059F9BD /* EntityDetailViewController.xib */ = {isa = PBXFileReference; fileEncoding = 4; lastKnownFileType = file.xib; path = EntityDetailViewController.xib; sourceTree = "<group>"; };
		7EFE8F2513C39FA100324F34 /* InboxViewController.h */ = {isa = PBXFileReference; fileEncoding = 4; lastKnownFileType = sourcecode.c.h; path = InboxViewController.h; sourceTree = "<group>"; };
		7EFE8F2613C39FA100324F34 /* InboxViewController.m */ = {isa = PBXFileReference; fileEncoding = 4; lastKnownFileType = sourcecode.c.objc; lineEnding = 0; path = InboxViewController.m; sourceTree = "<group>"; xcLanguageSpecificationIdentifier = xcode.lang.objc; };
		7EFE8F2713C39FA100324F34 /* InboxViewController.xib */ = {isa = PBXFileReference; fileEncoding = 4; lastKnownFileType = file.xib; path = InboxViewController.xib; sourceTree = "<group>"; };
		7EFE8F3213C3AFA300324F34 /* TGLight.otf */ = {isa = PBXFileReference; lastKnownFileType = file; path = TGLight.otf; sourceTree = "<group>"; };
		7EFE8F3313C3AFA300324F34 /* TitlingGothicFBComp-Reg.otf */ = {isa = PBXFileReference; lastKnownFileType = file; path = "TitlingGothicFBComp-Reg.otf"; sourceTree = "<group>"; };
		7EFE8F7913C3C96D00324F34 /* toolbar_people@2x.png */ = {isa = PBXFileReference; lastKnownFileType = image.png; path = "toolbar_people@2x.png"; sourceTree = "<group>"; };
		7EFE8F7A13C3C96D00324F34 /* toolbar_add_stamp@2x.png */ = {isa = PBXFileReference; lastKnownFileType = image.png; path = "toolbar_add_stamp@2x.png"; sourceTree = "<group>"; };
		7EFE8F7B13C3C96D00324F34 /* toolbar_activity@2x.png */ = {isa = PBXFileReference; lastKnownFileType = image.png; path = "toolbar_activity@2x.png"; sourceTree = "<group>"; };
		7EFE8F7C13C3C96D00324F34 /* toolbar_stamps@2x.png */ = {isa = PBXFileReference; lastKnownFileType = image.png; path = "toolbar_stamps@2x.png"; sourceTree = "<group>"; };
		7EFE8FBB13C4B58500324F34 /* RootTabBarViewController.h */ = {isa = PBXFileReference; fileEncoding = 4; lastKnownFileType = sourcecode.c.h; path = RootTabBarViewController.h; sourceTree = "<group>"; };
		7EFE8FBC13C4B58500324F34 /* RootTabBarViewController.m */ = {isa = PBXFileReference; fileEncoding = 4; lastKnownFileType = sourcecode.c.objc; path = RootTabBarViewController.m; sourceTree = "<group>"; };
		7EFE8FBD13C4B58500324F34 /* RootTabBarViewController.xib */ = {isa = PBXFileReference; fileEncoding = 4; lastKnownFileType = file.xib; path = RootTabBarViewController.xib; sourceTree = "<group>"; };
/* End PBXFileReference section */

/* Begin PBXFrameworksBuildPhase section */
		7EC0176E13C3754300ABE6E2 /* Frameworks */ = {
			isa = PBXFrameworksBuildPhase;
			buildActionMask = 2147483647;
			files = (
				7EE1193F13CE0C8500378139 /* CFNetwork.framework in Frameworks */,
				7EE1194013CE0C8500378139 /* CoreData.framework in Frameworks */,
				7EE1194113CE0C8500378139 /* MobileCoreServices.framework in Frameworks */,
				7EE1194213CE0C8500378139 /* SystemConfiguration.framework in Frameworks */,
				7EE1193613CE0C8500378139 /* libRestKitCoreData.a in Frameworks */,
				7EE1193713CE0C8500378139 /* libRestKitJSONParserJSONKit.a in Frameworks */,
				7EE1193813CE0C8500378139 /* libRestKitNetwork.a in Frameworks */,
				7EE1193913CE0C8500378139 /* libRestKitObjectMapping.a in Frameworks */,
				7EE1193A13CE0C8500378139 /* libRestKitSupport.a in Frameworks */,
				7E7612AD13C94D7E0023CCC4 /* CoreLocation.framework in Frameworks */,
				7E7612A913C943E30023CCC4 /* MapKit.framework in Frameworks */,
				7EDE38E613C51133003AEE52 /* CoreText.framework in Frameworks */,
				7EDE38E413C5093E003AEE52 /* QuartzCore.framework in Frameworks */,
				7EC0177613C3754300ABE6E2 /* UIKit.framework in Frameworks */,
				7EC0177813C3754300ABE6E2 /* Foundation.framework in Frameworks */,
				7EC0177A13C3754300ABE6E2 /* CoreGraphics.framework in Frameworks */,
			);
			runOnlyForDeploymentPostprocessing = 0;
		};
		7EC0179713C3754300ABE6E2 /* Frameworks */ = {
			isa = PBXFrameworksBuildPhase;
			buildActionMask = 2147483647;
			files = (
				7EC0179C13C3754300ABE6E2 /* UIKit.framework in Frameworks */,
				7EC0179D13C3754300ABE6E2 /* Foundation.framework in Frameworks */,
				7EC0179E13C3754300ABE6E2 /* CoreGraphics.framework in Frameworks */,
			);
			runOnlyForDeploymentPostprocessing = 0;
		};
/* End PBXFrameworksBuildPhase section */

/* Begin PBXGroup section */
		7E22679A13D4E94800657A66 /* Stamp Detail */ = {
			isa = PBXGroup;
			children = (
				7E22679B13D4E96A00657A66 /* stamp_detail_ripple_bottom@2x.png */,
				7E22679C13D4E96A00657A66 /* stamp_detail_ripple_top@2x.png */,
				7E2CECEB13C795840068D576 /* stamp@2x.png */,
				7E2CECEE13C79C530068D576 /* must_do@2x.png */,
				7E2CECEF13C79C530068D576 /* comment@2x.png */,
				7E2CECF013C79C530068D576 /* share@2x.png */,
			);
			name = "Stamp Detail";
			sourceTree = "<group>";
		};
		7E2267D813D52FF500657A66 /* Model */ = {
			isa = PBXGroup;
			children = (
				7EDBF9FE13E0C57A003D73D5 /* Entity.h */,
				7EDBF9FF13E0C57A003D73D5 /* Entity.m */,
				7E9EE35113DF683500F4736F /* Stamp.h */,
				7E9EE35213DF683500F4736F /* Stamp.m */,
				7E1D92DA13D5F5C40022412D /* User.h */,
				7E1D92DB13D5F5C40022412D /* User.m */,
				7EBCBE8513D78896009FCECF /* Comment.h */,
				7EBCBE8613D78896009FCECF /* Comment.m */,
				7E2BEBED13D7757200A116D2 /* ImageToDataTransformer.h */,
				7E2BEBEE13D7757300A116D2 /* ImageToDataTransformer.m */,
			);
			name = Model;
			sourceTree = "<group>";
		};
		7E2CED0C13C7A2630068D576 /* Categories */ = {
			isa = PBXGroup;
			children = (
				7E2CED0D13C7A2F30068D576 /* cat_icon_book@2x.png */,
				7E2CED0E13C7A2F30068D576 /* cat_icon_film@2x.png */,
				7E2CED0F13C7A2F30068D576 /* cat_icon_music@2x.png */,
				7E76129913C9344D0023CCC4 /* cat_icon_app@2x.png */,
				7E2CED1013C7A2F30068D576 /* cat_icon_place@2x.png */,
			);
			name = Categories;
			sourceTree = "<group>";
		};
		7E42DCBE13DB64D100AF63BE /* Create Stamp */ = {
			isa = PBXGroup;
			children = (
				7E42DCB913DB64CA00AF63BE /* CreateStampViewController.h */,
				7E42DCBA13DB64CA00AF63BE /* CreateStampViewController.m */,
				7E42DCBB13DB64CA00AF63BE /* CreateStampViewController.xib */,
				7E35A72C13DB9CEA008F856F /* CreateStampTableViewCell.h */,
				7E35A72D13DB9CEA008F856F /* CreateStampTableViewCell.m */,
				7E22D6AC13DDA34100C4005E /* CreateStampDetailViewController.h */,
				7E22D6AD13DDA34100C4005E /* CreateStampDetailViewController.m */,
				7E22D6AE13DDA34100C4005E /* CreateStampDetailViewController.xib */,
			);
			name = "Create Stamp";
			sourceTree = "<group>";
		};
		7E42DCC913DB72B700AF63BE /* Create Stamp */ = {
			isa = PBXGroup;
			children = (
				7E35A72A13DB9267008F856F /* search_icon@2x.png */,
				7E7E10A513DF14D100E44DE1 /* toolbar_checkmark@2x.png */,
				7E7E10A613DF14D100E44DE1 /* toolbar_close@2x.png */,
				7E35A72413DB8647008F856F /* cancel_background@2x.png */,
				7E7E10A113DF14C900E44DE1 /* photo_icon@2x.png */,
				7E7E10A213DF14C900E44DE1 /* credit_icon@2x.png */,
				7E22D6B513DDDA8500C4005E /* back_button@2x.png */,
				7E22D6B913DDDCE700C4005E /* back_button_pressed@2x.png */,
				7E22D6B713DDDAA400C4005E /* new_stamp_copy@2x.png */,
				7E099EEA13DE23790016B9A9 /* done_button_bg@2x.png */,
				7E35A72813DB895D008F856F /* search_field_background@2x.png */,
				7E35A72013DB847F008F856F /* cancel_pressed_background@2x.png */,
			);
			name = "Create Stamp";
			sourceTree = "<group>";
		};
		7E514AA213C9824D00EEC598 /* Entity Detail */ = {
			isa = PBXGroup;
			children = (
				7EF1105813C906A90059F9BD /* EntityDetailViewController.xib */,
				7E76129613C930F50023CCC4 /* PlaceDetailViewController.xib */,
				7E7612BF13C96B380023CCC4 /* BookDetailViewController.xib */,
				7E514A9813C97A9700EEC598 /* MusicDetailViewController.xib */,
				7E514AA613C9827000EEC598 /* FilmDetailViewController.xib */,
				7EF1105613C906A90059F9BD /* EntityDetailViewController.h */,
				7EF1105713C906A90059F9BD /* EntityDetailViewController.m */,
				7E76129413C930F40023CCC4 /* PlaceDetailViewController.h */,
				7E76129513C930F50023CCC4 /* PlaceDetailViewController.m */,
				7E7612BD13C96B380023CCC4 /* BookDetailViewController.h */,
				7E7612BE13C96B380023CCC4 /* BookDetailViewController.m */,
				7E514A9613C97A9700EEC598 /* MusicDetailViewController.h */,
				7E514A9713C97A9700EEC598 /* MusicDetailViewController.m */,
				7E514AA413C9827000EEC598 /* FilmDetailViewController.h */,
				7E514AA513C9827000EEC598 /* FilmDetailViewController.m */,
			);
			name = "Entity Detail";
			sourceTree = "<group>";
		};
		7E668C2613D8B25300E79E14 /* Stamp Detail */ = {
			isa = PBXGroup;
			children = (
				7EDE38DA13C4EB27003AEE52 /* StampDetailViewController.xib */,
				7EDE38D813C4EB27003AEE52 /* StampDetailViewController.h */,
				7EDE38D913C4EB27003AEE52 /* StampDetailViewController.m */,
				7E668C2713D8B27C00E79E14 /* StampDetailCommentView.h */,
				7E668C2813D8B27C00E79E14 /* StampDetailCommentView.m */,
			);
			name = "Stamp Detail";
			sourceTree = "<group>";
		};
		7E76129F13C940500023CCC4 /* Logos */ = {
			isa = PBXGroup;
			children = (
				7E7612A013C940970023CCC4 /* logo_amazon@2x.png */,
				7E7612A113C940970023CCC4 /* logo_fandango@2x.png */,
				7E7612A213C940970023CCC4 /* logo_itunes@2x.png */,
				7E7612A313C940970023CCC4 /* logo_opentable@2x.png */,
			);
			name = Logos;
			sourceTree = "<group>";
		};
		7E7612B413C95BBD0023CCC4 /* Entity Details */ = {
			isa = PBXGroup;
			children = (
				7E514AA913C9851800EEC598 /* film_detail_filler@2x.png */,
				7E514A9C13C97E8000EEC598 /* music_detail_filler@2x.png */,
				7E514A8913C9735800EEC598 /* book_detail_fillter@2x.png */,
				7E514A8C13C977E800EEC598 /* place_detail_filler@2x.png */,
				7E7612B713C95C5B0023CCC4 /* map_inner_shadow@2x.png */,
				7E76129D13C93F1D0023CCC4 /* call_action_button_bg@2x.png */,
			);
			name = "Entity Details";
			sourceTree = "<group>";
		};
		7EC0176613C3754300ABE6E2 = {
			isa = PBXGroup;
			children = (
				7EE1193B13CE0C8500378139 /* CFNetwork.framework */,
				7EE1193C13CE0C8500378139 /* CoreData.framework */,
				7EE1193D13CE0C8500378139 /* MobileCoreServices.framework */,
				7EE1193E13CE0C8500378139 /* SystemConfiguration.framework */,
				7EE1190B13CE0C4100378139 /* RestKit.xcodeproj */,
				7E7612AC13C94D7E0023CCC4 /* CoreLocation.framework */,
				7E7612A813C943E30023CCC4 /* MapKit.framework */,
				7EDE38E513C51133003AEE52 /* CoreText.framework */,
				7EDE38E313C5093E003AEE52 /* QuartzCore.framework */,
				7EC0177B13C3754300ABE6E2 /* Stamped */,
				7EC017A113C3754300ABE6E2 /* StampedTests */,
				7EC0177413C3754300ABE6E2 /* Frameworks */,
				7EC0177213C3754300ABE6E2 /* Products */,
			);
			sourceTree = "<group>";
		};
		7EC0177213C3754300ABE6E2 /* Products */ = {
			isa = PBXGroup;
			children = (
				7EC0177113C3754300ABE6E2 /* Stamped.app */,
				7EC0179B13C3754300ABE6E2 /* StampedTests.octest */,
			);
			name = Products;
			sourceTree = "<group>";
		};
		7EC0177413C3754300ABE6E2 /* Frameworks */ = {
			isa = PBXGroup;
			children = (
				7EC0177513C3754300ABE6E2 /* UIKit.framework */,
				7EC0177713C3754300ABE6E2 /* Foundation.framework */,
				7EC0177913C3754300ABE6E2 /* CoreGraphics.framework */,
			);
			name = Frameworks;
			sourceTree = "<group>";
		};
		7EC0177B13C3754300ABE6E2 /* Stamped */ = {
			isa = PBXGroup;
			children = (
				7EFE8FC813C4D8E300324F34 /* Classes */,
				7EFE8F8213C3CE3000324F34 /* Interface */,
				7EC6B4A413C6036500CE83DD /* Images */,
				7EC0177C13C3754300ABE6E2 /* Supporting Files */,
			);
			path = Stamped;
			sourceTree = "<group>";
		};
		7EC0177C13C3754300ABE6E2 /* Supporting Files */ = {
			isa = PBXGroup;
			children = (
				7E2267D213D501CB00657A66 /* StampedModel.xcdatamodeld */,
				7EFE8F3213C3AFA300324F34 /* TGLight.otf */,
				7EFE8F3313C3AFA300324F34 /* TitlingGothicFBComp-Reg.otf */,
				7EC0177D13C3754300ABE6E2 /* Stamped-Info.plist */,
				7EC0177E13C3754300ABE6E2 /* InfoPlist.strings */,
				7EC0178113C3754300ABE6E2 /* Stamped-Prefix.pch */,
				7EC0178213C3754300ABE6E2 /* main.m */,
			);
			name = "Supporting Files";
			sourceTree = "<group>";
		};
		7EC017A113C3754300ABE6E2 /* StampedTests */ = {
			isa = PBXGroup;
			children = (
				7EC017A813C3754400ABE6E2 /* StampedTests.h */,
				7EC017AA13C3754400ABE6E2 /* StampedTests.m */,
				7EC017A213C3754300ABE6E2 /* Supporting Files */,
			);
			path = StampedTests;
			sourceTree = "<group>";
		};
		7EC017A213C3754300ABE6E2 /* Supporting Files */ = {
			isa = PBXGroup;
			children = (
				7EC017A313C3754300ABE6E2 /* StampedTests-Info.plist */,
				7EC017A413C3754300ABE6E2 /* InfoPlist.strings */,
				7EC017A713C3754400ABE6E2 /* StampedTests-Prefix.pch */,
			);
			name = "Supporting Files";
			sourceTree = "<group>";
		};
		7EC6B4A413C6036500CE83DD /* Images */ = {
			isa = PBXGroup;
			children = (
				7E42DCC913DB72B700AF63BE /* Create Stamp */,
				7E22679A13D4E94800657A66 /* Stamp Detail */,
				7E76129F13C940500023CCC4 /* Logos */,
				7E2CED0C13C7A2630068D576 /* Categories */,
				7EC6B4A513C6039000CE83DD /* Stamp List Filter */,
				7E7612B413C95BBD0023CCC4 /* Entity Details */,
				7EAC166E13C547B6009A600A /* app_launcher_icon@2x.png */,
				7E1D92E913D632DE0022412D /* stamp_shape_textured@2x.png */,
				7E5DF6CB13DA0D2A00B63039 /* badge_background@2x.png */,
				7E76129B13C938DE0023CCC4 /* main_action_button_bg@2x.png */,
				7EE7E36F13CD223100FA3B3A /* inbox_top_border@2x.png */,
				7E7E109B13DF0D9100E44DE1 /* nav_bar_no_logo@2x.png */,
				7E42DCC713DB72B300AF63BE /* shelf_background@2x.png */,
				7E7E109C13DF0D9100E44DE1 /* nav_bar@2x.png */,
				7E7E109F13DF0FF300E44DE1 /* toolbar_todo@2x.png */,
				7EFE8F7913C3C96D00324F34 /* toolbar_people@2x.png */,
				7EBE8E2613DEFAD200D36E50 /* disclosure_arrow@2x.png */,
				7E5FEED713D0C497008BCA48 /* nav_bar_ripple@2x.png */,
				7EFE8F7A13C3C96D00324F34 /* toolbar_add_stamp@2x.png */,
				7EFE8F7B13C3C96D00324F34 /* toolbar_activity@2x.png */,
				7EFE8F7C13C3C96D00324F34 /* toolbar_stamps@2x.png */,
			);
			name = Images;
			sourceTree = "<group>";
		};
		7EC6B4A513C6039000CE83DD /* Stamp List Filter */ = {
			isa = PBXGroup;
			children = (
				7E2CECF413C7A1250068D576 /* sort_icon_book_0@2x.png */,
				7E2CECF513C7A1250068D576 /* sort_icon_book_1@2x.png */,
				7E2CECF613C7A1250068D576 /* sort_icon_film_0@2x.png */,
				7E2CECF713C7A1250068D576 /* sort_icon_film_1@2x.png */,
				7E2CECF813C7A1250068D576 /* sort_icon_more_0@2x.png */,
				7E2CECF913C7A1250068D576 /* sort_icon_more_1@2x.png */,
				7E2CECFA13C7A1250068D576 /* sort_icon_music_0@2x.png */,
				7E2CECFB13C7A1250068D576 /* sort_icon_music_1@2x.png */,
				7E2CECFC13C7A1250068D576 /* sort_icon_place_0@2x.png */,
				7E2CECFD13C7A1250068D576 /* sort_icon_place_1@2x.png */,
				7E2CECFE13C7A1250068D576 /* sort_icon_search_0@2x.png */,
				7E2CECFF13C7A1250068D576 /* sort_icon_search_1@2x.png */,
			);
			name = "Stamp List Filter";
			sourceTree = "<group>";
		};
		7ED2EF5C13E0DA48007F1AFB /* Activity */ = {
			isa = PBXGroup;
			children = (
				7ED2EF5D13E0DAFD007F1AFB /* activity_dummy@2x.png */,
				7EC0179313C3754300ABE6E2 /* ActivityViewController.xib */,
				7EC0178D13C3754300ABE6E2 /* ActivityViewController.h */,
				7EC0178E13C3754300ABE6E2 /* ActivityViewController.m */,
			);
			name = Activity;
			sourceTree = "<group>";
		};
		7ED2EF5F13E0DBF8007F1AFB /* Todo */ = {
			isa = PBXGroup;
			children = (
				7ED2EF6513E0DCC7007F1AFB /* todo_dummy@2x.png */,
				7ED2EF6013E0DC2F007F1AFB /* TodoViewController.h */,
				7ED2EF6113E0DC2F007F1AFB /* TodoViewController.m */,
				7ED2EF6213E0DC2F007F1AFB /* TodoViewController.xib */,
			);
			name = Todo;
			sourceTree = "<group>";
		};
		7ED2EF6713E0DED5007F1AFB /* Root View */ = {
			isa = PBXGroup;
			children = (
				7EFE8FBB13C4B58500324F34 /* RootTabBarViewController.h */,
				7EFE8FBC13C4B58500324F34 /* RootTabBarViewController.m */,
				7EFE8FBD13C4B58500324F34 /* RootTabBarViewController.xib */,
			);
			name = "Root View";
			sourceTree = "<group>";
		};
		7ED2EF6D13E0DF83007F1AFB /* People */ = {
			isa = PBXGroup;
			children = (
				7ED2EF6E13E0DFF3007F1AFB /* people_dummy@2x.png */,
				7ED2EF6813E0DF7F007F1AFB /* PeopleViewController.h */,
				7ED2EF6913E0DF7F007F1AFB /* PeopleViewController.m */,
				7ED2EF6A13E0DF7F007F1AFB /* PeopleViewController.xib */,
			);
			name = People;
			sourceTree = "<group>";
		};
		7EE1190C13CE0C4100378139 /* Products */ = {
			isa = PBXGroup;
			children = (
				7EE1192013CE0C4100378139 /* libRestKitNetwork.a */,
				7EE1192213CE0C4100378139 /* libRestKitObjectMapping.a */,
				7EE1192413CE0C4100378139 /* libRestKitSupport.a */,
				7EE1192613CE0C4100378139 /* libRestKitJSONParserYAJL.a */,
				7EE1192813CE0C4100378139 /* libRestKitJSONParserSBJSON.a */,
				7EE1192A13CE0C4100378139 /* libRestKitJSONParserJSONKit.a */,
				7EE1192C13CE0C4100378139 /* libRestKitXMLParserLibxml.a */,
				7EE1192E13CE0C4100378139 /* libRestKitCoreData.a */,
				7EE1193013CE0C4100378139 /* libRestKitThree20.a */,
				7EE1193213CE0C4100378139 /* UISpec.app */,
			);
			name = Products;
			sourceTree = "<group>";
		};
		7EE7E35C13CCB2D600FA3B3A /* Inbox */ = {
			isa = PBXGroup;
			children = (
				7EFE8F2713C39FA100324F34 /* InboxViewController.xib */,
				7EFE8F2513C39FA100324F34 /* InboxViewController.h */,
				7EFE8F2613C39FA100324F34 /* InboxViewController.m */,
				7EE7E35813CCB2A800FA3B3A /* InboxTableViewCell.h */,
				7EE7E35913CCB2A800FA3B3A /* InboxTableViewCell.m */,
			);
			name = Inbox;
			sourceTree = "<group>";
		};
		7EFE8F8213C3CE3000324F34 /* Interface */ = {
			isa = PBXGroup;
			children = (
				7EC0178713C3754300ABE6E2 /* MainWindow.xib */,
			);
			name = Interface;
			sourceTree = "<group>";
		};
		7EFE8FC813C4D8E300324F34 /* Classes */ = {
			isa = PBXGroup;
			children = (
				7E3B6D7813D7509600FBE958 /* Util.h */,
				7E3B6D7913D7509600FBE958 /* Util.m */,
				7E2267D813D52FF500657A66 /* Model */,
				7EE7E35C13CCB2D600FA3B3A /* Inbox */,
				7E42DCBE13DB64D100AF63BE /* Create Stamp */,
				7E668C2613D8B25300E79E14 /* Stamp Detail */,
				7E514AA213C9824D00EEC598 /* Entity Detail */,
				7ED2EF5C13E0DA48007F1AFB /* Activity */,
				7ED2EF5F13E0DBF8007F1AFB /* Todo */,
				7ED2EF6D13E0DF83007F1AFB /* People */,
				7ED2EF6713E0DED5007F1AFB /* Root View */,
				7E22679713D4D90F00657A66 /* AccountManager.h */,
				7E22679813D4D90F00657A66 /* AccountManager.m */,
				7E512FC413D9F3B400547A20 /* STBadgeView.h */,
				7E512FC513D9F3B400547A20 /* STBadgeView.m */,
				7EC0178413C3754300ABE6E2 /* StampedAppDelegate.h */,
				7EC0178513C3754300ABE6E2 /* StampedAppDelegate.m */,
				7EDE38CE13C4D9A7003AEE52 /* STNavigationBar.h */,
				7EDE38CF13C4D9A7003AEE52 /* STNavigationBar.m */,
				7EE7E35D13CCB3D100FA3B3A /* UserImageView.h */,
				7EE7E35E13CCB3D100FA3B3A /* UserImageView.m */,
			);
			name = Classes;
			sourceTree = "<group>";
		};
/* End PBXGroup section */

/* Begin PBXNativeTarget section */
		7EC0177013C3754300ABE6E2 /* Stamped */ = {
			isa = PBXNativeTarget;
			buildConfigurationList = 7EC017AE13C3754400ABE6E2 /* Build configuration list for PBXNativeTarget "Stamped" */;
			buildPhases = (
				7EC0176D13C3754300ABE6E2 /* Sources */,
				7EC0176E13C3754300ABE6E2 /* Frameworks */,
				7EC0176F13C3754300ABE6E2 /* Resources */,
			);
			buildRules = (
			);
			dependencies = (
				7EE1193513CE0C4B00378139 /* PBXTargetDependency */,
			);
			name = Stamped;
			productName = Stamped;
			productReference = 7EC0177113C3754300ABE6E2 /* Stamped.app */;
			productType = "com.apple.product-type.application";
		};
		7EC0179A13C3754300ABE6E2 /* StampedTests */ = {
			isa = PBXNativeTarget;
			buildConfigurationList = 7EC017B113C3754400ABE6E2 /* Build configuration list for PBXNativeTarget "StampedTests" */;
			buildPhases = (
				7EC0179613C3754300ABE6E2 /* Sources */,
				7EC0179713C3754300ABE6E2 /* Frameworks */,
				7EC0179813C3754300ABE6E2 /* Resources */,
				7EC0179913C3754300ABE6E2 /* ShellScript */,
			);
			buildRules = (
			);
			dependencies = (
				7EC017A013C3754300ABE6E2 /* PBXTargetDependency */,
			);
			name = StampedTests;
			productName = StampedTests;
			productReference = 7EC0179B13C3754300ABE6E2 /* StampedTests.octest */;
			productType = "com.apple.product-type.bundle";
		};
/* End PBXNativeTarget section */

/* Begin PBXProject section */
		7EC0176813C3754300ABE6E2 /* Project object */ = {
			isa = PBXProject;
			attributes = {
				LastUpgradeCheck = 0420;
			};
			buildConfigurationList = 7EC0176B13C3754300ABE6E2 /* Build configuration list for PBXProject "Stamped" */;
			compatibilityVersion = "Xcode 3.2";
			developmentRegion = English;
			hasScannedForEncodings = 0;
			knownRegions = (
				en,
			);
			mainGroup = 7EC0176613C3754300ABE6E2;
			productRefGroup = 7EC0177213C3754300ABE6E2 /* Products */;
			projectDirPath = "";
			projectReferences = (
				{
					ProductGroup = 7EE1190C13CE0C4100378139 /* Products */;
					ProjectRef = 7EE1190B13CE0C4100378139 /* RestKit.xcodeproj */;
				},
			);
			projectRoot = "";
			targets = (
				7EC0177013C3754300ABE6E2 /* Stamped */,
				7EC0179A13C3754300ABE6E2 /* StampedTests */,
			);
		};
/* End PBXProject section */

/* Begin PBXReferenceProxy section */
		7EE1192013CE0C4100378139 /* libRestKitNetwork.a */ = {
			isa = PBXReferenceProxy;
			fileType = archive.ar;
			path = libRestKitNetwork.a;
			remoteRef = 7EE1191F13CE0C4100378139 /* PBXContainerItemProxy */;
			sourceTree = BUILT_PRODUCTS_DIR;
		};
		7EE1192213CE0C4100378139 /* libRestKitObjectMapping.a */ = {
			isa = PBXReferenceProxy;
			fileType = archive.ar;
			path = libRestKitObjectMapping.a;
			remoteRef = 7EE1192113CE0C4100378139 /* PBXContainerItemProxy */;
			sourceTree = BUILT_PRODUCTS_DIR;
		};
		7EE1192413CE0C4100378139 /* libRestKitSupport.a */ = {
			isa = PBXReferenceProxy;
			fileType = archive.ar;
			path = libRestKitSupport.a;
			remoteRef = 7EE1192313CE0C4100378139 /* PBXContainerItemProxy */;
			sourceTree = BUILT_PRODUCTS_DIR;
		};
		7EE1192613CE0C4100378139 /* libRestKitJSONParserYAJL.a */ = {
			isa = PBXReferenceProxy;
			fileType = archive.ar;
			path = libRestKitJSONParserYAJL.a;
			remoteRef = 7EE1192513CE0C4100378139 /* PBXContainerItemProxy */;
			sourceTree = BUILT_PRODUCTS_DIR;
		};
		7EE1192813CE0C4100378139 /* libRestKitJSONParserSBJSON.a */ = {
			isa = PBXReferenceProxy;
			fileType = archive.ar;
			path = libRestKitJSONParserSBJSON.a;
			remoteRef = 7EE1192713CE0C4100378139 /* PBXContainerItemProxy */;
			sourceTree = BUILT_PRODUCTS_DIR;
		};
		7EE1192A13CE0C4100378139 /* libRestKitJSONParserJSONKit.a */ = {
			isa = PBXReferenceProxy;
			fileType = archive.ar;
			path = libRestKitJSONParserJSONKit.a;
			remoteRef = 7EE1192913CE0C4100378139 /* PBXContainerItemProxy */;
			sourceTree = BUILT_PRODUCTS_DIR;
		};
		7EE1192C13CE0C4100378139 /* libRestKitXMLParserLibxml.a */ = {
			isa = PBXReferenceProxy;
			fileType = archive.ar;
			path = libRestKitXMLParserLibxml.a;
			remoteRef = 7EE1192B13CE0C4100378139 /* PBXContainerItemProxy */;
			sourceTree = BUILT_PRODUCTS_DIR;
		};
		7EE1192E13CE0C4100378139 /* libRestKitCoreData.a */ = {
			isa = PBXReferenceProxy;
			fileType = archive.ar;
			path = libRestKitCoreData.a;
			remoteRef = 7EE1192D13CE0C4100378139 /* PBXContainerItemProxy */;
			sourceTree = BUILT_PRODUCTS_DIR;
		};
		7EE1193013CE0C4100378139 /* libRestKitThree20.a */ = {
			isa = PBXReferenceProxy;
			fileType = archive.ar;
			path = libRestKitThree20.a;
			remoteRef = 7EE1192F13CE0C4100378139 /* PBXContainerItemProxy */;
			sourceTree = BUILT_PRODUCTS_DIR;
		};
		7EE1193213CE0C4100378139 /* UISpec.app */ = {
			isa = PBXReferenceProxy;
			fileType = wrapper.application;
			path = UISpec.app;
			remoteRef = 7EE1193113CE0C4100378139 /* PBXContainerItemProxy */;
			sourceTree = BUILT_PRODUCTS_DIR;
		};
/* End PBXReferenceProxy section */

/* Begin PBXResourcesBuildPhase section */
		7EC0176F13C3754300ABE6E2 /* Resources */ = {
			isa = PBXResourcesBuildPhase;
			buildActionMask = 2147483647;
			files = (
				7EC0178013C3754300ABE6E2 /* InfoPlist.strings in Resources */,
				7EC0178913C3754300ABE6E2 /* MainWindow.xib in Resources */,
				7EC0179513C3754300ABE6E2 /* ActivityViewController.xib in Resources */,
				7EFE8F2913C39FA200324F34 /* InboxViewController.xib in Resources */,
				7EFE8F3413C3AFA300324F34 /* TGLight.otf in Resources */,
				7EFE8F3513C3AFA300324F34 /* TitlingGothicFBComp-Reg.otf in Resources */,
				7EFE8F7E13C3C96D00324F34 /* toolbar_people@2x.png in Resources */,
				7EFE8F7F13C3C96D00324F34 /* toolbar_add_stamp@2x.png in Resources */,
				7EFE8F8013C3C96D00324F34 /* toolbar_activity@2x.png in Resources */,
				7EFE8F8113C3C96D00324F34 /* toolbar_stamps@2x.png in Resources */,
				7EFE8FBF13C4B58500324F34 /* RootTabBarViewController.xib in Resources */,
				7EDE38DC13C4EB27003AEE52 /* StampDetailViewController.xib in Resources */,
				7EAC166F13C547B6009A600A /* app_launcher_icon@2x.png in Resources */,
				7E2CECEC13C795840068D576 /* stamp@2x.png in Resources */,
				7E2CECF113C79C530068D576 /* must_do@2x.png in Resources */,
				7E2CECF213C79C530068D576 /* comment@2x.png in Resources */,
				7E2CECF313C79C530068D576 /* share@2x.png in Resources */,
				7E2CED0013C7A1250068D576 /* sort_icon_book_0@2x.png in Resources */,
				7E2CED0113C7A1250068D576 /* sort_icon_book_1@2x.png in Resources */,
				7E2CED0213C7A1250068D576 /* sort_icon_film_0@2x.png in Resources */,
				7E2CED0313C7A1250068D576 /* sort_icon_film_1@2x.png in Resources */,
				7E2CED0413C7A1250068D576 /* sort_icon_more_0@2x.png in Resources */,
				7E2CED0513C7A1250068D576 /* sort_icon_more_1@2x.png in Resources */,
				7E2CED0613C7A1250068D576 /* sort_icon_music_0@2x.png in Resources */,
				7E2CED0713C7A1250068D576 /* sort_icon_music_1@2x.png in Resources */,
				7E2CED0813C7A1250068D576 /* sort_icon_place_0@2x.png in Resources */,
				7E2CED0913C7A1250068D576 /* sort_icon_place_1@2x.png in Resources */,
				7E2CED0A13C7A1250068D576 /* sort_icon_search_0@2x.png in Resources */,
				7E2CED0B13C7A1250068D576 /* sort_icon_search_1@2x.png in Resources */,
				7E2CED1113C7A2F30068D576 /* cat_icon_book@2x.png in Resources */,
				7E2CED1213C7A2F30068D576 /* cat_icon_film@2x.png in Resources */,
				7E2CED1313C7A2F30068D576 /* cat_icon_music@2x.png in Resources */,
				7E2CED1413C7A2F30068D576 /* cat_icon_place@2x.png in Resources */,
				7EF1105A13C906AA0059F9BD /* EntityDetailViewController.xib in Resources */,
				7E76129813C930F50023CCC4 /* PlaceDetailViewController.xib in Resources */,
				7E76129A13C9344D0023CCC4 /* cat_icon_app@2x.png in Resources */,
				7E76129C13C938DE0023CCC4 /* main_action_button_bg@2x.png in Resources */,
				7E76129E13C93F1D0023CCC4 /* call_action_button_bg@2x.png in Resources */,
				7E7612A413C940970023CCC4 /* logo_amazon@2x.png in Resources */,
				7E7612A513C940970023CCC4 /* logo_fandango@2x.png in Resources */,
				7E7612A613C940970023CCC4 /* logo_itunes@2x.png in Resources */,
				7E7612A713C940970023CCC4 /* logo_opentable@2x.png in Resources */,
				7E7612B813C95C5B0023CCC4 /* map_inner_shadow@2x.png in Resources */,
				7E7612C113C96B380023CCC4 /* BookDetailViewController.xib in Resources */,
				7E514A8A13C9735800EEC598 /* book_detail_fillter@2x.png in Resources */,
				7E514A8D13C977E800EEC598 /* place_detail_filler@2x.png in Resources */,
				7E514A9A13C97A9700EEC598 /* MusicDetailViewController.xib in Resources */,
				7E514A9D13C97E8000EEC598 /* music_detail_filler@2x.png in Resources */,
				7E514AA813C9827000EEC598 /* FilmDetailViewController.xib in Resources */,
				7E514AAA13C9851800EEC598 /* film_detail_filler@2x.png in Resources */,
				7EE7E37013CD223100FA3B3A /* inbox_top_border@2x.png in Resources */,
				7E5FEED913D0C497008BCA48 /* nav_bar_ripple@2x.png in Resources */,
				7E22679D13D4E96A00657A66 /* stamp_detail_ripple_bottom@2x.png in Resources */,
				7E22679E13D4E96A00657A66 /* stamp_detail_ripple_top@2x.png in Resources */,
				7E1D92EA13D632DE0022412D /* stamp_shape_textured@2x.png in Resources */,
				7E5DF6CC13DA0D2A00B63039 /* badge_background@2x.png in Resources */,
				7E42DCBD13DB64CA00AF63BE /* CreateStampViewController.xib in Resources */,
				7E42DCC813DB72B300AF63BE /* shelf_background@2x.png in Resources */,
				7E35A72113DB847F008F856F /* cancel_pressed_background@2x.png in Resources */,
				7E35A72513DB8647008F856F /* cancel_background@2x.png in Resources */,
				7E35A72913DB895D008F856F /* search_field_background@2x.png in Resources */,
				7E35A72B13DB9267008F856F /* search_icon@2x.png in Resources */,
				7E22D6B013DDA34100C4005E /* CreateStampDetailViewController.xib in Resources */,
				7E22D6B613DDDA8500C4005E /* back_button@2x.png in Resources */,
				7E22D6B813DDDAA400C4005E /* new_stamp_copy@2x.png in Resources */,
				7E22D6BA13DDDCE700C4005E /* back_button_pressed@2x.png in Resources */,
				7E099EEB13DE23790016B9A9 /* done_button_bg@2x.png in Resources */,
				7EBE8E2713DEFAD200D36E50 /* disclosure_arrow@2x.png in Resources */,
				7E7E109D13DF0D9100E44DE1 /* nav_bar_no_logo@2x.png in Resources */,
				7E7E109E13DF0D9100E44DE1 /* nav_bar@2x.png in Resources */,
				7E7E10A013DF0FF300E44DE1 /* toolbar_todo@2x.png in Resources */,
				7E7E10A313DF14C900E44DE1 /* photo_icon@2x.png in Resources */,
				7E7E10A413DF14C900E44DE1 /* credit_icon@2x.png in Resources */,
				7E7E10A713DF14D100E44DE1 /* toolbar_checkmark@2x.png in Resources */,
				7E7E10A813DF14D100E44DE1 /* toolbar_close@2x.png in Resources */,
				7ED2EF5E13E0DAFD007F1AFB /* activity_dummy@2x.png in Resources */,
				7ED2EF6413E0DC2F007F1AFB /* TodoViewController.xib in Resources */,
				7ED2EF6613E0DCC7007F1AFB /* todo_dummy@2x.png in Resources */,
				7ED2EF6C13E0DF7F007F1AFB /* PeopleViewController.xib in Resources */,
				7ED2EF6F13E0DFF3007F1AFB /* people_dummy@2x.png in Resources */,
			);
			runOnlyForDeploymentPostprocessing = 0;
		};
		7EC0179813C3754300ABE6E2 /* Resources */ = {
			isa = PBXResourcesBuildPhase;
			buildActionMask = 2147483647;
			files = (
				7EC017A613C3754400ABE6E2 /* InfoPlist.strings in Resources */,
				7EC017A913C3754400ABE6E2 /* StampedTests.h in Resources */,
			);
			runOnlyForDeploymentPostprocessing = 0;
		};
/* End PBXResourcesBuildPhase section */

/* Begin PBXShellScriptBuildPhase section */
		7EC0179913C3754300ABE6E2 /* ShellScript */ = {
			isa = PBXShellScriptBuildPhase;
			buildActionMask = 2147483647;
			files = (
			);
			inputPaths = (
			);
			outputPaths = (
			);
			runOnlyForDeploymentPostprocessing = 0;
			shellPath = /bin/sh;
			shellScript = "# Run the unit tests in this test bundle.\n\"${SYSTEM_DEVELOPER_DIR}/Tools/RunUnitTests\"\n";
		};
/* End PBXShellScriptBuildPhase section */

/* Begin PBXSourcesBuildPhase section */
		7EC0176D13C3754300ABE6E2 /* Sources */ = {
			isa = PBXSourcesBuildPhase;
			buildActionMask = 2147483647;
			files = (
				7EC0178313C3754300ABE6E2 /* main.m in Sources */,
				7EC0178613C3754300ABE6E2 /* StampedAppDelegate.m in Sources */,
				7EC0178F13C3754300ABE6E2 /* ActivityViewController.m in Sources */,
				7EFE8F2813C39FA200324F34 /* InboxViewController.m in Sources */,
				7EFE8FBE13C4B58500324F34 /* RootTabBarViewController.m in Sources */,
				7EDE38D013C4D9A7003AEE52 /* STNavigationBar.m in Sources */,
				7EDE38DB13C4EB27003AEE52 /* StampDetailViewController.m in Sources */,
				7EF1105913C906AA0059F9BD /* EntityDetailViewController.m in Sources */,
				7E76129713C930F50023CCC4 /* PlaceDetailViewController.m in Sources */,
				7E7612C013C96B380023CCC4 /* BookDetailViewController.m in Sources */,
				7E514A9913C97A9700EEC598 /* MusicDetailViewController.m in Sources */,
				7E514AA713C9827000EEC598 /* FilmDetailViewController.m in Sources */,
				7EE7E35A13CCB2A800FA3B3A /* InboxTableViewCell.m in Sources */,
				7EE7E35F13CCB3D100FA3B3A /* UserImageView.m in Sources */,
				7E22679913D4D90F00657A66 /* AccountManager.m in Sources */,
				7E2267D413D501CB00657A66 /* StampedModel.xcdatamodeld in Sources */,
				7E1D92DC13D5F5C50022412D /* User.m in Sources */,
				7E3B6D7A13D7509600FBE958 /* Util.m in Sources */,
				7E2BEBEF13D7757300A116D2 /* ImageToDataTransformer.m in Sources */,
				7EBCBE8713D78896009FCECF /* Comment.m in Sources */,
				7E668C2913D8B27C00E79E14 /* StampDetailCommentView.m in Sources */,
				7E512FC613D9F3B400547A20 /* STBadgeView.m in Sources */,
				7E42DCBC13DB64CA00AF63BE /* CreateStampViewController.m in Sources */,
				7E35A72E13DB9CEA008F856F /* CreateStampTableViewCell.m in Sources */,
				7E22D6AF13DDA34100C4005E /* CreateStampDetailViewController.m in Sources */,
				7E9EE35313DF683500F4736F /* Stamp.m in Sources */,
				7EDBFA0013E0C57A003D73D5 /* Entity.m in Sources */,
				7ED2EF6313E0DC2F007F1AFB /* TodoViewController.m in Sources */,
				7ED2EF6B13E0DF7F007F1AFB /* PeopleViewController.m in Sources */,
			);
			runOnlyForDeploymentPostprocessing = 0;
		};
		7EC0179613C3754300ABE6E2 /* Sources */ = {
			isa = PBXSourcesBuildPhase;
			buildActionMask = 2147483647;
			files = (
				7EC017AB13C3754400ABE6E2 /* StampedTests.m in Sources */,
			);
			runOnlyForDeploymentPostprocessing = 0;
		};
/* End PBXSourcesBuildPhase section */

/* Begin PBXTargetDependency section */
		7EC017A013C3754300ABE6E2 /* PBXTargetDependency */ = {
			isa = PBXTargetDependency;
			target = 7EC0177013C3754300ABE6E2 /* Stamped */;
			targetProxy = 7EC0179F13C3754300ABE6E2 /* PBXContainerItemProxy */;
		};
		7EE1193513CE0C4B00378139 /* PBXTargetDependency */ = {
			isa = PBXTargetDependency;
			name = RestKit;
			targetProxy = 7EE1193413CE0C4B00378139 /* PBXContainerItemProxy */;
		};
/* End PBXTargetDependency section */

/* Begin PBXVariantGroup section */
		7EC0177E13C3754300ABE6E2 /* InfoPlist.strings */ = {
			isa = PBXVariantGroup;
			children = (
				7EC0177F13C3754300ABE6E2 /* en */,
			);
			name = InfoPlist.strings;
			sourceTree = "<group>";
		};
		7EC0178713C3754300ABE6E2 /* MainWindow.xib */ = {
			isa = PBXVariantGroup;
			children = (
				7EC0178813C3754300ABE6E2 /* en */,
			);
			name = MainWindow.xib;
			sourceTree = "<group>";
		};
		7EC0179313C3754300ABE6E2 /* ActivityViewController.xib */ = {
			isa = PBXVariantGroup;
			children = (
				7EC0179413C3754300ABE6E2 /* en */,
			);
			name = ActivityViewController.xib;
			sourceTree = "<group>";
		};
		7EC017A413C3754300ABE6E2 /* InfoPlist.strings */ = {
			isa = PBXVariantGroup;
			children = (
				7EC017A513C3754300ABE6E2 /* en */,
			);
			name = InfoPlist.strings;
			sourceTree = "<group>";
		};
/* End PBXVariantGroup section */

/* Begin XCBuildConfiguration section */
		7EC017AC13C3754400ABE6E2 /* Debug */ = {
			isa = XCBuildConfiguration;
			buildSettings = {
				ARCHS = "$(ARCHS_STANDARD_32_BIT)";
				"CODE_SIGN_IDENTITY[sdk=iphoneos*]" = "iPhone Developer";
				GCC_C_LANGUAGE_STANDARD = gnu99;
				GCC_OPTIMIZATION_LEVEL = 0;
				GCC_PREPROCESSOR_DEFINITIONS = DEBUG;
				GCC_SYMBOLS_PRIVATE_EXTERN = NO;
				GCC_VERSION = com.apple.compilers.llvmgcc42;
				GCC_WARN_ABOUT_RETURN_TYPE = YES;
				GCC_WARN_UNUSED_VARIABLE = YES;
				HEADER_SEARCH_PATHS = "\"$(SOURCE_ROOT)/RestKit/Build\"";
				IPHONEOS_DEPLOYMENT_TARGET = 4.3;
				LIBRARY_SEARCH_PATHS = "\"$(SOURCE_ROOT)/RestKit/Build/$(BUILD_STYLE)-$(PLATFORM_NAME)\"";
				OTHER_LDFLAGS = (
					"-ObjC",
					"-all_load",
				);
				SDKROOT = iphoneos;
			};
			name = Debug;
		};
		7EC017AD13C3754400ABE6E2 /* Release */ = {
			isa = XCBuildConfiguration;
			buildSettings = {
				ARCHS = "$(ARCHS_STANDARD_32_BIT)";
				"CODE_SIGN_IDENTITY[sdk=iphoneos*]" = "iPhone Developer";
				GCC_C_LANGUAGE_STANDARD = gnu99;
				GCC_VERSION = com.apple.compilers.llvmgcc42;
				GCC_WARN_ABOUT_RETURN_TYPE = YES;
				GCC_WARN_UNUSED_VARIABLE = YES;
				HEADER_SEARCH_PATHS = "\"$(SOURCE_ROOT)/RestKit/Build\"";
				IPHONEOS_DEPLOYMENT_TARGET = 4.3;
				LIBRARY_SEARCH_PATHS = "\"$(SOURCE_ROOT)/RestKit/Build/$(BUILD_STYLE)-$(PLATFORM_NAME)\"";
				OTHER_CFLAGS = "-DNS_BLOCK_ASSERTIONS=1";
				OTHER_LDFLAGS = (
					"-ObjC",
					"-all_load",
				);
				SDKROOT = iphoneos;
			};
			name = Release;
		};
		7EC017AF13C3754400ABE6E2 /* Debug */ = {
			isa = XCBuildConfiguration;
			buildSettings = {
				ALWAYS_SEARCH_USER_PATHS = NO;
				CODE_SIGN_IDENTITY = "";
				"CODE_SIGN_IDENTITY[sdk=iphoneos*]" = "iPhone Developer";
				COPY_PHASE_STRIP = NO;
				FRAMEWORK_SEARCH_PATHS = (
					"$(inherited)",
					"\"$(SRCROOT)/Stamped\"",
				);
				GCC_DYNAMIC_NO_PIC = NO;
				GCC_PRECOMPILE_PREFIX_HEADER = YES;
				GCC_PREFIX_HEADER = "Stamped/Stamped-Prefix.pch";
				GCC_VERSION = com.apple.compilers.llvm.clang.1_0;
				INFOPLIST_FILE = "Stamped/Stamped-Info.plist";
				PRODUCT_NAME = "$(TARGET_NAME)";
				"PROVISIONING_PROFILE[sdk=iphoneos*]" = "";
				WRAPPER_EXTENSION = app;
			};
			name = Debug;
		};
		7EC017B013C3754400ABE6E2 /* Release */ = {
			isa = XCBuildConfiguration;
			buildSettings = {
				ALWAYS_SEARCH_USER_PATHS = NO;
				CODE_SIGN_IDENTITY = "";
				"CODE_SIGN_IDENTITY[sdk=iphoneos*]" = "iPhone Developer";
				COPY_PHASE_STRIP = YES;
				FRAMEWORK_SEARCH_PATHS = (
					"$(inherited)",
					"\"$(SRCROOT)/Stamped\"",
				);
				GCC_PRECOMPILE_PREFIX_HEADER = YES;
				GCC_PREFIX_HEADER = "Stamped/Stamped-Prefix.pch";
				GCC_VERSION = com.apple.compilers.llvmgcc42;
				INFOPLIST_FILE = "Stamped/Stamped-Info.plist";
				PRODUCT_NAME = "$(TARGET_NAME)";
				"PROVISIONING_PROFILE[sdk=iphoneos*]" = "";
				VALIDATE_PRODUCT = YES;
				WRAPPER_EXTENSION = app;
			};
			name = Release;
		};
		7EC017B213C3754400ABE6E2 /* Debug */ = {
			isa = XCBuildConfiguration;
			buildSettings = {
				ALWAYS_SEARCH_USER_PATHS = NO;
				BUNDLE_LOADER = "$(BUILT_PRODUCTS_DIR)/Stamped.app/Stamped";
				FRAMEWORK_SEARCH_PATHS = (
					"$(SDKROOT)/Developer/Library/Frameworks",
					"$(DEVELOPER_LIBRARY_DIR)/Frameworks",
				);
				GCC_PRECOMPILE_PREFIX_HEADER = YES;
				GCC_PREFIX_HEADER = "StampedTests/StampedTests-Prefix.pch";
				INFOPLIST_FILE = "StampedTests/StampedTests-Info.plist";
				OTHER_LDFLAGS = (
					"-framework",
					SenTestingKit,
				);
				PRODUCT_NAME = "$(TARGET_NAME)";
				TEST_HOST = "$(BUNDLE_LOADER)";
				WRAPPER_EXTENSION = octest;
			};
			name = Debug;
		};
		7EC017B313C3754400ABE6E2 /* Release */ = {
			isa = XCBuildConfiguration;
			buildSettings = {
				ALWAYS_SEARCH_USER_PATHS = NO;
				BUNDLE_LOADER = "$(BUILT_PRODUCTS_DIR)/Stamped.app/Stamped";
				FRAMEWORK_SEARCH_PATHS = (
					"$(SDKROOT)/Developer/Library/Frameworks",
					"$(DEVELOPER_LIBRARY_DIR)/Frameworks",
				);
				GCC_PRECOMPILE_PREFIX_HEADER = YES;
				GCC_PREFIX_HEADER = "StampedTests/StampedTests-Prefix.pch";
				INFOPLIST_FILE = "StampedTests/StampedTests-Info.plist";
				OTHER_LDFLAGS = (
					"-framework",
					SenTestingKit,
				);
				PRODUCT_NAME = "$(TARGET_NAME)";
				TEST_HOST = "$(BUNDLE_LOADER)";
				WRAPPER_EXTENSION = octest;
			};
			name = Release;
		};
/* End XCBuildConfiguration section */

/* Begin XCConfigurationList section */
		7EC0176B13C3754300ABE6E2 /* Build configuration list for PBXProject "Stamped" */ = {
			isa = XCConfigurationList;
			buildConfigurations = (
				7EC017AC13C3754400ABE6E2 /* Debug */,
				7EC017AD13C3754400ABE6E2 /* Release */,
			);
			defaultConfigurationIsVisible = 0;
			defaultConfigurationName = Release;
		};
		7EC017AE13C3754400ABE6E2 /* Build configuration list for PBXNativeTarget "Stamped" */ = {
			isa = XCConfigurationList;
			buildConfigurations = (
				7EC017AF13C3754400ABE6E2 /* Debug */,
				7EC017B013C3754400ABE6E2 /* Release */,
			);
			defaultConfigurationIsVisible = 0;
			defaultConfigurationName = Release;
		};
		7EC017B113C3754400ABE6E2 /* Build configuration list for PBXNativeTarget "StampedTests" */ = {
			isa = XCConfigurationList;
			buildConfigurations = (
				7EC017B213C3754400ABE6E2 /* Debug */,
				7EC017B313C3754400ABE6E2 /* Release */,
			);
			defaultConfigurationIsVisible = 0;
			defaultConfigurationName = Release;
		};
/* End XCConfigurationList section */

/* Begin XCVersionGroup section */
		7E2267D213D501CB00657A66 /* StampedModel.xcdatamodeld */ = {
			isa = XCVersionGroup;
			children = (
				7E2267D313D501CB00657A66 /* StampedModel.xcdatamodel */,
			);
			currentVersion = 7E2267D313D501CB00657A66 /* StampedModel.xcdatamodel */;
			path = StampedModel.xcdatamodeld;
			sourceTree = SOURCE_ROOT;
			versionGroupType = wrapper.xcdatamodel;
		};
/* End XCVersionGroup section */
	};
	rootObject = 7EC0176813C3754300ABE6E2 /* Project object */;
}
