// !$*UTF8*$!
{
	archiveVersion = 1;
	classes = {
	};
	objectVersion = 46;
	objects = {

/* Begin PBXBuildFile section */
		7E2CECEC13C795840068D576 /* stamp@2x.png in Resources */ = {isa = PBXBuildFile; fileRef = 7E2CECEB13C795840068D576 /* stamp@2x.png */; };
		7E2CECF113C79C530068D576 /* must_do@2x.png in Resources */ = {isa = PBXBuildFile; fileRef = 7E2CECEE13C79C530068D576 /* must_do@2x.png */; };
		7E2CECF213C79C530068D576 /* comment@2x.png in Resources */ = {isa = PBXBuildFile; fileRef = 7E2CECEF13C79C530068D576 /* comment@2x.png */; };
		7E2CECF313C79C530068D576 /* share@2x.png in Resources */ = {isa = PBXBuildFile; fileRef = 7E2CECF013C79C530068D576 /* share@2x.png */; };
		7E2CED0013C7A1250068D576 /* sort_icon_book_0@2x.png in Resources */ = {isa = PBXBuildFile; fileRef = 7E2CECF413C7A1250068D576 /* sort_icon_book_0@2x.png */; };
		7E2CED0113C7A1250068D576 /* sort_icon_book_1@2x.png in Resources */ = {isa = PBXBuildFile; fileRef = 7E2CECF513C7A1250068D576 /* sort_icon_book_1@2x.png */; };
		7E2CED0213C7A1250068D576 /* sort_icon_film_0@2x.png in Resources */ = {isa = PBXBuildFile; fileRef = 7E2CECF613C7A1250068D576 /* sort_icon_film_0@2x.png */; };
		7E2CED0313C7A1250068D576 /* sort_icon_film_1@2x.png in Resources */ = {isa = PBXBuildFile; fileRef = 7E2CECF713C7A1250068D576 /* sort_icon_film_1@2x.png */; };
		7E2CED0413C7A1250068D576 /* sort_icon_more_0@2x.png in Resources */ = {isa = PBXBuildFile; fileRef = 7E2CECF813C7A1250068D576 /* sort_icon_more_0@2x.png */; };
		7E2CED0513C7A1250068D576 /* sort_icon_more_1@2x.png in Resources */ = {isa = PBXBuildFile; fileRef = 7E2CECF913C7A1250068D576 /* sort_icon_more_1@2x.png */; };
		7E2CED0613C7A1250068D576 /* sort_icon_music_0@2x.png in Resources */ = {isa = PBXBuildFile; fileRef = 7E2CECFA13C7A1250068D576 /* sort_icon_music_0@2x.png */; };
		7E2CED0713C7A1250068D576 /* sort_icon_music_1@2x.png in Resources */ = {isa = PBXBuildFile; fileRef = 7E2CECFB13C7A1250068D576 /* sort_icon_music_1@2x.png */; };
		7E2CED0813C7A1250068D576 /* sort_icon_place_0@2x.png in Resources */ = {isa = PBXBuildFile; fileRef = 7E2CECFC13C7A1250068D576 /* sort_icon_place_0@2x.png */; };
		7E2CED0913C7A1250068D576 /* sort_icon_place_1@2x.png in Resources */ = {isa = PBXBuildFile; fileRef = 7E2CECFD13C7A1250068D576 /* sort_icon_place_1@2x.png */; };
		7E2CED0A13C7A1250068D576 /* sort_icon_search_0@2x.png in Resources */ = {isa = PBXBuildFile; fileRef = 7E2CECFE13C7A1250068D576 /* sort_icon_search_0@2x.png */; };
		7E2CED0B13C7A1250068D576 /* sort_icon_search_1@2x.png in Resources */ = {isa = PBXBuildFile; fileRef = 7E2CECFF13C7A1250068D576 /* sort_icon_search_1@2x.png */; };
		7E2CED1113C7A2F30068D576 /* cat_icon_book@2x.png in Resources */ = {isa = PBXBuildFile; fileRef = 7E2CED0D13C7A2F30068D576 /* cat_icon_book@2x.png */; };
		7E2CED1213C7A2F30068D576 /* cat_icon_film@2x.png in Resources */ = {isa = PBXBuildFile; fileRef = 7E2CED0E13C7A2F30068D576 /* cat_icon_film@2x.png */; };
		7E2CED1313C7A2F30068D576 /* cat_icon_music@2x.png in Resources */ = {isa = PBXBuildFile; fileRef = 7E2CED0F13C7A2F30068D576 /* cat_icon_music@2x.png */; };
		7E2CED1413C7A2F30068D576 /* cat_icon_place@2x.png in Resources */ = {isa = PBXBuildFile; fileRef = 7E2CED1013C7A2F30068D576 /* cat_icon_place@2x.png */; };
		7E2CED2013C7A6C90068D576 /* bart_s_stamp_color@2x.png in Resources */ = {isa = PBXBuildFile; fileRef = 7E2CED1613C7A6C90068D576 /* bart_s_stamp_color@2x.png */; };
		7E2CED2113C7A6C90068D576 /* ed_k_stamp_color@2x.png in Resources */ = {isa = PBXBuildFile; fileRef = 7E2CED1713C7A6C90068D576 /* ed_k_stamp_color@2x.png */; };
		7E2CED2213C7A6C90068D576 /* jake_z_stamp_color@2x.png in Resources */ = {isa = PBXBuildFile; fileRef = 7E2CED1813C7A6C90068D576 /* jake_z_stamp_color@2x.png */; };
		7E2CED2313C7A6C90068D576 /* jenn_h_stamp_color@2x.png in Resources */ = {isa = PBXBuildFile; fileRef = 7E2CED1913C7A6C90068D576 /* jenn_h_stamp_color@2x.png */; };
		7E2CED2413C7A6C90068D576 /* jennifer_s_stamp_color@2x.png in Resources */ = {isa = PBXBuildFile; fileRef = 7E2CED1A13C7A6C90068D576 /* jennifer_s_stamp_color@2x.png */; };
		7E2CED2513C7A6C90068D576 /* kevin_p_stamp_color@2x.png in Resources */ = {isa = PBXBuildFile; fileRef = 7E2CED1B13C7A6C90068D576 /* kevin_p_stamp_color@2x.png */; };
		7E2CED2613C7A6C90068D576 /* kevin_s_stamp_color@2x.png in Resources */ = {isa = PBXBuildFile; fileRef = 7E2CED1C13C7A6C90068D576 /* kevin_s_stamp_color@2x.png */; };
		7E2CED2713C7A6C90068D576 /* robby_s_stamp_color@2x.png in Resources */ = {isa = PBXBuildFile; fileRef = 7E2CED1D13C7A6C90068D576 /* robby_s_stamp_color@2x.png */; };
		7E2CED2813C7A6C90068D576 /* scott_f_stamp_color@2x.png in Resources */ = {isa = PBXBuildFile; fileRef = 7E2CED1E13C7A6C90068D576 /* scott_f_stamp_color@2x.png */; };
		7E2CED2913C7A6C90068D576 /* travis_f_stamp_color@2x.png in Resources */ = {isa = PBXBuildFile; fileRef = 7E2CED1F13C7A6C90068D576 /* travis_f_stamp_color@2x.png */; };
		7E514A8A13C9735800EEC598 /* book_detail_fillter@2x.png in Resources */ = {isa = PBXBuildFile; fileRef = 7E514A8913C9735800EEC598 /* book_detail_fillter@2x.png */; };
		7E514A8D13C977E800EEC598 /* place_detail_filler@2x.png in Resources */ = {isa = PBXBuildFile; fileRef = 7E514A8C13C977E800EEC598 /* place_detail_filler@2x.png */; };
		7E514A9913C97A9700EEC598 /* MusicDetailViewController.m in Sources */ = {isa = PBXBuildFile; fileRef = 7E514A9713C97A9700EEC598 /* MusicDetailViewController.m */; };
		7E514A9A13C97A9700EEC598 /* MusicDetailViewController.xib in Resources */ = {isa = PBXBuildFile; fileRef = 7E514A9813C97A9700EEC598 /* MusicDetailViewController.xib */; };
		7E514A9D13C97E8000EEC598 /* music_detail_filler@2x.png in Resources */ = {isa = PBXBuildFile; fileRef = 7E514A9C13C97E8000EEC598 /* music_detail_filler@2x.png */; };
		7E514AA713C9827000EEC598 /* FilmDetailViewController.m in Sources */ = {isa = PBXBuildFile; fileRef = 7E514AA513C9827000EEC598 /* FilmDetailViewController.m */; };
		7E514AA813C9827000EEC598 /* FilmDetailViewController.xib in Resources */ = {isa = PBXBuildFile; fileRef = 7E514AA613C9827000EEC598 /* FilmDetailViewController.xib */; };
		7E514AAA13C9851800EEC598 /* film_detail_filler@2x.png in Resources */ = {isa = PBXBuildFile; fileRef = 7E514AA913C9851800EEC598 /* film_detail_filler@2x.png */; };
		7E76129313C926660023CCC4 /* toolbar_bg@2x.png in Resources */ = {isa = PBXBuildFile; fileRef = 7E76129213C926660023CCC4 /* toolbar_bg@2x.png */; };
		7E76129713C930F50023CCC4 /* PlaceDetailViewController.m in Sources */ = {isa = PBXBuildFile; fileRef = 7E76129513C930F50023CCC4 /* PlaceDetailViewController.m */; };
		7E76129813C930F50023CCC4 /* PlaceDetailViewController.xib in Resources */ = {isa = PBXBuildFile; fileRef = 7E76129613C930F50023CCC4 /* PlaceDetailViewController.xib */; };
		7E76129A13C9344D0023CCC4 /* cat_icon_other@2x.png in Resources */ = {isa = PBXBuildFile; fileRef = 7E76129913C9344D0023CCC4 /* cat_icon_other@2x.png */; };
		7E76129C13C938DE0023CCC4 /* main_action_button_bg@2x.png in Resources */ = {isa = PBXBuildFile; fileRef = 7E76129B13C938DE0023CCC4 /* main_action_button_bg@2x.png */; };
		7E76129E13C93F1D0023CCC4 /* call_action_button_bg@2x.png in Resources */ = {isa = PBXBuildFile; fileRef = 7E76129D13C93F1D0023CCC4 /* call_action_button_bg@2x.png */; };
		7E7612A413C940970023CCC4 /* logo_amazon@2x.png in Resources */ = {isa = PBXBuildFile; fileRef = 7E7612A013C940970023CCC4 /* logo_amazon@2x.png */; };
		7E7612A513C940970023CCC4 /* logo_fandango@2x.png in Resources */ = {isa = PBXBuildFile; fileRef = 7E7612A113C940970023CCC4 /* logo_fandango@2x.png */; };
		7E7612A613C940970023CCC4 /* logo_itunes@2x.png in Resources */ = {isa = PBXBuildFile; fileRef = 7E7612A213C940970023CCC4 /* logo_itunes@2x.png */; };
		7E7612A713C940970023CCC4 /* logo_opentable@2x.png in Resources */ = {isa = PBXBuildFile; fileRef = 7E7612A313C940970023CCC4 /* logo_opentable@2x.png */; };
		7E7612A913C943E30023CCC4 /* MapKit.framework in Frameworks */ = {isa = PBXBuildFile; fileRef = 7E7612A813C943E30023CCC4 /* MapKit.framework */; };
		7E7612AD13C94D7E0023CCC4 /* CoreLocation.framework in Frameworks */ = {isa = PBXBuildFile; fileRef = 7E7612AC13C94D7E0023CCC4 /* CoreLocation.framework */; };
		7E7612B613C95C170023CCC4 /* place_detail@2x.png in Resources */ = {isa = PBXBuildFile; fileRef = 7E7612B513C95C170023CCC4 /* place_detail@2x.png */; };
		7E7612B813C95C5B0023CCC4 /* map_inner_shadow@2x.png in Resources */ = {isa = PBXBuildFile; fileRef = 7E7612B713C95C5B0023CCC4 /* map_inner_shadow@2x.png */; };
		7E7612C013C96B380023CCC4 /* BookDetailViewController.m in Sources */ = {isa = PBXBuildFile; fileRef = 7E7612BE13C96B380023CCC4 /* BookDetailViewController.m */; };
		7E7612C113C96B380023CCC4 /* BookDetailViewController.xib in Resources */ = {isa = PBXBuildFile; fileRef = 7E7612BF13C96B380023CCC4 /* BookDetailViewController.xib */; };
		7EAC166F13C547B6009A600A /* app_launcher_icon@2x.png in Resources */ = {isa = PBXBuildFile; fileRef = 7EAC166E13C547B6009A600A /* app_launcher_icon@2x.png */; };
		7EC0177613C3754300ABE6E2 /* UIKit.framework in Frameworks */ = {isa = PBXBuildFile; fileRef = 7EC0177513C3754300ABE6E2 /* UIKit.framework */; };
		7EC0177813C3754300ABE6E2 /* Foundation.framework in Frameworks */ = {isa = PBXBuildFile; fileRef = 7EC0177713C3754300ABE6E2 /* Foundation.framework */; };
		7EC0177A13C3754300ABE6E2 /* CoreGraphics.framework in Frameworks */ = {isa = PBXBuildFile; fileRef = 7EC0177913C3754300ABE6E2 /* CoreGraphics.framework */; };
		7EC0178013C3754300ABE6E2 /* InfoPlist.strings in Resources */ = {isa = PBXBuildFile; fileRef = 7EC0177E13C3754300ABE6E2 /* InfoPlist.strings */; };
		7EC0178313C3754300ABE6E2 /* main.m in Sources */ = {isa = PBXBuildFile; fileRef = 7EC0178213C3754300ABE6E2 /* main.m */; };
		7EC0178613C3754300ABE6E2 /* StampedAppDelegate.m in Sources */ = {isa = PBXBuildFile; fileRef = 7EC0178513C3754300ABE6E2 /* StampedAppDelegate.m */; };
		7EC0178913C3754300ABE6E2 /* MainWindow.xib in Resources */ = {isa = PBXBuildFile; fileRef = 7EC0178713C3754300ABE6E2 /* MainWindow.xib */; };
		7EC0178F13C3754300ABE6E2 /* ActivityViewController.m in Sources */ = {isa = PBXBuildFile; fileRef = 7EC0178E13C3754300ABE6E2 /* ActivityViewController.m */; };
		7EC0179513C3754300ABE6E2 /* ActivityViewController.xib in Resources */ = {isa = PBXBuildFile; fileRef = 7EC0179313C3754300ABE6E2 /* ActivityViewController.xib */; };
		7EC0179C13C3754300ABE6E2 /* UIKit.framework in Frameworks */ = {isa = PBXBuildFile; fileRef = 7EC0177513C3754300ABE6E2 /* UIKit.framework */; };
		7EC0179D13C3754300ABE6E2 /* Foundation.framework in Frameworks */ = {isa = PBXBuildFile; fileRef = 7EC0177713C3754300ABE6E2 /* Foundation.framework */; };
		7EC0179E13C3754300ABE6E2 /* CoreGraphics.framework in Frameworks */ = {isa = PBXBuildFile; fileRef = 7EC0177913C3754300ABE6E2 /* CoreGraphics.framework */; };
		7EC017A613C3754400ABE6E2 /* InfoPlist.strings in Resources */ = {isa = PBXBuildFile; fileRef = 7EC017A413C3754300ABE6E2 /* InfoPlist.strings */; };
		7EC017A913C3754400ABE6E2 /* StampedTests.h in Resources */ = {isa = PBXBuildFile; fileRef = 7EC017A813C3754400ABE6E2 /* StampedTests.h */; };
		7EC017AB13C3754400ABE6E2 /* StampedTests.m in Sources */ = {isa = PBXBuildFile; fileRef = 7EC017AA13C3754400ABE6E2 /* StampedTests.m */; };
		7EC6B4C013C63DC100CE83DD /* StampEntity.m in Sources */ = {isa = PBXBuildFile; fileRef = 7EC6B4BF13C63DC100CE83DD /* StampEntity.m */; };
		7EC6B4C213C64C4300CE83DD /* stamp_data.csv in Resources */ = {isa = PBXBuildFile; fileRef = 7EC6B4C113C64C4300CE83DD /* stamp_data.csv */; };
		7EC6B4CE13C656E700CE83DD /* bart_s_user_image.png in Resources */ = {isa = PBXBuildFile; fileRef = 7EC6B4C413C656E700CE83DD /* bart_s_user_image.png */; };
		7EC6B4CF13C656E700CE83DD /* ed_k_user_image.png in Resources */ = {isa = PBXBuildFile; fileRef = 7EC6B4C513C656E700CE83DD /* ed_k_user_image.png */; };
		7EC6B4D013C656E700CE83DD /* jake_z_user_image.png in Resources */ = {isa = PBXBuildFile; fileRef = 7EC6B4C613C656E700CE83DD /* jake_z_user_image.png */; };
		7EC6B4D113C656E700CE83DD /* jenn_h_user_image.png in Resources */ = {isa = PBXBuildFile; fileRef = 7EC6B4C713C656E700CE83DD /* jenn_h_user_image.png */; };
		7EC6B4D213C656E700CE83DD /* jennifer_s_user_image.png in Resources */ = {isa = PBXBuildFile; fileRef = 7EC6B4C813C656E700CE83DD /* jennifer_s_user_image.png */; };
		7EC6B4D313C656E700CE83DD /* kevin_p_user_image.png in Resources */ = {isa = PBXBuildFile; fileRef = 7EC6B4C913C656E700CE83DD /* kevin_p_user_image.png */; };
		7EC6B4D413C656E700CE83DD /* kevin_s_user_image.png in Resources */ = {isa = PBXBuildFile; fileRef = 7EC6B4CA13C656E700CE83DD /* kevin_s_user_image.png */; };
		7EC6B4D513C656E700CE83DD /* robby_s_user_image.png in Resources */ = {isa = PBXBuildFile; fileRef = 7EC6B4CB13C656E700CE83DD /* robby_s_user_image.png */; };
		7EC6B4D613C656E700CE83DD /* scott_f_user_image.png in Resources */ = {isa = PBXBuildFile; fileRef = 7EC6B4CC13C656E700CE83DD /* scott_f_user_image.png */; };
		7EC6B4D713C656E700CE83DD /* travis_f_user_image.png in Resources */ = {isa = PBXBuildFile; fileRef = 7EC6B4CD13C656E700CE83DD /* travis_f_user_image.png */; };
		7EDE38D013C4D9A7003AEE52 /* STNavigationBar.m in Sources */ = {isa = PBXBuildFile; fileRef = 7EDE38CF13C4D9A7003AEE52 /* STNavigationBar.m */; };
		7EDE38DB13C4EB27003AEE52 /* StampDetailViewController.m in Sources */ = {isa = PBXBuildFile; fileRef = 7EDE38D913C4EB27003AEE52 /* StampDetailViewController.m */; };
		7EDE38DC13C4EB27003AEE52 /* StampDetailViewController.xib in Resources */ = {isa = PBXBuildFile; fileRef = 7EDE38DA13C4EB27003AEE52 /* StampDetailViewController.xib */; };
		7EDE38E413C5093E003AEE52 /* QuartzCore.framework in Frameworks */ = {isa = PBXBuildFile; fileRef = 7EDE38E313C5093E003AEE52 /* QuartzCore.framework */; };
		7EDE38E613C51133003AEE52 /* CoreText.framework in Frameworks */ = {isa = PBXBuildFile; fileRef = 7EDE38E513C51133003AEE52 /* CoreText.framework */; };
		7EF1105913C906AA0059F9BD /* EntityDetailViewController.m in Sources */ = {isa = PBXBuildFile; fileRef = 7EF1105713C906A90059F9BD /* EntityDetailViewController.m */; };
		7EF1105A13C906AA0059F9BD /* EntityDetailViewController.xib in Resources */ = {isa = PBXBuildFile; fileRef = 7EF1105813C906A90059F9BD /* EntityDetailViewController.xib */; };
		7EFE8F2813C39FA200324F34 /* StampsListViewController.m in Sources */ = {isa = PBXBuildFile; fileRef = 7EFE8F2613C39FA100324F34 /* StampsListViewController.m */; };
		7EFE8F2913C39FA200324F34 /* StampsListViewController.xib in Resources */ = {isa = PBXBuildFile; fileRef = 7EFE8F2713C39FA100324F34 /* StampsListViewController.xib */; };
		7EFE8F3413C3AFA300324F34 /* TGLight.otf in Resources */ = {isa = PBXBuildFile; fileRef = 7EFE8F3213C3AFA300324F34 /* TGLight.otf */; };
		7EFE8F3513C3AFA300324F34 /* TitlingGothicFBComp-Reg.otf in Resources */ = {isa = PBXBuildFile; fileRef = 7EFE8F3313C3AFA300324F34 /* TitlingGothicFBComp-Reg.otf */; };
		7EFE8F7D13C3C96D00324F34 /* toolbar_must_do@2x.png in Resources */ = {isa = PBXBuildFile; fileRef = 7EFE8F7813C3C96D00324F34 /* toolbar_must_do@2x.png */; };
		7EFE8F7E13C3C96D00324F34 /* toolbar_people@2x.png in Resources */ = {isa = PBXBuildFile; fileRef = 7EFE8F7913C3C96D00324F34 /* toolbar_people@2x.png */; };
		7EFE8F7F13C3C96D00324F34 /* toolbar_add_stamp@2x.png in Resources */ = {isa = PBXBuildFile; fileRef = 7EFE8F7A13C3C96D00324F34 /* toolbar_add_stamp@2x.png */; };
		7EFE8F8013C3C96D00324F34 /* toolbar_activity@2x.png in Resources */ = {isa = PBXBuildFile; fileRef = 7EFE8F7B13C3C96D00324F34 /* toolbar_activity@2x.png */; };
		7EFE8F8113C3C96D00324F34 /* toolbar_stamps@2x.png in Resources */ = {isa = PBXBuildFile; fileRef = 7EFE8F7C13C3C96D00324F34 /* toolbar_stamps@2x.png */; };
		7EFE8FBE13C4B58500324F34 /* RootTabBarViewController.m in Sources */ = {isa = PBXBuildFile; fileRef = 7EFE8FBC13C4B58500324F34 /* RootTabBarViewController.m */; };
		7EFE8FBF13C4B58500324F34 /* RootTabBarViewController.xib in Resources */ = {isa = PBXBuildFile; fileRef = 7EFE8FBD13C4B58500324F34 /* RootTabBarViewController.xib */; };
/* End PBXBuildFile section */

/* Begin PBXContainerItemProxy section */
		7EC0179F13C3754300ABE6E2 /* PBXContainerItemProxy */ = {
			isa = PBXContainerItemProxy;
			containerPortal = 7EC0176813C3754300ABE6E2 /* Project object */;
			proxyType = 1;
			remoteGlobalIDString = 7EC0177013C3754300ABE6E2;
			remoteInfo = Stamped;
		};
/* End PBXContainerItemProxy section */

/* Begin PBXFileReference section */
		7E2CECEB13C795840068D576 /* stamp@2x.png */ = {isa = PBXFileReference; lastKnownFileType = image.png; path = "stamp@2x.png"; sourceTree = "<group>"; };
		7E2CECEE13C79C530068D576 /* must_do@2x.png */ = {isa = PBXFileReference; lastKnownFileType = image.png; path = "must_do@2x.png"; sourceTree = "<group>"; };
		7E2CECEF13C79C530068D576 /* comment@2x.png */ = {isa = PBXFileReference; lastKnownFileType = image.png; path = "comment@2x.png"; sourceTree = "<group>"; };
		7E2CECF013C79C530068D576 /* share@2x.png */ = {isa = PBXFileReference; lastKnownFileType = image.png; path = "share@2x.png"; sourceTree = "<group>"; };
		7E2CECF413C7A1250068D576 /* sort_icon_book_0@2x.png */ = {isa = PBXFileReference; lastKnownFileType = image.png; path = "sort_icon_book_0@2x.png"; sourceTree = "<group>"; };
		7E2CECF513C7A1250068D576 /* sort_icon_book_1@2x.png */ = {isa = PBXFileReference; lastKnownFileType = image.png; path = "sort_icon_book_1@2x.png"; sourceTree = "<group>"; };
		7E2CECF613C7A1250068D576 /* sort_icon_film_0@2x.png */ = {isa = PBXFileReference; lastKnownFileType = image.png; path = "sort_icon_film_0@2x.png"; sourceTree = "<group>"; };
		7E2CECF713C7A1250068D576 /* sort_icon_film_1@2x.png */ = {isa = PBXFileReference; lastKnownFileType = image.png; path = "sort_icon_film_1@2x.png"; sourceTree = "<group>"; };
		7E2CECF813C7A1250068D576 /* sort_icon_more_0@2x.png */ = {isa = PBXFileReference; lastKnownFileType = image.png; path = "sort_icon_more_0@2x.png"; sourceTree = "<group>"; };
		7E2CECF913C7A1250068D576 /* sort_icon_more_1@2x.png */ = {isa = PBXFileReference; lastKnownFileType = image.png; path = "sort_icon_more_1@2x.png"; sourceTree = "<group>"; };
		7E2CECFA13C7A1250068D576 /* sort_icon_music_0@2x.png */ = {isa = PBXFileReference; lastKnownFileType = image.png; path = "sort_icon_music_0@2x.png"; sourceTree = "<group>"; };
		7E2CECFB13C7A1250068D576 /* sort_icon_music_1@2x.png */ = {isa = PBXFileReference; lastKnownFileType = image.png; path = "sort_icon_music_1@2x.png"; sourceTree = "<group>"; };
		7E2CECFC13C7A1250068D576 /* sort_icon_place_0@2x.png */ = {isa = PBXFileReference; lastKnownFileType = image.png; path = "sort_icon_place_0@2x.png"; sourceTree = "<group>"; };
		7E2CECFD13C7A1250068D576 /* sort_icon_place_1@2x.png */ = {isa = PBXFileReference; lastKnownFileType = image.png; path = "sort_icon_place_1@2x.png"; sourceTree = "<group>"; };
		7E2CECFE13C7A1250068D576 /* sort_icon_search_0@2x.png */ = {isa = PBXFileReference; lastKnownFileType = image.png; path = "sort_icon_search_0@2x.png"; sourceTree = "<group>"; };
		7E2CECFF13C7A1250068D576 /* sort_icon_search_1@2x.png */ = {isa = PBXFileReference; lastKnownFileType = image.png; path = "sort_icon_search_1@2x.png"; sourceTree = "<group>"; };
		7E2CED0D13C7A2F30068D576 /* cat_icon_book@2x.png */ = {isa = PBXFileReference; lastKnownFileType = image.png; path = "cat_icon_book@2x.png"; sourceTree = "<group>"; };
		7E2CED0E13C7A2F30068D576 /* cat_icon_film@2x.png */ = {isa = PBXFileReference; lastKnownFileType = image.png; path = "cat_icon_film@2x.png"; sourceTree = "<group>"; };
		7E2CED0F13C7A2F30068D576 /* cat_icon_music@2x.png */ = {isa = PBXFileReference; lastKnownFileType = image.png; path = "cat_icon_music@2x.png"; sourceTree = "<group>"; };
		7E2CED1013C7A2F30068D576 /* cat_icon_place@2x.png */ = {isa = PBXFileReference; lastKnownFileType = image.png; path = "cat_icon_place@2x.png"; sourceTree = "<group>"; };
		7E2CED1613C7A6C90068D576 /* bart_s_stamp_color@2x.png */ = {isa = PBXFileReference; lastKnownFileType = image.png; path = "bart_s_stamp_color@2x.png"; sourceTree = "<group>"; };
		7E2CED1713C7A6C90068D576 /* ed_k_stamp_color@2x.png */ = {isa = PBXFileReference; lastKnownFileType = image.png; path = "ed_k_stamp_color@2x.png"; sourceTree = "<group>"; };
		7E2CED1813C7A6C90068D576 /* jake_z_stamp_color@2x.png */ = {isa = PBXFileReference; lastKnownFileType = image.png; path = "jake_z_stamp_color@2x.png"; sourceTree = "<group>"; };
		7E2CED1913C7A6C90068D576 /* jenn_h_stamp_color@2x.png */ = {isa = PBXFileReference; lastKnownFileType = image.png; path = "jenn_h_stamp_color@2x.png"; sourceTree = "<group>"; };
		7E2CED1A13C7A6C90068D576 /* jennifer_s_stamp_color@2x.png */ = {isa = PBXFileReference; lastKnownFileType = image.png; path = "jennifer_s_stamp_color@2x.png"; sourceTree = "<group>"; };
		7E2CED1B13C7A6C90068D576 /* kevin_p_stamp_color@2x.png */ = {isa = PBXFileReference; lastKnownFileType = image.png; path = "kevin_p_stamp_color@2x.png"; sourceTree = "<group>"; };
		7E2CED1C13C7A6C90068D576 /* kevin_s_stamp_color@2x.png */ = {isa = PBXFileReference; lastKnownFileType = image.png; path = "kevin_s_stamp_color@2x.png"; sourceTree = "<group>"; };
		7E2CED1D13C7A6C90068D576 /* robby_s_stamp_color@2x.png */ = {isa = PBXFileReference; lastKnownFileType = image.png; path = "robby_s_stamp_color@2x.png"; sourceTree = "<group>"; };
		7E2CED1E13C7A6C90068D576 /* scott_f_stamp_color@2x.png */ = {isa = PBXFileReference; lastKnownFileType = image.png; path = "scott_f_stamp_color@2x.png"; sourceTree = "<group>"; };
		7E2CED1F13C7A6C90068D576 /* travis_f_stamp_color@2x.png */ = {isa = PBXFileReference; lastKnownFileType = image.png; path = "travis_f_stamp_color@2x.png"; sourceTree = "<group>"; };
		7E514A8913C9735800EEC598 /* book_detail_fillter@2x.png */ = {isa = PBXFileReference; lastKnownFileType = image.png; path = "book_detail_fillter@2x.png"; sourceTree = "<group>"; };
		7E514A8C13C977E800EEC598 /* place_detail_filler@2x.png */ = {isa = PBXFileReference; lastKnownFileType = image.png; path = "place_detail_filler@2x.png"; sourceTree = "<group>"; };
		7E514A9613C97A9700EEC598 /* MusicDetailViewController.h */ = {isa = PBXFileReference; fileEncoding = 4; lastKnownFileType = sourcecode.c.h; path = MusicDetailViewController.h; sourceTree = "<group>"; };
		7E514A9713C97A9700EEC598 /* MusicDetailViewController.m */ = {isa = PBXFileReference; fileEncoding = 4; lastKnownFileType = sourcecode.c.objc; path = MusicDetailViewController.m; sourceTree = "<group>"; };
		7E514A9813C97A9700EEC598 /* MusicDetailViewController.xib */ = {isa = PBXFileReference; fileEncoding = 4; lastKnownFileType = file.xib; path = MusicDetailViewController.xib; sourceTree = "<group>"; };
		7E514A9C13C97E8000EEC598 /* music_detail_filler@2x.png */ = {isa = PBXFileReference; lastKnownFileType = image.png; path = "music_detail_filler@2x.png"; sourceTree = "<group>"; };
		7E514AA413C9827000EEC598 /* FilmDetailViewController.h */ = {isa = PBXFileReference; fileEncoding = 4; lastKnownFileType = sourcecode.c.h; path = FilmDetailViewController.h; sourceTree = "<group>"; };
		7E514AA513C9827000EEC598 /* FilmDetailViewController.m */ = {isa = PBXFileReference; fileEncoding = 4; lastKnownFileType = sourcecode.c.objc; path = FilmDetailViewController.m; sourceTree = "<group>"; };
		7E514AA613C9827000EEC598 /* FilmDetailViewController.xib */ = {isa = PBXFileReference; fileEncoding = 4; lastKnownFileType = file.xib; path = FilmDetailViewController.xib; sourceTree = "<group>"; };
		7E514AA913C9851800EEC598 /* film_detail_filler@2x.png */ = {isa = PBXFileReference; lastKnownFileType = image.png; path = "film_detail_filler@2x.png"; sourceTree = "<group>"; };
		7E76129213C926660023CCC4 /* toolbar_bg@2x.png */ = {isa = PBXFileReference; lastKnownFileType = image.png; path = "toolbar_bg@2x.png"; sourceTree = "<group>"; };
		7E76129413C930F40023CCC4 /* PlaceDetailViewController.h */ = {isa = PBXFileReference; fileEncoding = 4; lastKnownFileType = sourcecode.c.h; path = PlaceDetailViewController.h; sourceTree = "<group>"; };
		7E76129513C930F50023CCC4 /* PlaceDetailViewController.m */ = {isa = PBXFileReference; fileEncoding = 4; lastKnownFileType = sourcecode.c.objc; path = PlaceDetailViewController.m; sourceTree = "<group>"; };
		7E76129613C930F50023CCC4 /* PlaceDetailViewController.xib */ = {isa = PBXFileReference; fileEncoding = 4; lastKnownFileType = file.xib; path = PlaceDetailViewController.xib; sourceTree = "<group>"; };
		7E76129913C9344D0023CCC4 /* cat_icon_other@2x.png */ = {isa = PBXFileReference; lastKnownFileType = image.png; path = "cat_icon_other@2x.png"; sourceTree = "<group>"; };
		7E76129B13C938DE0023CCC4 /* main_action_button_bg@2x.png */ = {isa = PBXFileReference; lastKnownFileType = image.png; path = "main_action_button_bg@2x.png"; sourceTree = "<group>"; };
		7E76129D13C93F1D0023CCC4 /* call_action_button_bg@2x.png */ = {isa = PBXFileReference; lastKnownFileType = image.png; path = "call_action_button_bg@2x.png"; sourceTree = "<group>"; };
		7E7612A013C940970023CCC4 /* logo_amazon@2x.png */ = {isa = PBXFileReference; lastKnownFileType = image.png; path = "logo_amazon@2x.png"; sourceTree = "<group>"; };
		7E7612A113C940970023CCC4 /* logo_fandango@2x.png */ = {isa = PBXFileReference; lastKnownFileType = image.png; path = "logo_fandango@2x.png"; sourceTree = "<group>"; };
		7E7612A213C940970023CCC4 /* logo_itunes@2x.png */ = {isa = PBXFileReference; lastKnownFileType = image.png; path = "logo_itunes@2x.png"; sourceTree = "<group>"; };
		7E7612A313C940970023CCC4 /* logo_opentable@2x.png */ = {isa = PBXFileReference; lastKnownFileType = image.png; path = "logo_opentable@2x.png"; sourceTree = "<group>"; };
		7E7612A813C943E30023CCC4 /* MapKit.framework */ = {isa = PBXFileReference; lastKnownFileType = wrapper.framework; name = MapKit.framework; path = System/Library/Frameworks/MapKit.framework; sourceTree = SDKROOT; };
		7E7612AC13C94D7E0023CCC4 /* CoreLocation.framework */ = {isa = PBXFileReference; lastKnownFileType = wrapper.framework; name = CoreLocation.framework; path = System/Library/Frameworks/CoreLocation.framework; sourceTree = SDKROOT; };
		7E7612B513C95C170023CCC4 /* place_detail@2x.png */ = {isa = PBXFileReference; lastKnownFileType = image.png; path = "place_detail@2x.png"; sourceTree = "<group>"; };
		7E7612B713C95C5B0023CCC4 /* map_inner_shadow@2x.png */ = {isa = PBXFileReference; lastKnownFileType = image.png; path = "map_inner_shadow@2x.png"; sourceTree = "<group>"; };
		7E7612BD13C96B380023CCC4 /* BookDetailViewController.h */ = {isa = PBXFileReference; fileEncoding = 4; lastKnownFileType = sourcecode.c.h; path = BookDetailViewController.h; sourceTree = "<group>"; };
		7E7612BE13C96B380023CCC4 /* BookDetailViewController.m */ = {isa = PBXFileReference; fileEncoding = 4; lastKnownFileType = sourcecode.c.objc; path = BookDetailViewController.m; sourceTree = "<group>"; };
		7E7612BF13C96B380023CCC4 /* BookDetailViewController.xib */ = {isa = PBXFileReference; fileEncoding = 4; lastKnownFileType = file.xib; path = BookDetailViewController.xib; sourceTree = "<group>"; };
		7EAC166E13C547B6009A600A /* app_launcher_icon@2x.png */ = {isa = PBXFileReference; lastKnownFileType = image.png; path = "app_launcher_icon@2x.png"; sourceTree = "<group>"; };
		7EC0177113C3754300ABE6E2 /* Stamped.app */ = {isa = PBXFileReference; explicitFileType = wrapper.application; includeInIndex = 0; path = Stamped.app; sourceTree = BUILT_PRODUCTS_DIR; };
		7EC0177513C3754300ABE6E2 /* UIKit.framework */ = {isa = PBXFileReference; lastKnownFileType = wrapper.framework; name = UIKit.framework; path = System/Library/Frameworks/UIKit.framework; sourceTree = SDKROOT; };
		7EC0177713C3754300ABE6E2 /* Foundation.framework */ = {isa = PBXFileReference; lastKnownFileType = wrapper.framework; name = Foundation.framework; path = System/Library/Frameworks/Foundation.framework; sourceTree = SDKROOT; };
		7EC0177913C3754300ABE6E2 /* CoreGraphics.framework */ = {isa = PBXFileReference; lastKnownFileType = wrapper.framework; name = CoreGraphics.framework; path = System/Library/Frameworks/CoreGraphics.framework; sourceTree = SDKROOT; };
		7EC0177D13C3754300ABE6E2 /* Stamped-Info.plist */ = {isa = PBXFileReference; lastKnownFileType = text.plist.xml; path = "Stamped-Info.plist"; sourceTree = "<group>"; };
		7EC0177F13C3754300ABE6E2 /* en */ = {isa = PBXFileReference; lastKnownFileType = text.plist.strings; name = en; path = en.lproj/InfoPlist.strings; sourceTree = "<group>"; };
		7EC0178113C3754300ABE6E2 /* Stamped-Prefix.pch */ = {isa = PBXFileReference; lastKnownFileType = sourcecode.c.h; path = "Stamped-Prefix.pch"; sourceTree = "<group>"; };
		7EC0178213C3754300ABE6E2 /* main.m */ = {isa = PBXFileReference; lastKnownFileType = sourcecode.c.objc; path = main.m; sourceTree = "<group>"; };
		7EC0178413C3754300ABE6E2 /* StampedAppDelegate.h */ = {isa = PBXFileReference; lastKnownFileType = sourcecode.c.h; path = StampedAppDelegate.h; sourceTree = "<group>"; };
		7EC0178513C3754300ABE6E2 /* StampedAppDelegate.m */ = {isa = PBXFileReference; lastKnownFileType = sourcecode.c.objc; path = StampedAppDelegate.m; sourceTree = "<group>"; };
		7EC0178813C3754300ABE6E2 /* en */ = {isa = PBXFileReference; lastKnownFileType = file.xib; name = en; path = en.lproj/MainWindow.xib; sourceTree = "<group>"; };
		7EC0178D13C3754300ABE6E2 /* ActivityViewController.h */ = {isa = PBXFileReference; lastKnownFileType = sourcecode.c.h; path = ActivityViewController.h; sourceTree = "<group>"; };
		7EC0178E13C3754300ABE6E2 /* ActivityViewController.m */ = {isa = PBXFileReference; lastKnownFileType = sourcecode.c.objc; path = ActivityViewController.m; sourceTree = "<group>"; };
		7EC0179413C3754300ABE6E2 /* en */ = {isa = PBXFileReference; lastKnownFileType = file.xib; name = en; path = en.lproj/ActivityViewController.xib; sourceTree = "<group>"; };
		7EC0179B13C3754300ABE6E2 /* StampedTests.octest */ = {isa = PBXFileReference; explicitFileType = wrapper.cfbundle; includeInIndex = 0; path = StampedTests.octest; sourceTree = BUILT_PRODUCTS_DIR; };
		7EC017A313C3754300ABE6E2 /* StampedTests-Info.plist */ = {isa = PBXFileReference; lastKnownFileType = text.plist.xml; path = "StampedTests-Info.plist"; sourceTree = "<group>"; };
		7EC017A513C3754300ABE6E2 /* en */ = {isa = PBXFileReference; lastKnownFileType = text.plist.strings; name = en; path = en.lproj/InfoPlist.strings; sourceTree = "<group>"; };
		7EC017A713C3754400ABE6E2 /* StampedTests-Prefix.pch */ = {isa = PBXFileReference; lastKnownFileType = sourcecode.c.h; path = "StampedTests-Prefix.pch"; sourceTree = "<group>"; };
		7EC017A813C3754400ABE6E2 /* StampedTests.h */ = {isa = PBXFileReference; lastKnownFileType = sourcecode.c.h; path = StampedTests.h; sourceTree = "<group>"; };
		7EC017AA13C3754400ABE6E2 /* StampedTests.m */ = {isa = PBXFileReference; lastKnownFileType = sourcecode.c.objc; path = StampedTests.m; sourceTree = "<group>"; };
		7EC6B4BE13C63DC100CE83DD /* StampEntity.h */ = {isa = PBXFileReference; fileEncoding = 4; lastKnownFileType = sourcecode.c.h; lineEnding = 0; path = StampEntity.h; sourceTree = "<group>"; xcLanguageSpecificationIdentifier = xcode.lang.objcpp; };
		7EC6B4BF13C63DC100CE83DD /* StampEntity.m */ = {isa = PBXFileReference; fileEncoding = 4; lastKnownFileType = sourcecode.c.objc; lineEnding = 0; path = StampEntity.m; sourceTree = "<group>"; xcLanguageSpecificationIdentifier = xcode.lang.objc; };
		7EC6B4C113C64C4300CE83DD /* stamp_data.csv */ = {isa = PBXFileReference; fileEncoding = 4; lastKnownFileType = text; path = stamp_data.csv; sourceTree = "<group>"; };
		7EC6B4C413C656E700CE83DD /* bart_s_user_image.png */ = {isa = PBXFileReference; lastKnownFileType = image.png; path = bart_s_user_image.png; sourceTree = "<group>"; };
		7EC6B4C513C656E700CE83DD /* ed_k_user_image.png */ = {isa = PBXFileReference; lastKnownFileType = image.png; path = ed_k_user_image.png; sourceTree = "<group>"; };
		7EC6B4C613C656E700CE83DD /* jake_z_user_image.png */ = {isa = PBXFileReference; lastKnownFileType = image.png; path = jake_z_user_image.png; sourceTree = "<group>"; };
		7EC6B4C713C656E700CE83DD /* jenn_h_user_image.png */ = {isa = PBXFileReference; lastKnownFileType = image.png; path = jenn_h_user_image.png; sourceTree = "<group>"; };
		7EC6B4C813C656E700CE83DD /* jennifer_s_user_image.png */ = {isa = PBXFileReference; lastKnownFileType = image.png; path = jennifer_s_user_image.png; sourceTree = "<group>"; };
		7EC6B4C913C656E700CE83DD /* kevin_p_user_image.png */ = {isa = PBXFileReference; lastKnownFileType = image.png; path = kevin_p_user_image.png; sourceTree = "<group>"; };
		7EC6B4CA13C656E700CE83DD /* kevin_s_user_image.png */ = {isa = PBXFileReference; lastKnownFileType = image.png; path = kevin_s_user_image.png; sourceTree = "<group>"; };
		7EC6B4CB13C656E700CE83DD /* robby_s_user_image.png */ = {isa = PBXFileReference; lastKnownFileType = image.png; path = robby_s_user_image.png; sourceTree = "<group>"; };
		7EC6B4CC13C656E700CE83DD /* scott_f_user_image.png */ = {isa = PBXFileReference; lastKnownFileType = image.png; path = scott_f_user_image.png; sourceTree = "<group>"; };
		7EC6B4CD13C656E700CE83DD /* travis_f_user_image.png */ = {isa = PBXFileReference; lastKnownFileType = image.png; path = travis_f_user_image.png; sourceTree = "<group>"; };
		7EDE38CE13C4D9A7003AEE52 /* STNavigationBar.h */ = {isa = PBXFileReference; fileEncoding = 4; lastKnownFileType = sourcecode.c.h; path = STNavigationBar.h; sourceTree = "<group>"; };
		7EDE38CF13C4D9A7003AEE52 /* STNavigationBar.m */ = {isa = PBXFileReference; fileEncoding = 4; lastKnownFileType = sourcecode.c.objc; path = STNavigationBar.m; sourceTree = "<group>"; };
		7EDE38D813C4EB27003AEE52 /* StampDetailViewController.h */ = {isa = PBXFileReference; fileEncoding = 4; lastKnownFileType = sourcecode.c.h; path = StampDetailViewController.h; sourceTree = "<group>"; };
		7EDE38D913C4EB27003AEE52 /* StampDetailViewController.m */ = {isa = PBXFileReference; fileEncoding = 4; lastKnownFileType = sourcecode.c.objc; path = StampDetailViewController.m; sourceTree = "<group>"; };
		7EDE38DA13C4EB27003AEE52 /* StampDetailViewController.xib */ = {isa = PBXFileReference; fileEncoding = 4; lastKnownFileType = file.xib; path = StampDetailViewController.xib; sourceTree = "<group>"; };
		7EDE38E313C5093E003AEE52 /* QuartzCore.framework */ = {isa = PBXFileReference; lastKnownFileType = wrapper.framework; name = QuartzCore.framework; path = System/Library/Frameworks/QuartzCore.framework; sourceTree = SDKROOT; };
		7EDE38E513C51133003AEE52 /* CoreText.framework */ = {isa = PBXFileReference; lastKnownFileType = wrapper.framework; name = CoreText.framework; path = System/Library/Frameworks/CoreText.framework; sourceTree = SDKROOT; };
		7EF1105613C906A90059F9BD /* EntityDetailViewController.h */ = {isa = PBXFileReference; fileEncoding = 4; lastKnownFileType = sourcecode.c.h; path = EntityDetailViewController.h; sourceTree = "<group>"; };
		7EF1105713C906A90059F9BD /* EntityDetailViewController.m */ = {isa = PBXFileReference; fileEncoding = 4; lastKnownFileType = sourcecode.c.objc; path = EntityDetailViewController.m; sourceTree = "<group>"; };
		7EF1105813C906A90059F9BD /* EntityDetailViewController.xib */ = {isa = PBXFileReference; fileEncoding = 4; lastKnownFileType = file.xib; path = EntityDetailViewController.xib; sourceTree = "<group>"; };
		7EFE8F2513C39FA100324F34 /* StampsListViewController.h */ = {isa = PBXFileReference; fileEncoding = 4; lastKnownFileType = sourcecode.c.h; path = StampsListViewController.h; sourceTree = "<group>"; };
		7EFE8F2613C39FA100324F34 /* StampsListViewController.m */ = {isa = PBXFileReference; fileEncoding = 4; lastKnownFileType = sourcecode.c.objc; lineEnding = 0; path = StampsListViewController.m; sourceTree = "<group>"; xcLanguageSpecificationIdentifier = xcode.lang.objc; };
		7EFE8F2713C39FA100324F34 /* StampsListViewController.xib */ = {isa = PBXFileReference; fileEncoding = 4; lastKnownFileType = file.xib; path = StampsListViewController.xib; sourceTree = "<group>"; };
		7EFE8F3213C3AFA300324F34 /* TGLight.otf */ = {isa = PBXFileReference; lastKnownFileType = file; path = TGLight.otf; sourceTree = "<group>"; };
		7EFE8F3313C3AFA300324F34 /* TitlingGothicFBComp-Reg.otf */ = {isa = PBXFileReference; lastKnownFileType = file; path = "TitlingGothicFBComp-Reg.otf"; sourceTree = "<group>"; };
		7EFE8F7813C3C96D00324F34 /* toolbar_must_do@2x.png */ = {isa = PBXFileReference; lastKnownFileType = image.png; path = "toolbar_must_do@2x.png"; sourceTree = "<group>"; };
		7EFE8F7913C3C96D00324F34 /* toolbar_people@2x.png */ = {isa = PBXFileReference; lastKnownFileType = image.png; path = "toolbar_people@2x.png"; sourceTree = "<group>"; };
		7EFE8F7A13C3C96D00324F34 /* toolbar_add_stamp@2x.png */ = {isa = PBXFileReference; lastKnownFileType = image.png; path = "toolbar_add_stamp@2x.png"; sourceTree = "<group>"; };
		7EFE8F7B13C3C96D00324F34 /* toolbar_activity@2x.png */ = {isa = PBXFileReference; lastKnownFileType = image.png; path = "toolbar_activity@2x.png"; sourceTree = "<group>"; };
		7EFE8F7C13C3C96D00324F34 /* toolbar_stamps@2x.png */ = {isa = PBXFileReference; lastKnownFileType = image.png; path = "toolbar_stamps@2x.png"; sourceTree = "<group>"; };
		7EFE8FBB13C4B58500324F34 /* RootTabBarViewController.h */ = {isa = PBXFileReference; fileEncoding = 4; lastKnownFileType = sourcecode.c.h; path = RootTabBarViewController.h; sourceTree = "<group>"; };
		7EFE8FBC13C4B58500324F34 /* RootTabBarViewController.m */ = {isa = PBXFileReference; fileEncoding = 4; lastKnownFileType = sourcecode.c.objc; path = RootTabBarViewController.m; sourceTree = "<group>"; };
		7EFE8FBD13C4B58500324F34 /* RootTabBarViewController.xib */ = {isa = PBXFileReference; fileEncoding = 4; lastKnownFileType = file.xib; path = RootTabBarViewController.xib; sourceTree = "<group>"; };
/* End PBXFileReference section */

/* Begin PBXFrameworksBuildPhase section */
		7EC0176E13C3754300ABE6E2 /* Frameworks */ = {
			isa = PBXFrameworksBuildPhase;
			buildActionMask = 2147483647;
			files = (
				7E7612AD13C94D7E0023CCC4 /* CoreLocation.framework in Frameworks */,
				7E7612A913C943E30023CCC4 /* MapKit.framework in Frameworks */,
				7EDE38E613C51133003AEE52 /* CoreText.framework in Frameworks */,
				7EDE38E413C5093E003AEE52 /* QuartzCore.framework in Frameworks */,
				7EC0177613C3754300ABE6E2 /* UIKit.framework in Frameworks */,
				7EC0177813C3754300ABE6E2 /* Foundation.framework in Frameworks */,
				7EC0177A13C3754300ABE6E2 /* CoreGraphics.framework in Frameworks */,
			);
			runOnlyForDeploymentPostprocessing = 0;
		};
		7EC0179713C3754300ABE6E2 /* Frameworks */ = {
			isa = PBXFrameworksBuildPhase;
			buildActionMask = 2147483647;
			files = (
				7EC0179C13C3754300ABE6E2 /* UIKit.framework in Frameworks */,
				7EC0179D13C3754300ABE6E2 /* Foundation.framework in Frameworks */,
				7EC0179E13C3754300ABE6E2 /* CoreGraphics.framework in Frameworks */,
			);
			runOnlyForDeploymentPostprocessing = 0;
		};
/* End PBXFrameworksBuildPhase section */

/* Begin PBXGroup section */
		7E2CED0C13C7A2630068D576 /* Categories */ = {
			isa = PBXGroup;
			children = (
				7E2CED0D13C7A2F30068D576 /* cat_icon_book@2x.png */,
				7E2CED0E13C7A2F30068D576 /* cat_icon_film@2x.png */,
				7E2CED0F13C7A2F30068D576 /* cat_icon_music@2x.png */,
				7E76129913C9344D0023CCC4 /* cat_icon_other@2x.png */,
				7E2CED1013C7A2F30068D576 /* cat_icon_place@2x.png */,
			);
			name = Categories;
			sourceTree = "<group>";
		};
		7E2CED1513C7A5FD0068D576 /* Stamps */ = {
			isa = PBXGroup;
			children = (
				7E2CED1613C7A6C90068D576 /* bart_s_stamp_color@2x.png */,
				7E2CED1713C7A6C90068D576 /* ed_k_stamp_color@2x.png */,
				7E2CED1813C7A6C90068D576 /* jake_z_stamp_color@2x.png */,
				7E2CED1913C7A6C90068D576 /* jenn_h_stamp_color@2x.png */,
				7E2CED1A13C7A6C90068D576 /* jennifer_s_stamp_color@2x.png */,
				7E2CED1B13C7A6C90068D576 /* kevin_p_stamp_color@2x.png */,
				7E2CED1C13C7A6C90068D576 /* kevin_s_stamp_color@2x.png */,
				7E2CED1D13C7A6C90068D576 /* robby_s_stamp_color@2x.png */,
				7E2CED1E13C7A6C90068D576 /* scott_f_stamp_color@2x.png */,
				7E2CED1F13C7A6C90068D576 /* travis_f_stamp_color@2x.png */,
			);
			name = Stamps;
			sourceTree = "<group>";
		};
		7E514AA213C9824D00EEC598 /* Entity Details */ = {
			isa = PBXGroup;
			children = (
				7EF1105613C906A90059F9BD /* EntityDetailViewController.h */,
				7EF1105713C906A90059F9BD /* EntityDetailViewController.m */,
				7E76129413C930F40023CCC4 /* PlaceDetailViewController.h */,
				7E76129513C930F50023CCC4 /* PlaceDetailViewController.m */,
				7E7612BD13C96B380023CCC4 /* BookDetailViewController.h */,
				7E7612BE13C96B380023CCC4 /* BookDetailViewController.m */,
				7E514A9613C97A9700EEC598 /* MusicDetailViewController.h */,
				7E514A9713C97A9700EEC598 /* MusicDetailViewController.m */,
				7E514AA413C9827000EEC598 /* FilmDetailViewController.h */,
				7E514AA513C9827000EEC598 /* FilmDetailViewController.m */,
			);
			name = "Entity Details";
			sourceTree = "<group>";
		};
		7E76129F13C940500023CCC4 /* Logos */ = {
			isa = PBXGroup;
			children = (
				7E7612A013C940970023CCC4 /* logo_amazon@2x.png */,
				7E7612A113C940970023CCC4 /* logo_fandango@2x.png */,
				7E7612A213C940970023CCC4 /* logo_itunes@2x.png */,
				7E7612A313C940970023CCC4 /* logo_opentable@2x.png */,
			);
			name = Logos;
			sourceTree = "<group>";
		};
		7E7612B413C95BBD0023CCC4 /* Entity Details */ = {
			isa = PBXGroup;
			children = (
				7E514AA913C9851800EEC598 /* film_detail_filler@2x.png */,
				7E514A9C13C97E8000EEC598 /* music_detail_filler@2x.png */,
				7E514A8913C9735800EEC598 /* book_detail_fillter@2x.png */,
				7E514A8C13C977E800EEC598 /* place_detail_filler@2x.png */,
				7E7612B513C95C170023CCC4 /* place_detail@2x.png */,
				7E7612B713C95C5B0023CCC4 /* map_inner_shadow@2x.png */,
				7E76129D13C93F1D0023CCC4 /* call_action_button_bg@2x.png */,
			);
			name = "Entity Details";
			sourceTree = "<group>";
		};
		7EC0176613C3754300ABE6E2 = {
			isa = PBXGroup;
			children = (
				7E7612AC13C94D7E0023CCC4 /* CoreLocation.framework */,
				7E7612A813C943E30023CCC4 /* MapKit.framework */,
				7EDE38E513C51133003AEE52 /* CoreText.framework */,
				7EDE38E313C5093E003AEE52 /* QuartzCore.framework */,
				7EC0177B13C3754300ABE6E2 /* Stamped */,
				7EC017A113C3754300ABE6E2 /* StampedTests */,
				7EC0177413C3754300ABE6E2 /* Frameworks */,
				7EC0177213C3754300ABE6E2 /* Products */,
			);
			sourceTree = "<group>";
		};
		7EC0177213C3754300ABE6E2 /* Products */ = {
			isa = PBXGroup;
			children = (
				7EC0177113C3754300ABE6E2 /* Stamped.app */,
				7EC0179B13C3754300ABE6E2 /* StampedTests.octest */,
			);
			name = Products;
			sourceTree = "<group>";
		};
		7EC0177413C3754300ABE6E2 /* Frameworks */ = {
			isa = PBXGroup;
			children = (
				7EC0177513C3754300ABE6E2 /* UIKit.framework */,
				7EC0177713C3754300ABE6E2 /* Foundation.framework */,
				7EC0177913C3754300ABE6E2 /* CoreGraphics.framework */,
			);
			name = Frameworks;
			sourceTree = "<group>";
		};
		7EC0177B13C3754300ABE6E2 /* Stamped */ = {
			isa = PBXGroup;
			children = (
				7EFE8FC813C4D8E300324F34 /* Classes */,
				7EFE8F8213C3CE3000324F34 /* Interface */,
				7EC6B4A413C6036500CE83DD /* Images */,
				7EC0177C13C3754300ABE6E2 /* Supporting Files */,
			);
			path = Stamped;
			sourceTree = "<group>";
		};
		7EC0177C13C3754300ABE6E2 /* Supporting Files */ = {
			isa = PBXGroup;
			children = (
				7EC6B4C113C64C4300CE83DD /* stamp_data.csv */,
				7EFE8F3213C3AFA300324F34 /* TGLight.otf */,
				7EFE8F3313C3AFA300324F34 /* TitlingGothicFBComp-Reg.otf */,
				7EC0177D13C3754300ABE6E2 /* Stamped-Info.plist */,
				7EC0177E13C3754300ABE6E2 /* InfoPlist.strings */,
				7EC0178113C3754300ABE6E2 /* Stamped-Prefix.pch */,
				7EC0178213C3754300ABE6E2 /* main.m */,
			);
			name = "Supporting Files";
			sourceTree = "<group>";
		};
		7EC017A113C3754300ABE6E2 /* StampedTests */ = {
			isa = PBXGroup;
			children = (
				7EC017A813C3754400ABE6E2 /* StampedTests.h */,
				7EC017AA13C3754400ABE6E2 /* StampedTests.m */,
				7EC017A213C3754300ABE6E2 /* Supporting Files */,
			);
			path = StampedTests;
			sourceTree = "<group>";
		};
		7EC017A213C3754300ABE6E2 /* Supporting Files */ = {
			isa = PBXGroup;
			children = (
				7EC017A313C3754300ABE6E2 /* StampedTests-Info.plist */,
				7EC017A413C3754300ABE6E2 /* InfoPlist.strings */,
				7EC017A713C3754400ABE6E2 /* StampedTests-Prefix.pch */,
			);
			name = "Supporting Files";
			sourceTree = "<group>";
		};
		7EC6B4A413C6036500CE83DD /* Images */ = {
			isa = PBXGroup;
			children = (
				7E76129F13C940500023CCC4 /* Logos */,
				7E2CED1513C7A5FD0068D576 /* Stamps */,
				7E2CED0C13C7A2630068D576 /* Categories */,
				7EC6B4C313C656BC00CE83DD /* User Images */,
				7EC6B4A513C6039000CE83DD /* Stamp List Filter */,
				7E7612B413C95BBD0023CCC4 /* Entity Details */,
				7EAC166E13C547B6009A600A /* app_launcher_icon@2x.png */,
				7E76129B13C938DE0023CCC4 /* main_action_button_bg@2x.png */,
				7E76129213C926660023CCC4 /* toolbar_bg@2x.png */,
				7EFE8F7813C3C96D00324F34 /* toolbar_must_do@2x.png */,
				7EFE8F7913C3C96D00324F34 /* toolbar_people@2x.png */,
				7EFE8F7A13C3C96D00324F34 /* toolbar_add_stamp@2x.png */,
				7EFE8F7B13C3C96D00324F34 /* toolbar_activity@2x.png */,
				7EFE8F7C13C3C96D00324F34 /* toolbar_stamps@2x.png */,
				7E2CECEB13C795840068D576 /* stamp@2x.png */,
				7E2CECEE13C79C530068D576 /* must_do@2x.png */,
				7E2CECEF13C79C530068D576 /* comment@2x.png */,
				7E2CECF013C79C530068D576 /* share@2x.png */,
			);
			name = Images;
			sourceTree = "<group>";
		};
		7EC6B4A513C6039000CE83DD /* Stamp List Filter */ = {
			isa = PBXGroup;
			children = (
				7E2CECF413C7A1250068D576 /* sort_icon_book_0@2x.png */,
				7E2CECF513C7A1250068D576 /* sort_icon_book_1@2x.png */,
				7E2CECF613C7A1250068D576 /* sort_icon_film_0@2x.png */,
				7E2CECF713C7A1250068D576 /* sort_icon_film_1@2x.png */,
				7E2CECF813C7A1250068D576 /* sort_icon_more_0@2x.png */,
				7E2CECF913C7A1250068D576 /* sort_icon_more_1@2x.png */,
				7E2CECFA13C7A1250068D576 /* sort_icon_music_0@2x.png */,
				7E2CECFB13C7A1250068D576 /* sort_icon_music_1@2x.png */,
				7E2CECFC13C7A1250068D576 /* sort_icon_place_0@2x.png */,
				7E2CECFD13C7A1250068D576 /* sort_icon_place_1@2x.png */,
				7E2CECFE13C7A1250068D576 /* sort_icon_search_0@2x.png */,
				7E2CECFF13C7A1250068D576 /* sort_icon_search_1@2x.png */,
			);
			name = "Stamp List Filter";
			sourceTree = "<group>";
		};
		7EC6B4C313C656BC00CE83DD /* User Images */ = {
			isa = PBXGroup;
			children = (
				7EC6B4C413C656E700CE83DD /* bart_s_user_image.png */,
				7EC6B4C513C656E700CE83DD /* ed_k_user_image.png */,
				7EC6B4C613C656E700CE83DD /* jake_z_user_image.png */,
				7EC6B4C713C656E700CE83DD /* jenn_h_user_image.png */,
				7EC6B4C813C656E700CE83DD /* jennifer_s_user_image.png */,
				7EC6B4C913C656E700CE83DD /* kevin_p_user_image.png */,
				7EC6B4CA13C656E700CE83DD /* kevin_s_user_image.png */,
				7EC6B4CB13C656E700CE83DD /* robby_s_user_image.png */,
				7EC6B4CC13C656E700CE83DD /* scott_f_user_image.png */,
				7EC6B4CD13C656E700CE83DD /* travis_f_user_image.png */,
			);
			name = "User Images";
			sourceTree = "<group>";
		};
		7EFE8F8213C3CE3000324F34 /* Interface */ = {
			isa = PBXGroup;
			children = (
				7EDE38DA13C4EB27003AEE52 /* StampDetailViewController.xib */,
				7EC0179313C3754300ABE6E2 /* ActivityViewController.xib */,
				7EC0178713C3754300ABE6E2 /* MainWindow.xib */,
				7EFE8FBD13C4B58500324F34 /* RootTabBarViewController.xib */,
				7EFE8F2713C39FA100324F34 /* StampsListViewController.xib */,
				7EF1105813C906A90059F9BD /* EntityDetailViewController.xib */,
				7E76129613C930F50023CCC4 /* PlaceDetailViewController.xib */,
				7E7612BF13C96B380023CCC4 /* BookDetailViewController.xib */,
				7E514A9813C97A9700EEC598 /* MusicDetailViewController.xib */,
				7E514AA613C9827000EEC598 /* FilmDetailViewController.xib */,
			);
			name = Interface;
			sourceTree = "<group>";
		};
		7EFE8FC813C4D8E300324F34 /* Classes */ = {
			isa = PBXGroup;
			children = (
				7EC0178413C3754300ABE6E2 /* StampedAppDelegate.h */,
				7EC0178513C3754300ABE6E2 /* StampedAppDelegate.m */,
				7EFE8FBB13C4B58500324F34 /* RootTabBarViewController.h */,
				7EFE8FBC13C4B58500324F34 /* RootTabBarViewController.m */,
				7EC0178D13C3754300ABE6E2 /* ActivityViewController.h */,
				7EC0178E13C3754300ABE6E2 /* ActivityViewController.m */,
				7EFE8F2513C39FA100324F34 /* StampsListViewController.h */,
				7EFE8F2613C39FA100324F34 /* StampsListViewController.m */,
				7EDE38D813C4EB27003AEE52 /* StampDetailViewController.h */,
				7EDE38D913C4EB27003AEE52 /* StampDetailViewController.m */,
				7EDE38CE13C4D9A7003AEE52 /* STNavigationBar.h */,
				7EDE38CF13C4D9A7003AEE52 /* STNavigationBar.m */,
				7EC6B4BE13C63DC100CE83DD /* StampEntity.h */,
				7EC6B4BF13C63DC100CE83DD /* StampEntity.m */,
				7E514AA213C9824D00EEC598 /* Entity Details */,
			);
			name = Classes;
			sourceTree = "<group>";
		};
/* End PBXGroup section */

/* Begin PBXNativeTarget section */
		7EC0177013C3754300ABE6E2 /* Stamped */ = {
			isa = PBXNativeTarget;
			buildConfigurationList = 7EC017AE13C3754400ABE6E2 /* Build configuration list for PBXNativeTarget "Stamped" */;
			buildPhases = (
				7EC0176D13C3754300ABE6E2 /* Sources */,
				7EC0176E13C3754300ABE6E2 /* Frameworks */,
				7EC0176F13C3754300ABE6E2 /* Resources */,
			);
			buildRules = (
			);
			dependencies = (
			);
			name = Stamped;
			productName = Stamped;
			productReference = 7EC0177113C3754300ABE6E2 /* Stamped.app */;
			productType = "com.apple.product-type.application";
		};
		7EC0179A13C3754300ABE6E2 /* StampedTests */ = {
			isa = PBXNativeTarget;
			buildConfigurationList = 7EC017B113C3754400ABE6E2 /* Build configuration list for PBXNativeTarget "StampedTests" */;
			buildPhases = (
				7EC0179613C3754300ABE6E2 /* Sources */,
				7EC0179713C3754300ABE6E2 /* Frameworks */,
				7EC0179813C3754300ABE6E2 /* Resources */,
				7EC0179913C3754300ABE6E2 /* ShellScript */,
			);
			buildRules = (
			);
			dependencies = (
				7EC017A013C3754300ABE6E2 /* PBXTargetDependency */,
			);
			name = StampedTests;
			productName = StampedTests;
			productReference = 7EC0179B13C3754300ABE6E2 /* StampedTests.octest */;
			productType = "com.apple.product-type.bundle";
		};
/* End PBXNativeTarget section */

/* Begin PBXProject section */
		7EC0176813C3754300ABE6E2 /* Project object */ = {
			isa = PBXProject;
			buildConfigurationList = 7EC0176B13C3754300ABE6E2 /* Build configuration list for PBXProject "Stamped" */;
			compatibilityVersion = "Xcode 3.2";
			developmentRegion = English;
			hasScannedForEncodings = 0;
			knownRegions = (
				en,
			);
			mainGroup = 7EC0176613C3754300ABE6E2;
			productRefGroup = 7EC0177213C3754300ABE6E2 /* Products */;
			projectDirPath = "";
			projectRoot = "";
			targets = (
				7EC0177013C3754300ABE6E2 /* Stamped */,
				7EC0179A13C3754300ABE6E2 /* StampedTests */,
			);
		};
/* End PBXProject section */

/* Begin PBXResourcesBuildPhase section */
		7EC0176F13C3754300ABE6E2 /* Resources */ = {
			isa = PBXResourcesBuildPhase;
			buildActionMask = 2147483647;
			files = (
				7EC0178013C3754300ABE6E2 /* InfoPlist.strings in Resources */,
				7EC0178913C3754300ABE6E2 /* MainWindow.xib in Resources */,
				7EC0179513C3754300ABE6E2 /* ActivityViewController.xib in Resources */,
				7EFE8F2913C39FA200324F34 /* StampsListViewController.xib in Resources */,
				7EFE8F3413C3AFA300324F34 /* TGLight.otf in Resources */,
				7EFE8F3513C3AFA300324F34 /* TitlingGothicFBComp-Reg.otf in Resources */,
				7EFE8F7D13C3C96D00324F34 /* toolbar_must_do@2x.png in Resources */,
				7EFE8F7E13C3C96D00324F34 /* toolbar_people@2x.png in Resources */,
				7EFE8F7F13C3C96D00324F34 /* toolbar_add_stamp@2x.png in Resources */,
				7EFE8F8013C3C96D00324F34 /* toolbar_activity@2x.png in Resources */,
				7EFE8F8113C3C96D00324F34 /* toolbar_stamps@2x.png in Resources */,
				7EFE8FBF13C4B58500324F34 /* RootTabBarViewController.xib in Resources */,
				7EDE38DC13C4EB27003AEE52 /* StampDetailViewController.xib in Resources */,
				7EAC166F13C547B6009A600A /* app_launcher_icon@2x.png in Resources */,
				7EC6B4C213C64C4300CE83DD /* stamp_data.csv in Resources */,
				7EC6B4CE13C656E700CE83DD /* bart_s_user_image.png in Resources */,
				7EC6B4CF13C656E700CE83DD /* ed_k_user_image.png in Resources */,
				7EC6B4D013C656E700CE83DD /* jake_z_user_image.png in Resources */,
				7EC6B4D113C656E700CE83DD /* jenn_h_user_image.png in Resources */,
				7EC6B4D213C656E700CE83DD /* jennifer_s_user_image.png in Resources */,
				7EC6B4D313C656E700CE83DD /* kevin_p_user_image.png in Resources */,
				7EC6B4D413C656E700CE83DD /* kevin_s_user_image.png in Resources */,
				7EC6B4D513C656E700CE83DD /* robby_s_user_image.png in Resources */,
				7EC6B4D613C656E700CE83DD /* scott_f_user_image.png in Resources */,
				7EC6B4D713C656E700CE83DD /* travis_f_user_image.png in Resources */,
				7E2CECEC13C795840068D576 /* stamp@2x.png in Resources */,
				7E2CECF113C79C530068D576 /* must_do@2x.png in Resources */,
				7E2CECF213C79C530068D576 /* comment@2x.png in Resources */,
				7E2CECF313C79C530068D576 /* share@2x.png in Resources */,
				7E2CED0013C7A1250068D576 /* sort_icon_book_0@2x.png in Resources */,
				7E2CED0113C7A1250068D576 /* sort_icon_book_1@2x.png in Resources */,
				7E2CED0213C7A1250068D576 /* sort_icon_film_0@2x.png in Resources */,
				7E2CED0313C7A1250068D576 /* sort_icon_film_1@2x.png in Resources */,
				7E2CED0413C7A1250068D576 /* sort_icon_more_0@2x.png in Resources */,
				7E2CED0513C7A1250068D576 /* sort_icon_more_1@2x.png in Resources */,
				7E2CED0613C7A1250068D576 /* sort_icon_music_0@2x.png in Resources */,
				7E2CED0713C7A1250068D576 /* sort_icon_music_1@2x.png in Resources */,
				7E2CED0813C7A1250068D576 /* sort_icon_place_0@2x.png in Resources */,
				7E2CED0913C7A1250068D576 /* sort_icon_place_1@2x.png in Resources */,
				7E2CED0A13C7A1250068D576 /* sort_icon_search_0@2x.png in Resources */,
				7E2CED0B13C7A1250068D576 /* sort_icon_search_1@2x.png in Resources */,
				7E2CED1113C7A2F30068D576 /* cat_icon_book@2x.png in Resources */,
				7E2CED1213C7A2F30068D576 /* cat_icon_film@2x.png in Resources */,
				7E2CED1313C7A2F30068D576 /* cat_icon_music@2x.png in Resources */,
				7E2CED1413C7A2F30068D576 /* cat_icon_place@2x.png in Resources */,
				7E2CED2013C7A6C90068D576 /* bart_s_stamp_color@2x.png in Resources */,
				7E2CED2113C7A6C90068D576 /* ed_k_stamp_color@2x.png in Resources */,
				7E2CED2213C7A6C90068D576 /* jake_z_stamp_color@2x.png in Resources */,
				7E2CED2313C7A6C90068D576 /* jenn_h_stamp_color@2x.png in Resources */,
				7E2CED2413C7A6C90068D576 /* jennifer_s_stamp_color@2x.png in Resources */,
				7E2CED2513C7A6C90068D576 /* kevin_p_stamp_color@2x.png in Resources */,
				7E2CED2613C7A6C90068D576 /* kevin_s_stamp_color@2x.png in Resources */,
				7E2CED2713C7A6C90068D576 /* robby_s_stamp_color@2x.png in Resources */,
				7E2CED2813C7A6C90068D576 /* scott_f_stamp_color@2x.png in Resources */,
				7E2CED2913C7A6C90068D576 /* travis_f_stamp_color@2x.png in Resources */,
				7EF1105A13C906AA0059F9BD /* EntityDetailViewController.xib in Resources */,
				7E76129313C926660023CCC4 /* toolbar_bg@2x.png in Resources */,
				7E76129813C930F50023CCC4 /* PlaceDetailViewController.xib in Resources */,
				7E76129A13C9344D0023CCC4 /* cat_icon_other@2x.png in Resources */,
				7E76129C13C938DE0023CCC4 /* main_action_button_bg@2x.png in Resources */,
				7E76129E13C93F1D0023CCC4 /* call_action_button_bg@2x.png in Resources */,
				7E7612A413C940970023CCC4 /* logo_amazon@2x.png in Resources */,
				7E7612A513C940970023CCC4 /* logo_fandango@2x.png in Resources */,
				7E7612A613C940970023CCC4 /* logo_itunes@2x.png in Resources */,
				7E7612A713C940970023CCC4 /* logo_opentable@2x.png in Resources */,
				7E7612B613C95C170023CCC4 /* place_detail@2x.png in Resources */,
				7E7612B813C95C5B0023CCC4 /* map_inner_shadow@2x.png in Resources */,
				7E7612C113C96B380023CCC4 /* BookDetailViewController.xib in Resources */,
				7E514A8A13C9735800EEC598 /* book_detail_fillter@2x.png in Resources */,
				7E514A8D13C977E800EEC598 /* place_detail_filler@2x.png in Resources */,
				7E514A9A13C97A9700EEC598 /* MusicDetailViewController.xib in Resources */,
				7E514A9D13C97E8000EEC598 /* music_detail_filler@2x.png in Resources */,
				7E514AA813C9827000EEC598 /* FilmDetailViewController.xib in Resources */,
				7E514AAA13C9851800EEC598 /* film_detail_filler@2x.png in Resources */,
			);
			runOnlyForDeploymentPostprocessing = 0;
		};
		7EC0179813C3754300ABE6E2 /* Resources */ = {
			isa = PBXResourcesBuildPhase;
			buildActionMask = 2147483647;
			files = (
				7EC017A613C3754400ABE6E2 /* InfoPlist.strings in Resources */,
				7EC017A913C3754400ABE6E2 /* StampedTests.h in Resources */,
			);
			runOnlyForDeploymentPostprocessing = 0;
		};
/* End PBXResourcesBuildPhase section */

/* Begin PBXShellScriptBuildPhase section */
		7EC0179913C3754300ABE6E2 /* ShellScript */ = {
			isa = PBXShellScriptBuildPhase;
			buildActionMask = 2147483647;
			files = (
			);
			inputPaths = (
			);
			outputPaths = (
			);
			runOnlyForDeploymentPostprocessing = 0;
			shellPath = /bin/sh;
			shellScript = "# Run the unit tests in this test bundle.\n\"${SYSTEM_DEVELOPER_DIR}/Tools/RunUnitTests\"\n";
		};
/* End PBXShellScriptBuildPhase section */

/* Begin PBXSourcesBuildPhase section */
		7EC0176D13C3754300ABE6E2 /* Sources */ = {
			isa = PBXSourcesBuildPhase;
			buildActionMask = 2147483647;
			files = (
				7EC0178313C3754300ABE6E2 /* main.m in Sources */,
				7EC0178613C3754300ABE6E2 /* StampedAppDelegate.m in Sources */,
				7EC0178F13C3754300ABE6E2 /* ActivityViewController.m in Sources */,
				7EFE8F2813C39FA200324F34 /* StampsListViewController.m in Sources */,
				7EFE8FBE13C4B58500324F34 /* RootTabBarViewController.m in Sources */,
				7EDE38D013C4D9A7003AEE52 /* STNavigationBar.m in Sources */,
				7EDE38DB13C4EB27003AEE52 /* StampDetailViewController.m in Sources */,
				7EC6B4C013C63DC100CE83DD /* StampEntity.m in Sources */,
				7EF1105913C906AA0059F9BD /* EntityDetailViewController.m in Sources */,
				7E76129713C930F50023CCC4 /* PlaceDetailViewController.m in Sources */,
				7E7612C013C96B380023CCC4 /* BookDetailViewController.m in Sources */,
				7E514A9913C97A9700EEC598 /* MusicDetailViewController.m in Sources */,
				7E514AA713C9827000EEC598 /* FilmDetailViewController.m in Sources */,
			);
			runOnlyForDeploymentPostprocessing = 0;
		};
		7EC0179613C3754300ABE6E2 /* Sources */ = {
			isa = PBXSourcesBuildPhase;
			buildActionMask = 2147483647;
			files = (
				7EC017AB13C3754400ABE6E2 /* StampedTests.m in Sources */,
			);
			runOnlyForDeploymentPostprocessing = 0;
		};
/* End PBXSourcesBuildPhase section */

/* Begin PBXTargetDependency section */
		7EC017A013C3754300ABE6E2 /* PBXTargetDependency */ = {
			isa = PBXTargetDependency;
			target = 7EC0177013C3754300ABE6E2 /* Stamped */;
			targetProxy = 7EC0179F13C3754300ABE6E2 /* PBXContainerItemProxy */;
		};
/* End PBXTargetDependency section */

/* Begin PBXVariantGroup section */
		7EC0177E13C3754300ABE6E2 /* InfoPlist.strings */ = {
			isa = PBXVariantGroup;
			children = (
				7EC0177F13C3754300ABE6E2 /* en */,
			);
			name = InfoPlist.strings;
			sourceTree = "<group>";
		};
		7EC0178713C3754300ABE6E2 /* MainWindow.xib */ = {
			isa = PBXVariantGroup;
			children = (
				7EC0178813C3754300ABE6E2 /* en */,
			);
			name = MainWindow.xib;
			sourceTree = "<group>";
		};
		7EC0179313C3754300ABE6E2 /* ActivityViewController.xib */ = {
			isa = PBXVariantGroup;
			children = (
				7EC0179413C3754300ABE6E2 /* en */,
			);
			name = ActivityViewController.xib;
			sourceTree = "<group>";
		};
		7EC017A413C3754300ABE6E2 /* InfoPlist.strings */ = {
			isa = PBXVariantGroup;
			children = (
				7EC017A513C3754300ABE6E2 /* en */,
			);
			name = InfoPlist.strings;
			sourceTree = "<group>";
		};
/* End PBXVariantGroup section */

/* Begin XCBuildConfiguration section */
		7EC017AC13C3754400ABE6E2 /* Debug */ = {
			isa = XCBuildConfiguration;
			buildSettings = {
				ARCHS = "$(ARCHS_STANDARD_32_BIT)";
				"CODE_SIGN_IDENTITY[sdk=iphoneos*]" = "iPhone Developer";
				GCC_C_LANGUAGE_STANDARD = gnu99;
				GCC_OPTIMIZATION_LEVEL = 0;
				GCC_PREPROCESSOR_DEFINITIONS = DEBUG;
				GCC_SYMBOLS_PRIVATE_EXTERN = NO;
				GCC_VERSION = com.apple.compilers.llvmgcc42;
				GCC_WARN_ABOUT_RETURN_TYPE = YES;
				GCC_WARN_UNUSED_VARIABLE = YES;
				IPHONEOS_DEPLOYMENT_TARGET = 4.3;
				SDKROOT = iphoneos;
			};
			name = Debug;
		};
		7EC017AD13C3754400ABE6E2 /* Release */ = {
			isa = XCBuildConfiguration;
			buildSettings = {
				ARCHS = "$(ARCHS_STANDARD_32_BIT)";
				"CODE_SIGN_IDENTITY[sdk=iphoneos*]" = "iPhone Developer";
				GCC_C_LANGUAGE_STANDARD = gnu99;
				GCC_VERSION = com.apple.compilers.llvmgcc42;
				GCC_WARN_ABOUT_RETURN_TYPE = YES;
				GCC_WARN_UNUSED_VARIABLE = YES;
				IPHONEOS_DEPLOYMENT_TARGET = 4.3;
				OTHER_CFLAGS = "-DNS_BLOCK_ASSERTIONS=1";
				SDKROOT = iphoneos;
			};
			name = Release;
		};
		7EC017AF13C3754400ABE6E2 /* Debug */ = {
			isa = XCBuildConfiguration;
			buildSettings = {
				ALWAYS_SEARCH_USER_PATHS = NO;
				COPY_PHASE_STRIP = NO;
				FRAMEWORK_SEARCH_PATHS = (
					"$(inherited)",
					"\"$(SRCROOT)/Stamped\"",
				);
				GCC_DYNAMIC_NO_PIC = NO;
				GCC_PRECOMPILE_PREFIX_HEADER = YES;
				GCC_PREFIX_HEADER = "Stamped/Stamped-Prefix.pch";
				INFOPLIST_FILE = "Stamped/Stamped-Info.plist";
				PRODUCT_NAME = "$(TARGET_NAME)";
				WRAPPER_EXTENSION = app;
			};
			name = Debug;
		};
		7EC017B013C3754400ABE6E2 /* Release */ = {
			isa = XCBuildConfiguration;
			buildSettings = {
				ALWAYS_SEARCH_USER_PATHS = NO;
				COPY_PHASE_STRIP = YES;
				FRAMEWORK_SEARCH_PATHS = (
					"$(inherited)",
					"\"$(SRCROOT)/Stamped\"",
				);
				GCC_PRECOMPILE_PREFIX_HEADER = YES;
				GCC_PREFIX_HEADER = "Stamped/Stamped-Prefix.pch";
				INFOPLIST_FILE = "Stamped/Stamped-Info.plist";
				PRODUCT_NAME = "$(TARGET_NAME)";
				VALIDATE_PRODUCT = YES;
				WRAPPER_EXTENSION = app;
			};
			name = Release;
		};
		7EC017B213C3754400ABE6E2 /* Debug */ = {
			isa = XCBuildConfiguration;
			buildSettings = {
				ALWAYS_SEARCH_USER_PATHS = NO;
				BUNDLE_LOADER = "$(BUILT_PRODUCTS_DIR)/Stamped.app/Stamped";
				FRAMEWORK_SEARCH_PATHS = (
					"$(SDKROOT)/Developer/Library/Frameworks",
					"$(DEVELOPER_LIBRARY_DIR)/Frameworks",
				);
				GCC_PRECOMPILE_PREFIX_HEADER = YES;
				GCC_PREFIX_HEADER = "StampedTests/StampedTests-Prefix.pch";
				INFOPLIST_FILE = "StampedTests/StampedTests-Info.plist";
				OTHER_LDFLAGS = (
					"-framework",
					SenTestingKit,
				);
				PRODUCT_NAME = "$(TARGET_NAME)";
				TEST_HOST = "$(BUNDLE_LOADER)";
				WRAPPER_EXTENSION = octest;
			};
			name = Debug;
		};
		7EC017B313C3754400ABE6E2 /* Release */ = {
			isa = XCBuildConfiguration;
			buildSettings = {
				ALWAYS_SEARCH_USER_PATHS = NO;
				BUNDLE_LOADER = "$(BUILT_PRODUCTS_DIR)/Stamped.app/Stamped";
				FRAMEWORK_SEARCH_PATHS = (
					"$(SDKROOT)/Developer/Library/Frameworks",
					"$(DEVELOPER_LIBRARY_DIR)/Frameworks",
				);
				GCC_PRECOMPILE_PREFIX_HEADER = YES;
				GCC_PREFIX_HEADER = "StampedTests/StampedTests-Prefix.pch";
				INFOPLIST_FILE = "StampedTests/StampedTests-Info.plist";
				OTHER_LDFLAGS = (
					"-framework",
					SenTestingKit,
				);
				PRODUCT_NAME = "$(TARGET_NAME)";
				TEST_HOST = "$(BUNDLE_LOADER)";
				WRAPPER_EXTENSION = octest;
			};
			name = Release;
		};
/* End XCBuildConfiguration section */

/* Begin XCConfigurationList section */
		7EC0176B13C3754300ABE6E2 /* Build configuration list for PBXProject "Stamped" */ = {
			isa = XCConfigurationList;
			buildConfigurations = (
				7EC017AC13C3754400ABE6E2 /* Debug */,
				7EC017AD13C3754400ABE6E2 /* Release */,
			);
			defaultConfigurationIsVisible = 0;
			defaultConfigurationName = Release;
		};
		7EC017AE13C3754400ABE6E2 /* Build configuration list for PBXNativeTarget "Stamped" */ = {
			isa = XCConfigurationList;
			buildConfigurations = (
				7EC017AF13C3754400ABE6E2 /* Debug */,
				7EC017B013C3754400ABE6E2 /* Release */,
			);
			defaultConfigurationIsVisible = 0;
			defaultConfigurationName = Release;
		};
		7EC017B113C3754400ABE6E2 /* Build configuration list for PBXNativeTarget "StampedTests" */ = {
			isa = XCConfigurationList;
			buildConfigurations = (
				7EC017B213C3754400ABE6E2 /* Debug */,
				7EC017B313C3754400ABE6E2 /* Release */,
			);
			defaultConfigurationIsVisible = 0;
			defaultConfigurationName = Release;
		};
/* End XCConfigurationList section */
	};
	rootObject = 7EC0176813C3754300ABE6E2 /* Project object */;
}
